
Microsoft Visual Studio Solution File, Format Version 12.00
# Visual Studio Version 16
VisualStudioVersion = 16.0.31729.503
MinimumVisualStudioVersion = 10.0.40219.1
Project("{FAE04EC0-301F-11D3-BF4B-00C04F79EFBC}") = "Avalonia.Native", "src\Avalonia.Native\Avalonia.Native.csproj", "{6D1B84EF-D58A-41B1-A442-249FBA9720CD}"
EndProject
Project("{FAE04EC0-301F-11D3-BF4B-00C04F79EFBC}") = "Avalonia.Themes.Default", "src\Avalonia.Themes.Default\Avalonia.Themes.Default.csproj", "{61A4D91B-1C05-444C-B587-353BAA582DF3}"
EndProject
Project("{FAE04EC0-301F-11D3-BF4B-00C04F79EFBC}") = "Avalonia.Themes.Fluent", "src\Avalonia.Themes.Fluent\Avalonia.Themes.Fluent.csproj", "{690B15C0-F622-443E-B793-BDD6AF2DCDB2}"
EndProject
Project("{FAE04EC0-301F-11D3-BF4B-00C04F79EFBC}") = "Avalonia.Win32", "src\Avalonia.Win32\Avalonia.Win32.csproj", "{4A6AD260-611E-4106-8E91-16750DA76A75}"
EndProject
Project("{FAE04EC0-301F-11D3-BF4B-00C04F79EFBC}") = "Avalonia.X11", "src\Avalonia.X11\Avalonia.X11.csproj", "{7B75CDE0-3A5C-4433-A8AF-78431ED8B397}"
EndProject
Global
	GlobalSection(SolutionConfigurationPlatforms) = preSolution
		Debug|Any CPU = Debug|Any CPU
		Release|Any CPU = Release|Any CPU
	EndGlobalSection
	GlobalSection(ProjectConfigurationPlatforms) = postSolution
		{6D1B84EF-D58A-41B1-A442-249FBA9720CD}.Debug|Any CPU.ActiveCfg = Debug|Any CPU
		{6D1B84EF-D58A-41B1-A442-249FBA9720CD}.Debug|Any CPU.Build.0 = Debug|Any CPU
		{6D1B84EF-D58A-41B1-A442-249FBA9720CD}.Release|Any CPU.ActiveCfg = Release|Any CPU
		{6D1B84EF-D58A-41B1-A442-249FBA9720CD}.Release|Any CPU.Build.0 = Release|Any CPU
		{61A4D91B-1C05-444C-B587-353BAA582DF3}.Debug|Any CPU.ActiveCfg = Debug|Any CPU
		{61A4D91B-1C05-444C-B587-353BAA582DF3}.Debug|Any CPU.Build.0 = Debug|Any CPU
		{61A4D91B-1C05-444C-B587-353BAA582DF3}.Release|Any CPU.ActiveCfg = Release|Any CPU
		{61A4D91B-1C05-444C-B587-353BAA582DF3}.Release|Any CPU.Build.0 = Release|Any CPU
		{690B15C0-F622-443E-B793-BDD6AF2DCDB2}.Debug|Any CPU.ActiveCfg = Debug|Any CPU
		{690B15C0-F622-443E-B793-BDD6AF2DCDB2}.Debug|Any CPU.Build.0 = Debug|Any CPU
		{690B15C0-F622-443E-B793-BDD6AF2DCDB2}.Release|Any CPU.ActiveCfg = Release|Any CPU
		{690B15C0-F622-443E-B793-BDD6AF2DCDB2}.Release|Any CPU.Build.0 = Release|Any CPU
		{4A6AD260-611E-4106-8E91-16750DA76A75}.Debug|Any CPU.ActiveCfg = Debug|Any CPU
		{4A6AD260-611E-4106-8E91-16750DA76A75}.Debug|Any CPU.Build.0 = Debug|Any CPU
		{4A6AD260-611E-4106-8E91-16750DA76A75}.Release|Any CPU.ActiveCfg = Release|Any CPU
		{4A6AD260-611E-4106-8E91-16750DA76A75}.Release|Any CPU.Build.0 = Release|Any CPU
		{7B75CDE0-3A5C-4433-A8AF-78431ED8B397}.Debug|Any CPU.ActiveCfg = Debug|Any CPU
		{7B75CDE0-3A5C-4433-A8AF-78431ED8B397}.Debug|Any CPU.Build.0 = Debug|Any CPU
		{7B75CDE0-3A5C-4433-A8AF-78431ED8B397}.Release|Any CPU.ActiveCfg = Release|Any CPU
		{7B75CDE0-3A5C-4433-A8AF-78431ED8B397}.Release|Any CPU.Build.0 = Release|Any CPU
	EndGlobalSection
	GlobalSection(SolutionProperties) = preSolution
		HideSolutionNode = FALSE
	EndGlobalSection
	GlobalSection(ExtensibilityGlobals) = postSolution
		SolutionGuid = {E3C313BF-6EBC-4070-99BC-C86656B6C8CE}
	EndGlobalSection
EndGlobal
