
Microsoft Visual Studio Solution File, Format Version 12.00
# Visual Studio Version 16
VisualStudioVersion = 16.0.31005.135
MinimumVisualStudioVersion = 10.0.40219.1
Project("{9A19103F-16F7-4668-BE54-9A1E7A4F7556}") = "Repositories.sqlite-net-pcl", "src\Repositories.sqlite-net-pcl\Repositories.sqlite-net-pcl.csproj", "{512B0511-41AB-444D-BAD8-E19B7D3B52CB}"
EndProject
Project("{9A19103F-16F7-4668-BE54-9A1E7A4F7556}") = "Common.ClientLib", "src\Common.ClientLib\Common.ClientLib.csproj", "{8B9F2E93-B31B-4BA7-920D-732695A473E6}"
EndProject
Project("{9A19103F-16F7-4668-BE54-9A1E7A4F7556}") = "Common.CoreLib", "src\Common.CoreLib\Common.CoreLib.csproj", "{E7468FDD-75F7-4B08-BA47-B715BBCFCC11}"
EndProject
Project("{2150E333-8FDC-42A3-9474-1A3956D46DE8}") = "0_Common", "0_Common", "{2D44BDCF-B70C-4C02-BDC8-4F1DD5066A75}"
EndProject
Project("{2150E333-8FDC-42A3-9474-1A3956D46DE8}") = "3_SteamTools_Libs", "3_SteamTools_Libs", "{B43459A1-709B-4623-9677-AAC2FEE4FBA3}"
EndProject
Project("{9A19103F-16F7-4668-BE54-9A1E7A4F7556}") = "ST.Services.CloudService.Models", "src\ST.Services.CloudService.Models\ST.Services.CloudService.Models.csproj", "{6CD71E14-5036-4A16-8084-4AD108D34FF7}"
EndProject
Project("{9A19103F-16F7-4668-BE54-9A1E7A4F7556}") = "ST.Services.CloudService", "src\ST.Services.CloudService\ST.Services.CloudService.csproj", "{65DE552F-5E62-4E4F-ADCB-F19AD3DB3F78}"
EndProject
Project("{2150E333-8FDC-42A3-9474-1A3956D46DE8}") = "2_Test", "2_Test", "{EBC9DD0C-F7D0-4A00-B263-E69CF4E194F1}"
EndProject
Project("{9A19103F-16F7-4668-BE54-9A1E7A4F7556}") = "Common.UnitTest", "tests\Common.UnitTest\Common.UnitTest.csproj", "{B9D4C8C7-BF96-417B-A7F8-9A67AE75A38B}"
EndProject
Project("{9A19103F-16F7-4668-BE54-9A1E7A4F7556}") = "ST", "src\ST\ST.csproj", "{66B7BFD6-6D4D-421B-BA5B-915348E53708}"
EndProject
Project("{9A19103F-16F7-4668-BE54-9A1E7A4F7556}") = "ST.Client", "src\ST.Client\ST.Client.csproj", "{0A624994-B0A9-4F1F-B7D0-97FE2929936B}"
EndProject
Project("{9A19103F-16F7-4668-BE54-9A1E7A4F7556}") = "ST.Client.Desktop", "src\ST.Client.Desktop\ST.Client.Desktop.csproj", "{D1F15D97-802E-4AA3-A4A5-B890ABE32897}"
EndProject
Project("{9A19103F-16F7-4668-BE54-9A1E7A4F7556}") = "ST.Client.Desktop.Avalonia.App", "src\ST.Client.Desktop.Avalonia.App\ST.Client.Desktop.Avalonia.App.csproj", "{2FFA5BCE-B3C3-46EA-8830-838C938BF814}"
EndProject
Project("{2150E333-8FDC-42A3-9474-1A3956D46DE8}") = "_Root", "_Root", "{B4B548C1-9AFE-4EBB-96E4-990B57C0A953}"
	ProjectSection(SolutionItems) = preProject
		.gitignore = .gitignore
		Directory.Build.props = Directory.Build.props
		global.json = global.json
		nuget.config = nuget.config
		README.en.md = README.en.md
		README.md = README.md
	EndProjectSection
EndProject
Project("{9A19103F-16F7-4668-BE54-9A1E7A4F7556}") = "ST.Client.Desktop.Avalonia", "src\ST.Client.Desktop.Avalonia\ST.Client.Desktop.Avalonia.csproj", "{4F09B6D1-3F83-45A0-AEC8-0F243E7CD263}"
EndProject
Project("{9A19103F-16F7-4668-BE54-9A1E7A4F7556}") = "ST.Client.Desktop.Mac", "src\ST.Client.Desktop.Mac\ST.Client.Desktop.Mac.csproj", "{948C1EA8-12DB-4F8A-A190-8615DFBD9FE4}"
EndProject
Project("{2150E333-8FDC-42A3-9474-1A3956D46DE8}") = "1_Reference", "1_Reference", "{8EB91F53-1062-4E9B-8E4A-096F35EA688D}"
EndProject
Project("{9A19103F-16F7-4668-BE54-9A1E7A4F7556}") = "Titanium.Web.Proxy", "references\Titanium-Web-Proxy\src\Titanium.Web.Proxy\Titanium.Web.Proxy.csproj", "{35D60129-6652-4B6E-A04A-9766C3CF1869}"
EndProject
Project("{9A19103F-16F7-4668-BE54-9A1E7A4F7556}") = "ST.Client.UnitTest", "tests\ST.Client.UnitTest\ST.Client.UnitTest.csproj", "{8EDF4429-251A-416D-BB68-93F227191BCF}"
EndProject
Project("{9A19103F-16F7-4668-BE54-9A1E7A4F7556}") = "ST.Tools.Translate", "src\ST.Tools.Translate\ST.Tools.Translate.csproj", "{ABAF70E5-A582-4916-B217-6A660BB31D52}"
EndProject
Project("{2150E333-8FDC-42A3-9474-1A3956D46DE8}") = "4_SteamTools_Tools", "4_SteamTools_Tools", "{5A7A506C-4DFF-4941-A9A6-B1182C7D5825}"
EndProject
Project("{9A19103F-16F7-4668-BE54-9A1E7A4F7556}") = "ST.Client.Desktop.Avalonia.Demo.App", "src\ST.Client.Desktop.Avalonia.Demo.App\ST.Client.Desktop.Avalonia.Demo.App.csproj", "{39C26BF0-E5FE-42B1-B011-B7300847DED6}"
EndProject
Global
	GlobalSection(SolutionConfigurationPlatforms) = preSolution
		Debug|Any CPU = Debug|Any CPU
		Debug|iPhone = Debug|iPhone
		Debug|iPhoneSimulator = Debug|iPhoneSimulator
		Debug|x86 = Debug|x86
		Release|Any CPU = Release|Any CPU
		Release|iPhone = Release|iPhone
		Release|iPhoneSimulator = Release|iPhoneSimulator
		Release|x86 = Release|x86
	EndGlobalSection
	GlobalSection(ProjectConfigurationPlatforms) = postSolution
		{512B0511-41AB-444D-BAD8-E19B7D3B52CB}.Debug|Any CPU.ActiveCfg = Debug|Any CPU
		{512B0511-41AB-444D-BAD8-E19B7D3B52CB}.Debug|Any CPU.Build.0 = Debug|Any CPU
		{512B0511-41AB-444D-BAD8-E19B7D3B52CB}.Debug|iPhone.ActiveCfg = Debug|Any CPU
		{512B0511-41AB-444D-BAD8-E19B7D3B52CB}.Debug|iPhone.Build.0 = Debug|Any CPU
		{512B0511-41AB-444D-BAD8-E19B7D3B52CB}.Debug|iPhoneSimulator.ActiveCfg = Debug|Any CPU
		{512B0511-41AB-444D-BAD8-E19B7D3B52CB}.Debug|iPhoneSimulator.Build.0 = Debug|Any CPU
		{512B0511-41AB-444D-BAD8-E19B7D3B52CB}.Debug|x86.ActiveCfg = Debug|Any CPU
		{512B0511-41AB-444D-BAD8-E19B7D3B52CB}.Debug|x86.Build.0 = Debug|Any CPU
		{512B0511-41AB-444D-BAD8-E19B7D3B52CB}.Release|Any CPU.ActiveCfg = Release|Any CPU
		{512B0511-41AB-444D-BAD8-E19B7D3B52CB}.Release|Any CPU.Build.0 = Release|Any CPU
		{512B0511-41AB-444D-BAD8-E19B7D3B52CB}.Release|iPhone.ActiveCfg = Release|Any CPU
		{512B0511-41AB-444D-BAD8-E19B7D3B52CB}.Release|iPhone.Build.0 = Release|Any CPU
		{512B0511-41AB-444D-BAD8-E19B7D3B52CB}.Release|iPhoneSimulator.ActiveCfg = Release|Any CPU
		{512B0511-41AB-444D-BAD8-E19B7D3B52CB}.Release|iPhoneSimulator.Build.0 = Release|Any CPU
		{512B0511-41AB-444D-BAD8-E19B7D3B52CB}.Release|x86.ActiveCfg = Release|Any CPU
		{512B0511-41AB-444D-BAD8-E19B7D3B52CB}.Release|x86.Build.0 = Release|Any CPU
		{8B9F2E93-B31B-4BA7-920D-732695A473E6}.Debug|Any CPU.ActiveCfg = Debug|Any CPU
		{8B9F2E93-B31B-4BA7-920D-732695A473E6}.Debug|Any CPU.Build.0 = Debug|Any CPU
		{8B9F2E93-B31B-4BA7-920D-732695A473E6}.Debug|iPhone.ActiveCfg = Debug|Any CPU
		{8B9F2E93-B31B-4BA7-920D-732695A473E6}.Debug|iPhone.Build.0 = Debug|Any CPU
		{8B9F2E93-B31B-4BA7-920D-732695A473E6}.Debug|iPhoneSimulator.ActiveCfg = Debug|Any CPU
		{8B9F2E93-B31B-4BA7-920D-732695A473E6}.Debug|iPhoneSimulator.Build.0 = Debug|Any CPU
		{8B9F2E93-B31B-4BA7-920D-732695A473E6}.Debug|x86.ActiveCfg = Debug|Any CPU
		{8B9F2E93-B31B-4BA7-920D-732695A473E6}.Debug|x86.Build.0 = Debug|Any CPU
		{8B9F2E93-B31B-4BA7-920D-732695A473E6}.Release|Any CPU.ActiveCfg = Release|Any CPU
		{8B9F2E93-B31B-4BA7-920D-732695A473E6}.Release|Any CPU.Build.0 = Release|Any CPU
		{8B9F2E93-B31B-4BA7-920D-732695A473E6}.Release|iPhone.ActiveCfg = Release|Any CPU
		{8B9F2E93-B31B-4BA7-920D-732695A473E6}.Release|iPhone.Build.0 = Release|Any CPU
		{8B9F2E93-B31B-4BA7-920D-732695A473E6}.Release|iPhoneSimulator.ActiveCfg = Release|Any CPU
		{8B9F2E93-B31B-4BA7-920D-732695A473E6}.Release|iPhoneSimulator.Build.0 = Release|Any CPU
		{8B9F2E93-B31B-4BA7-920D-732695A473E6}.Release|x86.ActiveCfg = Release|Any CPU
		{8B9F2E93-B31B-4BA7-920D-732695A473E6}.Release|x86.Build.0 = Release|Any CPU
		{E7468FDD-75F7-4B08-BA47-B715BBCFCC11}.Debug|Any CPU.ActiveCfg = Debug|Any CPU
		{E7468FDD-75F7-4B08-BA47-B715BBCFCC11}.Debug|Any CPU.Build.0 = Debug|Any CPU
		{E7468FDD-75F7-4B08-BA47-B715BBCFCC11}.Debug|iPhone.ActiveCfg = Debug|Any CPU
		{E7468FDD-75F7-4B08-BA47-B715BBCFCC11}.Debug|iPhone.Build.0 = Debug|Any CPU
		{E7468FDD-75F7-4B08-BA47-B715BBCFCC11}.Debug|iPhoneSimulator.ActiveCfg = Debug|Any CPU
		{E7468FDD-75F7-4B08-BA47-B715BBCFCC11}.Debug|iPhoneSimulator.Build.0 = Debug|Any CPU
		{E7468FDD-75F7-4B08-BA47-B715BBCFCC11}.Debug|x86.ActiveCfg = Debug|Any CPU
		{E7468FDD-75F7-4B08-BA47-B715BBCFCC11}.Debug|x86.Build.0 = Debug|Any CPU
		{E7468FDD-75F7-4B08-BA47-B715BBCFCC11}.Release|Any CPU.ActiveCfg = Release|Any CPU
		{E7468FDD-75F7-4B08-BA47-B715BBCFCC11}.Release|Any CPU.Build.0 = Release|Any CPU
		{E7468FDD-75F7-4B08-BA47-B715BBCFCC11}.Release|iPhone.ActiveCfg = Release|Any CPU
		{E7468FDD-75F7-4B08-BA47-B715BBCFCC11}.Release|iPhone.Build.0 = Release|Any CPU
		{E7468FDD-75F7-4B08-BA47-B715BBCFCC11}.Release|iPhoneSimulator.ActiveCfg = Release|Any CPU
		{E7468FDD-75F7-4B08-BA47-B715BBCFCC11}.Release|iPhoneSimulator.Build.0 = Release|Any CPU
		{E7468FDD-75F7-4B08-BA47-B715BBCFCC11}.Release|x86.ActiveCfg = Release|Any CPU
		{E7468FDD-75F7-4B08-BA47-B715BBCFCC11}.Release|x86.Build.0 = Release|Any CPU
		{7C8D906E-426B-49AB-9072-178555370F62}.Debug|Any CPU.ActiveCfg = Debug|Any CPU
		{7C8D906E-426B-49AB-9072-178555370F62}.Debug|Any CPU.Build.0 = Debug|Any CPU
		{7C8D906E-426B-49AB-9072-178555370F62}.Debug|iPhone.ActiveCfg = Debug|Any CPU
		{7C8D906E-426B-49AB-9072-178555370F62}.Debug|iPhone.Build.0 = Debug|Any CPU
		{7C8D906E-426B-49AB-9072-178555370F62}.Debug|iPhoneSimulator.ActiveCfg = Debug|Any CPU
		{7C8D906E-426B-49AB-9072-178555370F62}.Debug|iPhoneSimulator.Build.0 = Debug|Any CPU
		{7C8D906E-426B-49AB-9072-178555370F62}.Debug|x86.ActiveCfg = Debug|Any CPU
		{7C8D906E-426B-49AB-9072-178555370F62}.Debug|x86.Build.0 = Debug|Any CPU
		{7C8D906E-426B-49AB-9072-178555370F62}.Release|Any CPU.ActiveCfg = Release|Any CPU
		{7C8D906E-426B-49AB-9072-178555370F62}.Release|Any CPU.Build.0 = Release|Any CPU
		{7C8D906E-426B-49AB-9072-178555370F62}.Release|iPhone.ActiveCfg = Release|Any CPU
		{7C8D906E-426B-49AB-9072-178555370F62}.Release|iPhone.Build.0 = Release|Any CPU
		{7C8D906E-426B-49AB-9072-178555370F62}.Release|iPhoneSimulator.ActiveCfg = Release|Any CPU
		{7C8D906E-426B-49AB-9072-178555370F62}.Release|iPhoneSimulator.Build.0 = Release|Any CPU
		{7C8D906E-426B-49AB-9072-178555370F62}.Release|x86.ActiveCfg = Release|Any CPU
		{7C8D906E-426B-49AB-9072-178555370F62}.Release|x86.Build.0 = Release|Any CPU
		{F8F6973C-5831-43D1-89C2-1AD543CE7408}.Debug|Any CPU.ActiveCfg = Debug|Any CPU
		{F8F6973C-5831-43D1-89C2-1AD543CE7408}.Debug|Any CPU.Build.0 = Debug|Any CPU
		{F8F6973C-5831-43D1-89C2-1AD543CE7408}.Debug|iPhone.ActiveCfg = Debug|Any CPU
		{F8F6973C-5831-43D1-89C2-1AD543CE7408}.Debug|iPhone.Build.0 = Debug|Any CPU
		{F8F6973C-5831-43D1-89C2-1AD543CE7408}.Debug|iPhoneSimulator.ActiveCfg = Debug|Any CPU
		{F8F6973C-5831-43D1-89C2-1AD543CE7408}.Debug|iPhoneSimulator.Build.0 = Debug|Any CPU
		{F8F6973C-5831-43D1-89C2-1AD543CE7408}.Debug|x86.ActiveCfg = Debug|Any CPU
		{F8F6973C-5831-43D1-89C2-1AD543CE7408}.Debug|x86.Build.0 = Debug|Any CPU
		{F8F6973C-5831-43D1-89C2-1AD543CE7408}.Release|Any CPU.ActiveCfg = Release|Any CPU
		{F8F6973C-5831-43D1-89C2-1AD543CE7408}.Release|Any CPU.Build.0 = Release|Any CPU
		{F8F6973C-5831-43D1-89C2-1AD543CE7408}.Release|iPhone.ActiveCfg = Release|Any CPU
		{F8F6973C-5831-43D1-89C2-1AD543CE7408}.Release|iPhone.Build.0 = Release|Any CPU
		{F8F6973C-5831-43D1-89C2-1AD543CE7408}.Release|iPhoneSimulator.ActiveCfg = Release|Any CPU
		{F8F6973C-5831-43D1-89C2-1AD543CE7408}.Release|iPhoneSimulator.Build.0 = Release|Any CPU
		{F8F6973C-5831-43D1-89C2-1AD543CE7408}.Release|x86.ActiveCfg = Release|Any CPU
		{F8F6973C-5831-43D1-89C2-1AD543CE7408}.Release|x86.Build.0 = Release|Any CPU
		{6CD71E14-5036-4A16-8084-4AD108D34FF7}.Debug|Any CPU.ActiveCfg = Debug|Any CPU
		{6CD71E14-5036-4A16-8084-4AD108D34FF7}.Debug|Any CPU.Build.0 = Debug|Any CPU
		{6CD71E14-5036-4A16-8084-4AD108D34FF7}.Debug|iPhone.ActiveCfg = Debug|Any CPU
		{6CD71E14-5036-4A16-8084-4AD108D34FF7}.Debug|iPhone.Build.0 = Debug|Any CPU
		{6CD71E14-5036-4A16-8084-4AD108D34FF7}.Debug|iPhoneSimulator.ActiveCfg = Debug|Any CPU
		{6CD71E14-5036-4A16-8084-4AD108D34FF7}.Debug|iPhoneSimulator.Build.0 = Debug|Any CPU
		{6CD71E14-5036-4A16-8084-4AD108D34FF7}.Debug|x86.ActiveCfg = Debug|Any CPU
		{6CD71E14-5036-4A16-8084-4AD108D34FF7}.Debug|x86.Build.0 = Debug|Any CPU
		{6CD71E14-5036-4A16-8084-4AD108D34FF7}.Release|Any CPU.ActiveCfg = Release|Any CPU
		{6CD71E14-5036-4A16-8084-4AD108D34FF7}.Release|Any CPU.Build.0 = Release|Any CPU
		{6CD71E14-5036-4A16-8084-4AD108D34FF7}.Release|iPhone.ActiveCfg = Release|Any CPU
		{6CD71E14-5036-4A16-8084-4AD108D34FF7}.Release|iPhone.Build.0 = Release|Any CPU
		{6CD71E14-5036-4A16-8084-4AD108D34FF7}.Release|iPhoneSimulator.ActiveCfg = Release|Any CPU
		{6CD71E14-5036-4A16-8084-4AD108D34FF7}.Release|iPhoneSimulator.Build.0 = Release|Any CPU
		{6CD71E14-5036-4A16-8084-4AD108D34FF7}.Release|x86.ActiveCfg = Release|Any CPU
		{6CD71E14-5036-4A16-8084-4AD108D34FF7}.Release|x86.Build.0 = Release|Any CPU
		{65DE552F-5E62-4E4F-ADCB-F19AD3DB3F78}.Debug|Any CPU.ActiveCfg = Debug|Any CPU
		{65DE552F-5E62-4E4F-ADCB-F19AD3DB3F78}.Debug|Any CPU.Build.0 = Debug|Any CPU
		{65DE552F-5E62-4E4F-ADCB-F19AD3DB3F78}.Debug|iPhone.ActiveCfg = Debug|Any CPU
		{65DE552F-5E62-4E4F-ADCB-F19AD3DB3F78}.Debug|iPhone.Build.0 = Debug|Any CPU
		{65DE552F-5E62-4E4F-ADCB-F19AD3DB3F78}.Debug|iPhoneSimulator.ActiveCfg = Debug|Any CPU
		{65DE552F-5E62-4E4F-ADCB-F19AD3DB3F78}.Debug|iPhoneSimulator.Build.0 = Debug|Any CPU
		{65DE552F-5E62-4E4F-ADCB-F19AD3DB3F78}.Debug|x86.ActiveCfg = Debug|Any CPU
		{65DE552F-5E62-4E4F-ADCB-F19AD3DB3F78}.Debug|x86.Build.0 = Debug|Any CPU
		{65DE552F-5E62-4E4F-ADCB-F19AD3DB3F78}.Release|Any CPU.ActiveCfg = Release|Any CPU
		{65DE552F-5E62-4E4F-ADCB-F19AD3DB3F78}.Release|Any CPU.Build.0 = Release|Any CPU
		{65DE552F-5E62-4E4F-ADCB-F19AD3DB3F78}.Release|iPhone.ActiveCfg = Release|Any CPU
		{65DE552F-5E62-4E4F-ADCB-F19AD3DB3F78}.Release|iPhone.Build.0 = Release|Any CPU
		{65DE552F-5E62-4E4F-ADCB-F19AD3DB3F78}.Release|iPhoneSimulator.ActiveCfg = Release|Any CPU
		{65DE552F-5E62-4E4F-ADCB-F19AD3DB3F78}.Release|iPhoneSimulator.Build.0 = Release|Any CPU
		{65DE552F-5E62-4E4F-ADCB-F19AD3DB3F78}.Release|x86.ActiveCfg = Release|Any CPU
		{65DE552F-5E62-4E4F-ADCB-F19AD3DB3F78}.Release|x86.Build.0 = Release|Any CPU
		{B9D4C8C7-BF96-417B-A7F8-9A67AE75A38B}.Debug|Any CPU.ActiveCfg = Debug|Any CPU
		{B9D4C8C7-BF96-417B-A7F8-9A67AE75A38B}.Debug|Any CPU.Build.0 = Debug|Any CPU
		{B9D4C8C7-BF96-417B-A7F8-9A67AE75A38B}.Debug|iPhone.ActiveCfg = Debug|Any CPU
		{B9D4C8C7-BF96-417B-A7F8-9A67AE75A38B}.Debug|iPhone.Build.0 = Debug|Any CPU
		{B9D4C8C7-BF96-417B-A7F8-9A67AE75A38B}.Debug|iPhoneSimulator.ActiveCfg = Debug|Any CPU
		{B9D4C8C7-BF96-417B-A7F8-9A67AE75A38B}.Debug|iPhoneSimulator.Build.0 = Debug|Any CPU
		{B9D4C8C7-BF96-417B-A7F8-9A67AE75A38B}.Debug|x86.ActiveCfg = Debug|Any CPU
		{B9D4C8C7-BF96-417B-A7F8-9A67AE75A38B}.Debug|x86.Build.0 = Debug|Any CPU
		{B9D4C8C7-BF96-417B-A7F8-9A67AE75A38B}.Release|Any CPU.ActiveCfg = Release|Any CPU
		{B9D4C8C7-BF96-417B-A7F8-9A67AE75A38B}.Release|Any CPU.Build.0 = Release|Any CPU
		{B9D4C8C7-BF96-417B-A7F8-9A67AE75A38B}.Release|iPhone.ActiveCfg = Release|Any CPU
		{B9D4C8C7-BF96-417B-A7F8-9A67AE75A38B}.Release|iPhone.Build.0 = Release|Any CPU
		{B9D4C8C7-BF96-417B-A7F8-9A67AE75A38B}.Release|iPhoneSimulator.ActiveCfg = Release|Any CPU
		{B9D4C8C7-BF96-417B-A7F8-9A67AE75A38B}.Release|iPhoneSimulator.Build.0 = Release|Any CPU
		{B9D4C8C7-BF96-417B-A7F8-9A67AE75A38B}.Release|x86.ActiveCfg = Release|Any CPU
		{B9D4C8C7-BF96-417B-A7F8-9A67AE75A38B}.Release|x86.Build.0 = Release|Any CPU
		{0073A08E-6336-4C09-99F9-2E808889D715}.Debug|Any CPU.ActiveCfg = Debug|Any CPU
		{0073A08E-6336-4C09-99F9-2E808889D715}.Debug|Any CPU.Build.0 = Debug|Any CPU
		{0073A08E-6336-4C09-99F9-2E808889D715}.Debug|iPhone.ActiveCfg = Debug|Any CPU
		{0073A08E-6336-4C09-99F9-2E808889D715}.Debug|iPhone.Build.0 = Debug|Any CPU
		{0073A08E-6336-4C09-99F9-2E808889D715}.Debug|iPhoneSimulator.ActiveCfg = Debug|Any CPU
		{0073A08E-6336-4C09-99F9-2E808889D715}.Debug|iPhoneSimulator.Build.0 = Debug|Any CPU
		{0073A08E-6336-4C09-99F9-2E808889D715}.Debug|x86.ActiveCfg = Debug|Any CPU
		{0073A08E-6336-4C09-99F9-2E808889D715}.Debug|x86.Build.0 = Debug|Any CPU
		{0073A08E-6336-4C09-99F9-2E808889D715}.Release|Any CPU.ActiveCfg = Release|Any CPU
		{0073A08E-6336-4C09-99F9-2E808889D715}.Release|Any CPU.Build.0 = Release|Any CPU
		{0073A08E-6336-4C09-99F9-2E808889D715}.Release|iPhone.ActiveCfg = Release|Any CPU
		{0073A08E-6336-4C09-99F9-2E808889D715}.Release|iPhone.Build.0 = Release|Any CPU
		{0073A08E-6336-4C09-99F9-2E808889D715}.Release|iPhoneSimulator.ActiveCfg = Release|Any CPU
		{0073A08E-6336-4C09-99F9-2E808889D715}.Release|iPhoneSimulator.Build.0 = Release|Any CPU
		{0073A08E-6336-4C09-99F9-2E808889D715}.Release|x86.ActiveCfg = Release|Any CPU
		{0073A08E-6336-4C09-99F9-2E808889D715}.Release|x86.Build.0 = Release|Any CPU
		{AD7B78B0-AE51-4FB7-9B11-4E22A2B538CA}.Debug|Any CPU.ActiveCfg = Debug|Any CPU
		{AD7B78B0-AE51-4FB7-9B11-4E22A2B538CA}.Debug|Any CPU.Build.0 = Debug|Any CPU
		{AD7B78B0-AE51-4FB7-9B11-4E22A2B538CA}.Debug|Any CPU.Deploy.0 = Debug|Any CPU
		{AD7B78B0-AE51-4FB7-9B11-4E22A2B538CA}.Debug|iPhone.ActiveCfg = Debug|Any CPU
		{AD7B78B0-AE51-4FB7-9B11-4E22A2B538CA}.Debug|iPhone.Build.0 = Debug|Any CPU
		{AD7B78B0-AE51-4FB7-9B11-4E22A2B538CA}.Debug|iPhone.Deploy.0 = Debug|Any CPU
		{AD7B78B0-AE51-4FB7-9B11-4E22A2B538CA}.Debug|iPhoneSimulator.ActiveCfg = Debug|Any CPU
		{AD7B78B0-AE51-4FB7-9B11-4E22A2B538CA}.Debug|iPhoneSimulator.Build.0 = Debug|Any CPU
		{AD7B78B0-AE51-4FB7-9B11-4E22A2B538CA}.Debug|iPhoneSimulator.Deploy.0 = Debug|Any CPU
		{AD7B78B0-AE51-4FB7-9B11-4E22A2B538CA}.Debug|x86.ActiveCfg = Debug|Any CPU
		{AD7B78B0-AE51-4FB7-9B11-4E22A2B538CA}.Debug|x86.Build.0 = Debug|Any CPU
		{AD7B78B0-AE51-4FB7-9B11-4E22A2B538CA}.Debug|x86.Deploy.0 = Debug|Any CPU
		{AD7B78B0-AE51-4FB7-9B11-4E22A2B538CA}.Release|Any CPU.ActiveCfg = Release|Any CPU
		{AD7B78B0-AE51-4FB7-9B11-4E22A2B538CA}.Release|Any CPU.Build.0 = Release|Any CPU
		{AD7B78B0-AE51-4FB7-9B11-4E22A2B538CA}.Release|Any CPU.Deploy.0 = Release|Any CPU
		{AD7B78B0-AE51-4FB7-9B11-4E22A2B538CA}.Release|iPhone.ActiveCfg = Release|Any CPU
		{AD7B78B0-AE51-4FB7-9B11-4E22A2B538CA}.Release|iPhone.Build.0 = Release|Any CPU
		{AD7B78B0-AE51-4FB7-9B11-4E22A2B538CA}.Release|iPhone.Deploy.0 = Release|Any CPU
		{AD7B78B0-AE51-4FB7-9B11-4E22A2B538CA}.Release|iPhoneSimulator.ActiveCfg = Release|Any CPU
		{AD7B78B0-AE51-4FB7-9B11-4E22A2B538CA}.Release|iPhoneSimulator.Build.0 = Release|Any CPU
		{AD7B78B0-AE51-4FB7-9B11-4E22A2B538CA}.Release|iPhoneSimulator.Deploy.0 = Release|Any CPU
		{AD7B78B0-AE51-4FB7-9B11-4E22A2B538CA}.Release|x86.ActiveCfg = Release|Any CPU
		{AD7B78B0-AE51-4FB7-9B11-4E22A2B538CA}.Release|x86.Build.0 = Release|Any CPU
		{AD7B78B0-AE51-4FB7-9B11-4E22A2B538CA}.Release|x86.Deploy.0 = Release|Any CPU
		{66B7BFD6-6D4D-421B-BA5B-915348E53708}.Debug|Any CPU.ActiveCfg = Debug|Any CPU
		{66B7BFD6-6D4D-421B-BA5B-915348E53708}.Debug|Any CPU.Build.0 = Debug|Any CPU
		{66B7BFD6-6D4D-421B-BA5B-915348E53708}.Debug|iPhone.ActiveCfg = Debug|Any CPU
		{66B7BFD6-6D4D-421B-BA5B-915348E53708}.Debug|iPhone.Build.0 = Debug|Any CPU
		{66B7BFD6-6D4D-421B-BA5B-915348E53708}.Debug|iPhoneSimulator.ActiveCfg = Debug|Any CPU
		{66B7BFD6-6D4D-421B-BA5B-915348E53708}.Debug|iPhoneSimulator.Build.0 = Debug|Any CPU
		{66B7BFD6-6D4D-421B-BA5B-915348E53708}.Debug|x86.ActiveCfg = Debug|Any CPU
		{66B7BFD6-6D4D-421B-BA5B-915348E53708}.Debug|x86.Build.0 = Debug|Any CPU
		{66B7BFD6-6D4D-421B-BA5B-915348E53708}.Release|Any CPU.ActiveCfg = Release|Any CPU
		{66B7BFD6-6D4D-421B-BA5B-915348E53708}.Release|Any CPU.Build.0 = Release|Any CPU
		{66B7BFD6-6D4D-421B-BA5B-915348E53708}.Release|iPhone.ActiveCfg = Release|Any CPU
		{66B7BFD6-6D4D-421B-BA5B-915348E53708}.Release|iPhone.Build.0 = Release|Any CPU
		{66B7BFD6-6D4D-421B-BA5B-915348E53708}.Release|iPhoneSimulator.ActiveCfg = Release|Any CPU
		{66B7BFD6-6D4D-421B-BA5B-915348E53708}.Release|iPhoneSimulator.Build.0 = Release|Any CPU
		{66B7BFD6-6D4D-421B-BA5B-915348E53708}.Release|x86.ActiveCfg = Release|Any CPU
		{66B7BFD6-6D4D-421B-BA5B-915348E53708}.Release|x86.Build.0 = Release|Any CPU
		{0A624994-B0A9-4F1F-B7D0-97FE2929936B}.Debug|Any CPU.ActiveCfg = Debug|Any CPU
		{0A624994-B0A9-4F1F-B7D0-97FE2929936B}.Debug|Any CPU.Build.0 = Debug|Any CPU
		{0A624994-B0A9-4F1F-B7D0-97FE2929936B}.Debug|iPhone.ActiveCfg = Debug|Any CPU
		{0A624994-B0A9-4F1F-B7D0-97FE2929936B}.Debug|iPhone.Build.0 = Debug|Any CPU
		{0A624994-B0A9-4F1F-B7D0-97FE2929936B}.Debug|iPhoneSimulator.ActiveCfg = Debug|Any CPU
		{0A624994-B0A9-4F1F-B7D0-97FE2929936B}.Debug|iPhoneSimulator.Build.0 = Debug|Any CPU
		{0A624994-B0A9-4F1F-B7D0-97FE2929936B}.Debug|x86.ActiveCfg = Debug|Any CPU
		{0A624994-B0A9-4F1F-B7D0-97FE2929936B}.Debug|x86.Build.0 = Debug|Any CPU
		{0A624994-B0A9-4F1F-B7D0-97FE2929936B}.Release|Any CPU.ActiveCfg = Release|Any CPU
		{0A624994-B0A9-4F1F-B7D0-97FE2929936B}.Release|Any CPU.Build.0 = Release|Any CPU
		{0A624994-B0A9-4F1F-B7D0-97FE2929936B}.Release|iPhone.ActiveCfg = Release|Any CPU
		{0A624994-B0A9-4F1F-B7D0-97FE2929936B}.Release|iPhone.Build.0 = Release|Any CPU
		{0A624994-B0A9-4F1F-B7D0-97FE2929936B}.Release|iPhoneSimulator.ActiveCfg = Release|Any CPU
		{0A624994-B0A9-4F1F-B7D0-97FE2929936B}.Release|iPhoneSimulator.Build.0 = Release|Any CPU
		{0A624994-B0A9-4F1F-B7D0-97FE2929936B}.Release|x86.ActiveCfg = Release|Any CPU
		{0A624994-B0A9-4F1F-B7D0-97FE2929936B}.Release|x86.Build.0 = Release|Any CPU
		{D1F15D97-802E-4AA3-A4A5-B890ABE32897}.Debug|Any CPU.ActiveCfg = Debug|Any CPU
		{D1F15D97-802E-4AA3-A4A5-B890ABE32897}.Debug|Any CPU.Build.0 = Debug|Any CPU
		{D1F15D97-802E-4AA3-A4A5-B890ABE32897}.Debug|iPhone.ActiveCfg = Debug|Any CPU
		{D1F15D97-802E-4AA3-A4A5-B890ABE32897}.Debug|iPhone.Build.0 = Debug|Any CPU
		{D1F15D97-802E-4AA3-A4A5-B890ABE32897}.Debug|iPhoneSimulator.ActiveCfg = Debug|Any CPU
		{D1F15D97-802E-4AA3-A4A5-B890ABE32897}.Debug|iPhoneSimulator.Build.0 = Debug|Any CPU
		{D1F15D97-802E-4AA3-A4A5-B890ABE32897}.Debug|x86.ActiveCfg = Debug|Any CPU
		{D1F15D97-802E-4AA3-A4A5-B890ABE32897}.Debug|x86.Build.0 = Debug|Any CPU
		{D1F15D97-802E-4AA3-A4A5-B890ABE32897}.Release|Any CPU.ActiveCfg = Release|Any CPU
		{D1F15D97-802E-4AA3-A4A5-B890ABE32897}.Release|Any CPU.Build.0 = Release|Any CPU
		{D1F15D97-802E-4AA3-A4A5-B890ABE32897}.Release|iPhone.ActiveCfg = Release|Any CPU
		{D1F15D97-802E-4AA3-A4A5-B890ABE32897}.Release|iPhone.Build.0 = Release|Any CPU
		{D1F15D97-802E-4AA3-A4A5-B890ABE32897}.Release|iPhoneSimulator.ActiveCfg = Release|Any CPU
		{D1F15D97-802E-4AA3-A4A5-B890ABE32897}.Release|iPhoneSimulator.Build.0 = Release|Any CPU
		{D1F15D97-802E-4AA3-A4A5-B890ABE32897}.Release|x86.ActiveCfg = Release|Any CPU
		{D1F15D97-802E-4AA3-A4A5-B890ABE32897}.Release|x86.Build.0 = Release|Any CPU
		{2FFA5BCE-B3C3-46EA-8830-838C938BF814}.Debug|Any CPU.ActiveCfg = Debug|Any CPU
		{2FFA5BCE-B3C3-46EA-8830-838C938BF814}.Debug|Any CPU.Build.0 = Debug|Any CPU
		{2FFA5BCE-B3C3-46EA-8830-838C938BF814}.Debug|iPhone.ActiveCfg = Debug|Any CPU
		{2FFA5BCE-B3C3-46EA-8830-838C938BF814}.Debug|iPhone.Build.0 = Debug|Any CPU
		{2FFA5BCE-B3C3-46EA-8830-838C938BF814}.Debug|iPhoneSimulator.ActiveCfg = Debug|Any CPU
		{2FFA5BCE-B3C3-46EA-8830-838C938BF814}.Debug|iPhoneSimulator.Build.0 = Debug|Any CPU
		{2FFA5BCE-B3C3-46EA-8830-838C938BF814}.Debug|x86.ActiveCfg = Debug|x86
		{2FFA5BCE-B3C3-46EA-8830-838C938BF814}.Debug|x86.Build.0 = Debug|x86
		{2FFA5BCE-B3C3-46EA-8830-838C938BF814}.Release|Any CPU.ActiveCfg = Release|Any CPU
		{2FFA5BCE-B3C3-46EA-8830-838C938BF814}.Release|Any CPU.Build.0 = Release|Any CPU
		{2FFA5BCE-B3C3-46EA-8830-838C938BF814}.Release|iPhone.ActiveCfg = Release|Any CPU
		{2FFA5BCE-B3C3-46EA-8830-838C938BF814}.Release|iPhone.Build.0 = Release|Any CPU
		{2FFA5BCE-B3C3-46EA-8830-838C938BF814}.Release|iPhoneSimulator.ActiveCfg = Release|Any CPU
		{2FFA5BCE-B3C3-46EA-8830-838C938BF814}.Release|iPhoneSimulator.Build.0 = Release|Any CPU
		{2FFA5BCE-B3C3-46EA-8830-838C938BF814}.Release|x86.ActiveCfg = Release|x86
		{2FFA5BCE-B3C3-46EA-8830-838C938BF814}.Release|x86.Build.0 = Release|x86
		{4F09B6D1-3F83-45A0-AEC8-0F243E7CD263}.Debug|Any CPU.ActiveCfg = Debug|Any CPU
		{4F09B6D1-3F83-45A0-AEC8-0F243E7CD263}.Debug|Any CPU.Build.0 = Debug|Any CPU
		{4F09B6D1-3F83-45A0-AEC8-0F243E7CD263}.Debug|iPhone.ActiveCfg = Debug|Any CPU
		{4F09B6D1-3F83-45A0-AEC8-0F243E7CD263}.Debug|iPhone.Build.0 = Debug|Any CPU
		{4F09B6D1-3F83-45A0-AEC8-0F243E7CD263}.Debug|iPhoneSimulator.ActiveCfg = Debug|Any CPU
		{4F09B6D1-3F83-45A0-AEC8-0F243E7CD263}.Debug|iPhoneSimulator.Build.0 = Debug|Any CPU
		{4F09B6D1-3F83-45A0-AEC8-0F243E7CD263}.Debug|x86.ActiveCfg = Debug|Any CPU
		{4F09B6D1-3F83-45A0-AEC8-0F243E7CD263}.Debug|x86.Build.0 = Debug|Any CPU
		{4F09B6D1-3F83-45A0-AEC8-0F243E7CD263}.Release|Any CPU.ActiveCfg = Release|Any CPU
		{4F09B6D1-3F83-45A0-AEC8-0F243E7CD263}.Release|Any CPU.Build.0 = Release|Any CPU
		{4F09B6D1-3F83-45A0-AEC8-0F243E7CD263}.Release|iPhone.ActiveCfg = Release|Any CPU
		{4F09B6D1-3F83-45A0-AEC8-0F243E7CD263}.Release|iPhone.Build.0 = Release|Any CPU
		{4F09B6D1-3F83-45A0-AEC8-0F243E7CD263}.Release|iPhoneSimulator.ActiveCfg = Release|Any CPU
		{4F09B6D1-3F83-45A0-AEC8-0F243E7CD263}.Release|iPhoneSimulator.Build.0 = Release|Any CPU
		{4F09B6D1-3F83-45A0-AEC8-0F243E7CD263}.Release|x86.ActiveCfg = Release|Any CPU
		{4F09B6D1-3F83-45A0-AEC8-0F243E7CD263}.Release|x86.Build.0 = Release|Any CPU
		{D4CF08F5-8EAB-48FB-AAA3-1A221F7B2A82}.Debug|Any CPU.ActiveCfg = Debug|Any CPU
		{D4CF08F5-8EAB-48FB-AAA3-1A221F7B2A82}.Debug|Any CPU.Build.0 = Debug|Any CPU
		{D4CF08F5-8EAB-48FB-AAA3-1A221F7B2A82}.Debug|iPhone.ActiveCfg = Debug|Any CPU
		{D4CF08F5-8EAB-48FB-AAA3-1A221F7B2A82}.Debug|iPhone.Build.0 = Debug|Any CPU
		{D4CF08F5-8EAB-48FB-AAA3-1A221F7B2A82}.Debug|iPhoneSimulator.ActiveCfg = Debug|Any CPU
		{D4CF08F5-8EAB-48FB-AAA3-1A221F7B2A82}.Debug|iPhoneSimulator.Build.0 = Debug|Any CPU
		{D4CF08F5-8EAB-48FB-AAA3-1A221F7B2A82}.Debug|x86.ActiveCfg = Debug|Any CPU
		{D4CF08F5-8EAB-48FB-AAA3-1A221F7B2A82}.Debug|x86.Build.0 = Debug|Any CPU
		{D4CF08F5-8EAB-48FB-AAA3-1A221F7B2A82}.Release|Any CPU.ActiveCfg = Release|Any CPU
		{D4CF08F5-8EAB-48FB-AAA3-1A221F7B2A82}.Release|Any CPU.Build.0 = Release|Any CPU
		{D4CF08F5-8EAB-48FB-AAA3-1A221F7B2A82}.Release|iPhone.ActiveCfg = Release|Any CPU
		{D4CF08F5-8EAB-48FB-AAA3-1A221F7B2A82}.Release|iPhone.Build.0 = Release|Any CPU
		{D4CF08F5-8EAB-48FB-AAA3-1A221F7B2A82}.Release|iPhoneSimulator.ActiveCfg = Release|Any CPU
		{D4CF08F5-8EAB-48FB-AAA3-1A221F7B2A82}.Release|iPhoneSimulator.Build.0 = Release|Any CPU
		{D4CF08F5-8EAB-48FB-AAA3-1A221F7B2A82}.Release|x86.ActiveCfg = Release|Any CPU
		{D4CF08F5-8EAB-48FB-AAA3-1A221F7B2A82}.Release|x86.Build.0 = Release|Any CPU
		{948C1EA8-12DB-4F8A-A190-8615DFBD9FE4}.Debug|Any CPU.ActiveCfg = Debug|Any CPU
		{948C1EA8-12DB-4F8A-A190-8615DFBD9FE4}.Debug|Any CPU.Build.0 = Debug|Any CPU
		{948C1EA8-12DB-4F8A-A190-8615DFBD9FE4}.Debug|iPhone.ActiveCfg = Debug|Any CPU
		{948C1EA8-12DB-4F8A-A190-8615DFBD9FE4}.Debug|iPhone.Build.0 = Debug|Any CPU
		{948C1EA8-12DB-4F8A-A190-8615DFBD9FE4}.Debug|iPhoneSimulator.ActiveCfg = Debug|Any CPU
		{948C1EA8-12DB-4F8A-A190-8615DFBD9FE4}.Debug|iPhoneSimulator.Build.0 = Debug|Any CPU
		{948C1EA8-12DB-4F8A-A190-8615DFBD9FE4}.Debug|x86.ActiveCfg = Debug|Any CPU
		{948C1EA8-12DB-4F8A-A190-8615DFBD9FE4}.Debug|x86.Build.0 = Debug|Any CPU
		{948C1EA8-12DB-4F8A-A190-8615DFBD9FE4}.Release|Any CPU.ActiveCfg = Release|Any CPU
		{948C1EA8-12DB-4F8A-A190-8615DFBD9FE4}.Release|Any CPU.Build.0 = Release|Any CPU
		{948C1EA8-12DB-4F8A-A190-8615DFBD9FE4}.Release|iPhone.ActiveCfg = Release|Any CPU
		{948C1EA8-12DB-4F8A-A190-8615DFBD9FE4}.Release|iPhone.Build.0 = Release|Any CPU
		{948C1EA8-12DB-4F8A-A190-8615DFBD9FE4}.Release|iPhoneSimulator.ActiveCfg = Release|Any CPU
		{948C1EA8-12DB-4F8A-A190-8615DFBD9FE4}.Release|iPhoneSimulator.Build.0 = Release|Any CPU
		{948C1EA8-12DB-4F8A-A190-8615DFBD9FE4}.Release|x86.ActiveCfg = Release|Any CPU
		{948C1EA8-12DB-4F8A-A190-8615DFBD9FE4}.Release|x86.Build.0 = Release|Any CPU
		{141532E1-540E-4E50-8723-96936C191281}.Debug|Any CPU.ActiveCfg = Debug|Any CPU
		{141532E1-540E-4E50-8723-96936C191281}.Debug|Any CPU.Build.0 = Debug|Any CPU
		{141532E1-540E-4E50-8723-96936C191281}.Debug|iPhone.ActiveCfg = Debug|Any CPU
		{141532E1-540E-4E50-8723-96936C191281}.Debug|iPhone.Build.0 = Debug|Any CPU
		{141532E1-540E-4E50-8723-96936C191281}.Debug|iPhoneSimulator.ActiveCfg = Debug|Any CPU
		{141532E1-540E-4E50-8723-96936C191281}.Debug|iPhoneSimulator.Build.0 = Debug|Any CPU
		{141532E1-540E-4E50-8723-96936C191281}.Debug|x86.ActiveCfg = Debug|Any CPU
		{141532E1-540E-4E50-8723-96936C191281}.Debug|x86.Build.0 = Debug|Any CPU
		{141532E1-540E-4E50-8723-96936C191281}.Release|Any CPU.ActiveCfg = Release|Any CPU
		{141532E1-540E-4E50-8723-96936C191281}.Release|Any CPU.Build.0 = Release|Any CPU
		{141532E1-540E-4E50-8723-96936C191281}.Release|iPhone.ActiveCfg = Release|Any CPU
		{141532E1-540E-4E50-8723-96936C191281}.Release|iPhone.Build.0 = Release|Any CPU
		{141532E1-540E-4E50-8723-96936C191281}.Release|iPhoneSimulator.ActiveCfg = Release|Any CPU
		{141532E1-540E-4E50-8723-96936C191281}.Release|iPhoneSimulator.Build.0 = Release|Any CPU
		{141532E1-540E-4E50-8723-96936C191281}.Release|x86.ActiveCfg = Release|Any CPU
		{141532E1-540E-4E50-8723-96936C191281}.Release|x86.Build.0 = Release|Any CPU
		{60530AF8-4790-4A85-BCE2-C5673E9C601B}.Debug|Any CPU.ActiveCfg = Debug|Any CPU
		{60530AF8-4790-4A85-BCE2-C5673E9C601B}.Debug|Any CPU.Build.0 = Debug|Any CPU
		{60530AF8-4790-4A85-BCE2-C5673E9C601B}.Debug|iPhone.ActiveCfg = Debug|Any CPU
		{60530AF8-4790-4A85-BCE2-C5673E9C601B}.Debug|iPhone.Build.0 = Debug|Any CPU
		{60530AF8-4790-4A85-BCE2-C5673E9C601B}.Debug|iPhoneSimulator.ActiveCfg = Debug|Any CPU
		{60530AF8-4790-4A85-BCE2-C5673E9C601B}.Debug|iPhoneSimulator.Build.0 = Debug|Any CPU
		{60530AF8-4790-4A85-BCE2-C5673E9C601B}.Debug|x86.ActiveCfg = Debug|Any CPU
		{60530AF8-4790-4A85-BCE2-C5673E9C601B}.Debug|x86.Build.0 = Debug|Any CPU
		{60530AF8-4790-4A85-BCE2-C5673E9C601B}.Release|Any CPU.ActiveCfg = Release|Any CPU
		{60530AF8-4790-4A85-BCE2-C5673E9C601B}.Release|Any CPU.Build.0 = Release|Any CPU
		{60530AF8-4790-4A85-BCE2-C5673E9C601B}.Release|iPhone.ActiveCfg = Release|Any CPU
		{60530AF8-4790-4A85-BCE2-C5673E9C601B}.Release|iPhone.Build.0 = Release|Any CPU
		{60530AF8-4790-4A85-BCE2-C5673E9C601B}.Release|iPhoneSimulator.ActiveCfg = Release|Any CPU
		{60530AF8-4790-4A85-BCE2-C5673E9C601B}.Release|iPhoneSimulator.Build.0 = Release|Any CPU
		{60530AF8-4790-4A85-BCE2-C5673E9C601B}.Release|x86.ActiveCfg = Release|Any CPU
		{60530AF8-4790-4A85-BCE2-C5673E9C601B}.Release|x86.Build.0 = Release|Any CPU
		{5A539932-2EB9-40F6-A4C1-94E5ECAB3B34}.Debug|Any CPU.ActiveCfg = Debug|Any CPU
		{5A539932-2EB9-40F6-A4C1-94E5ECAB3B34}.Debug|Any CPU.Build.0 = Debug|Any CPU
		{5A539932-2EB9-40F6-A4C1-94E5ECAB3B34}.Debug|iPhone.ActiveCfg = Debug|Any CPU
		{5A539932-2EB9-40F6-A4C1-94E5ECAB3B34}.Debug|iPhone.Build.0 = Debug|Any CPU
		{5A539932-2EB9-40F6-A4C1-94E5ECAB3B34}.Debug|iPhoneSimulator.ActiveCfg = Debug|Any CPU
		{5A539932-2EB9-40F6-A4C1-94E5ECAB3B34}.Debug|iPhoneSimulator.Build.0 = Debug|Any CPU
		{5A539932-2EB9-40F6-A4C1-94E5ECAB3B34}.Debug|x86.ActiveCfg = Debug|Any CPU
		{5A539932-2EB9-40F6-A4C1-94E5ECAB3B34}.Debug|x86.Build.0 = Debug|Any CPU
		{5A539932-2EB9-40F6-A4C1-94E5ECAB3B34}.Release|Any CPU.ActiveCfg = Release|Any CPU
		{5A539932-2EB9-40F6-A4C1-94E5ECAB3B34}.Release|Any CPU.Build.0 = Release|Any CPU
		{5A539932-2EB9-40F6-A4C1-94E5ECAB3B34}.Release|iPhone.ActiveCfg = Release|Any CPU
		{5A539932-2EB9-40F6-A4C1-94E5ECAB3B34}.Release|iPhone.Build.0 = Release|Any CPU
		{5A539932-2EB9-40F6-A4C1-94E5ECAB3B34}.Release|iPhoneSimulator.ActiveCfg = Release|Any CPU
		{5A539932-2EB9-40F6-A4C1-94E5ECAB3B34}.Release|iPhoneSimulator.Build.0 = Release|Any CPU
		{5A539932-2EB9-40F6-A4C1-94E5ECAB3B34}.Release|x86.ActiveCfg = Release|Any CPU
		{5A539932-2EB9-40F6-A4C1-94E5ECAB3B34}.Release|x86.Build.0 = Release|Any CPU
		{D018C980-17FD-49BB-A95D-EDE3C18BBE0A}.Debug|Any CPU.ActiveCfg = Debug|Any CPU
		{D018C980-17FD-49BB-A95D-EDE3C18BBE0A}.Debug|Any CPU.Build.0 = Debug|Any CPU
		{D018C980-17FD-49BB-A95D-EDE3C18BBE0A}.Debug|iPhone.ActiveCfg = Debug|Any CPU
		{D018C980-17FD-49BB-A95D-EDE3C18BBE0A}.Debug|iPhone.Build.0 = Debug|Any CPU
		{D018C980-17FD-49BB-A95D-EDE3C18BBE0A}.Debug|iPhoneSimulator.ActiveCfg = Debug|Any CPU
		{D018C980-17FD-49BB-A95D-EDE3C18BBE0A}.Debug|iPhoneSimulator.Build.0 = Debug|Any CPU
		{D018C980-17FD-49BB-A95D-EDE3C18BBE0A}.Debug|x86.ActiveCfg = Debug|Any CPU
		{D018C980-17FD-49BB-A95D-EDE3C18BBE0A}.Debug|x86.Build.0 = Debug|Any CPU
		{D018C980-17FD-49BB-A95D-EDE3C18BBE0A}.Release|Any CPU.ActiveCfg = Release|Any CPU
		{D018C980-17FD-49BB-A95D-EDE3C18BBE0A}.Release|Any CPU.Build.0 = Release|Any CPU
		{D018C980-17FD-49BB-A95D-EDE3C18BBE0A}.Release|iPhone.ActiveCfg = Release|Any CPU
		{D018C980-17FD-49BB-A95D-EDE3C18BBE0A}.Release|iPhone.Build.0 = Release|Any CPU
		{D018C980-17FD-49BB-A95D-EDE3C18BBE0A}.Release|iPhoneSimulator.ActiveCfg = Release|Any CPU
		{D018C980-17FD-49BB-A95D-EDE3C18BBE0A}.Release|iPhoneSimulator.Build.0 = Release|Any CPU
		{D018C980-17FD-49BB-A95D-EDE3C18BBE0A}.Release|x86.ActiveCfg = Release|Any CPU
		{D018C980-17FD-49BB-A95D-EDE3C18BBE0A}.Release|x86.Build.0 = Release|Any CPU
		{6DD9644F-F005-4C19-8ADF-70C303EC5BB8}.Debug|Any CPU.ActiveCfg = Debug|x86
		{6DD9644F-F005-4C19-8ADF-70C303EC5BB8}.Debug|Any CPU.Build.0 = Debug|x86
		{6DD9644F-F005-4C19-8ADF-70C303EC5BB8}.Debug|iPhone.ActiveCfg = Debug|x86
		{6DD9644F-F005-4C19-8ADF-70C303EC5BB8}.Debug|iPhoneSimulator.ActiveCfg = Debug|x86
		{6DD9644F-F005-4C19-8ADF-70C303EC5BB8}.Debug|x86.ActiveCfg = Debug|x86
		{6DD9644F-F005-4C19-8ADF-70C303EC5BB8}.Debug|x86.Build.0 = Debug|x86
		{6DD9644F-F005-4C19-8ADF-70C303EC5BB8}.Release|Any CPU.ActiveCfg = Release|x86
		{6DD9644F-F005-4C19-8ADF-70C303EC5BB8}.Release|Any CPU.Build.0 = Release|x86
		{6DD9644F-F005-4C19-8ADF-70C303EC5BB8}.Release|iPhone.ActiveCfg = Release|x86
		{6DD9644F-F005-4C19-8ADF-70C303EC5BB8}.Release|iPhoneSimulator.ActiveCfg = Release|x86
		{6DD9644F-F005-4C19-8ADF-70C303EC5BB8}.Release|x86.ActiveCfg = Release|x86
		{6DD9644F-F005-4C19-8ADF-70C303EC5BB8}.Release|x86.Build.0 = Release|x86
		{3C05CED6-7712-40F0-AF17-8DD3F4C0A224}.Debug|Any CPU.ActiveCfg = Debug|x86
		{3C05CED6-7712-40F0-AF17-8DD3F4C0A224}.Debug|Any CPU.Build.0 = Debug|x86
		{3C05CED6-7712-40F0-AF17-8DD3F4C0A224}.Debug|iPhone.ActiveCfg = Debug|x86
		{3C05CED6-7712-40F0-AF17-8DD3F4C0A224}.Debug|iPhoneSimulator.ActiveCfg = Debug|x86
		{3C05CED6-7712-40F0-AF17-8DD3F4C0A224}.Debug|x86.ActiveCfg = Debug|x86
		{3C05CED6-7712-40F0-AF17-8DD3F4C0A224}.Debug|x86.Build.0 = Debug|x86
		{3C05CED6-7712-40F0-AF17-8DD3F4C0A224}.Release|Any CPU.ActiveCfg = Release|x86
		{3C05CED6-7712-40F0-AF17-8DD3F4C0A224}.Release|Any CPU.Build.0 = Release|x86
		{3C05CED6-7712-40F0-AF17-8DD3F4C0A224}.Release|iPhone.ActiveCfg = Release|x86
		{3C05CED6-7712-40F0-AF17-8DD3F4C0A224}.Release|iPhoneSimulator.ActiveCfg = Release|x86
		{3C05CED6-7712-40F0-AF17-8DD3F4C0A224}.Release|x86.ActiveCfg = Release|x86
		{3C05CED6-7712-40F0-AF17-8DD3F4C0A224}.Release|x86.Build.0 = Release|x86
		{35D60129-6652-4B6E-A04A-9766C3CF1869}.Debug|Any CPU.ActiveCfg = Debug|Any CPU
		{35D60129-6652-4B6E-A04A-9766C3CF1869}.Debug|Any CPU.Build.0 = Debug|Any CPU
		{35D60129-6652-4B6E-A04A-9766C3CF1869}.Debug|iPhone.ActiveCfg = Debug|Any CPU
		{35D60129-6652-4B6E-A04A-9766C3CF1869}.Debug|iPhone.Build.0 = Debug|Any CPU
		{35D60129-6652-4B6E-A04A-9766C3CF1869}.Debug|iPhoneSimulator.ActiveCfg = Debug|Any CPU
		{35D60129-6652-4B6E-A04A-9766C3CF1869}.Debug|iPhoneSimulator.Build.0 = Debug|Any CPU
		{35D60129-6652-4B6E-A04A-9766C3CF1869}.Debug|x86.ActiveCfg = Debug|Any CPU
		{35D60129-6652-4B6E-A04A-9766C3CF1869}.Debug|x86.Build.0 = Debug|Any CPU
		{35D60129-6652-4B6E-A04A-9766C3CF1869}.Release|Any CPU.ActiveCfg = Release|Any CPU
		{35D60129-6652-4B6E-A04A-9766C3CF1869}.Release|Any CPU.Build.0 = Release|Any CPU
		{35D60129-6652-4B6E-A04A-9766C3CF1869}.Release|iPhone.ActiveCfg = Release|Any CPU
		{35D60129-6652-4B6E-A04A-9766C3CF1869}.Release|iPhone.Build.0 = Release|Any CPU
		{35D60129-6652-4B6E-A04A-9766C3CF1869}.Release|iPhoneSimulator.ActiveCfg = Release|Any CPU
		{35D60129-6652-4B6E-A04A-9766C3CF1869}.Release|iPhoneSimulator.Build.0 = Release|Any CPU
		{35D60129-6652-4B6E-A04A-9766C3CF1869}.Release|x86.ActiveCfg = Release|Any CPU
		{35D60129-6652-4B6E-A04A-9766C3CF1869}.Release|x86.Build.0 = Release|Any CPU
		{CF7C2B80-D393-45EA-A67D-DF46FF17B0F8}.Debug|Any CPU.ActiveCfg = Debug|Any CPU
		{CF7C2B80-D393-45EA-A67D-DF46FF17B0F8}.Debug|Any CPU.Build.0 = Debug|Any CPU
		{CF7C2B80-D393-45EA-A67D-DF46FF17B0F8}.Debug|iPhone.ActiveCfg = Debug|Any CPU
		{CF7C2B80-D393-45EA-A67D-DF46FF17B0F8}.Debug|iPhone.Build.0 = Debug|Any CPU
		{CF7C2B80-D393-45EA-A67D-DF46FF17B0F8}.Debug|iPhoneSimulator.ActiveCfg = Debug|Any CPU
		{CF7C2B80-D393-45EA-A67D-DF46FF17B0F8}.Debug|iPhoneSimulator.Build.0 = Debug|Any CPU
		{CF7C2B80-D393-45EA-A67D-DF46FF17B0F8}.Debug|x86.ActiveCfg = Debug|Any CPU
		{CF7C2B80-D393-45EA-A67D-DF46FF17B0F8}.Debug|x86.Build.0 = Debug|Any CPU
		{CF7C2B80-D393-45EA-A67D-DF46FF17B0F8}.Release|Any CPU.ActiveCfg = Release|Any CPU
		{CF7C2B80-D393-45EA-A67D-DF46FF17B0F8}.Release|Any CPU.Build.0 = Release|Any CPU
		{CF7C2B80-D393-45EA-A67D-DF46FF17B0F8}.Release|iPhone.ActiveCfg = Release|Any CPU
		{CF7C2B80-D393-45EA-A67D-DF46FF17B0F8}.Release|iPhone.Build.0 = Release|Any CPU
		{CF7C2B80-D393-45EA-A67D-DF46FF17B0F8}.Release|iPhoneSimulator.ActiveCfg = Release|Any CPU
		{CF7C2B80-D393-45EA-A67D-DF46FF17B0F8}.Release|iPhoneSimulator.Build.0 = Release|Any CPU
		{CF7C2B80-D393-45EA-A67D-DF46FF17B0F8}.Release|x86.ActiveCfg = Release|Any CPU
		{CF7C2B80-D393-45EA-A67D-DF46FF17B0F8}.Release|x86.Build.0 = Release|Any CPU
		{8EDF4429-251A-416D-BB68-93F227191BCF}.Debug|Any CPU.ActiveCfg = Debug|Any CPU
		{8EDF4429-251A-416D-BB68-93F227191BCF}.Debug|Any CPU.Build.0 = Debug|Any CPU
		{8EDF4429-251A-416D-BB68-93F227191BCF}.Debug|iPhone.ActiveCfg = Debug|Any CPU
		{8EDF4429-251A-416D-BB68-93F227191BCF}.Debug|iPhone.Build.0 = Debug|Any CPU
		{8EDF4429-251A-416D-BB68-93F227191BCF}.Debug|iPhoneSimulator.ActiveCfg = Debug|Any CPU
		{8EDF4429-251A-416D-BB68-93F227191BCF}.Debug|iPhoneSimulator.Build.0 = Debug|Any CPU
		{8EDF4429-251A-416D-BB68-93F227191BCF}.Debug|x86.ActiveCfg = Debug|Any CPU
		{8EDF4429-251A-416D-BB68-93F227191BCF}.Debug|x86.Build.0 = Debug|Any CPU
		{8EDF4429-251A-416D-BB68-93F227191BCF}.Release|Any CPU.ActiveCfg = Release|Any CPU
		{8EDF4429-251A-416D-BB68-93F227191BCF}.Release|Any CPU.Build.0 = Release|Any CPU
		{8EDF4429-251A-416D-BB68-93F227191BCF}.Release|iPhone.ActiveCfg = Release|Any CPU
		{8EDF4429-251A-416D-BB68-93F227191BCF}.Release|iPhone.Build.0 = Release|Any CPU
		{8EDF4429-251A-416D-BB68-93F227191BCF}.Release|iPhoneSimulator.ActiveCfg = Release|Any CPU
		{8EDF4429-251A-416D-BB68-93F227191BCF}.Release|iPhoneSimulator.Build.0 = Release|Any CPU
		{8EDF4429-251A-416D-BB68-93F227191BCF}.Release|x86.ActiveCfg = Release|Any CPU
		{8EDF4429-251A-416D-BB68-93F227191BCF}.Release|x86.Build.0 = Release|Any CPU
		{ABAF70E5-A582-4916-B217-6A660BB31D52}.Debug|Any CPU.ActiveCfg = Debug|Any CPU
		{ABAF70E5-A582-4916-B217-6A660BB31D52}.Debug|Any CPU.Build.0 = Debug|Any CPU
		{ABAF70E5-A582-4916-B217-6A660BB31D52}.Debug|iPhone.ActiveCfg = Debug|Any CPU
		{ABAF70E5-A582-4916-B217-6A660BB31D52}.Debug|iPhone.Build.0 = Debug|Any CPU
		{ABAF70E5-A582-4916-B217-6A660BB31D52}.Debug|iPhoneSimulator.ActiveCfg = Debug|Any CPU
		{ABAF70E5-A582-4916-B217-6A660BB31D52}.Debug|iPhoneSimulator.Build.0 = Debug|Any CPU
		{ABAF70E5-A582-4916-B217-6A660BB31D52}.Debug|x86.ActiveCfg = Debug|Any CPU
		{ABAF70E5-A582-4916-B217-6A660BB31D52}.Debug|x86.Build.0 = Debug|Any CPU
		{ABAF70E5-A582-4916-B217-6A660BB31D52}.Release|Any CPU.ActiveCfg = Release|Any CPU
		{ABAF70E5-A582-4916-B217-6A660BB31D52}.Release|Any CPU.Build.0 = Release|Any CPU
		{ABAF70E5-A582-4916-B217-6A660BB31D52}.Release|iPhone.ActiveCfg = Release|Any CPU
		{ABAF70E5-A582-4916-B217-6A660BB31D52}.Release|iPhone.Build.0 = Release|Any CPU
		{ABAF70E5-A582-4916-B217-6A660BB31D52}.Release|iPhoneSimulator.ActiveCfg = Release|Any CPU
		{ABAF70E5-A582-4916-B217-6A660BB31D52}.Release|iPhoneSimulator.Build.0 = Release|Any CPU
		{ABAF70E5-A582-4916-B217-6A660BB31D52}.Release|x86.ActiveCfg = Release|Any CPU
		{ABAF70E5-A582-4916-B217-6A660BB31D52}.Release|x86.Build.0 = Release|Any CPU
		{39C26BF0-E5FE-42B1-B011-B7300847DED6}.Debug|Any CPU.ActiveCfg = Debug|Any CPU
		{39C26BF0-E5FE-42B1-B011-B7300847DED6}.Debug|Any CPU.Build.0 = Debug|Any CPU
		{39C26BF0-E5FE-42B1-B011-B7300847DED6}.Debug|iPhone.ActiveCfg = Debug|Any CPU
		{39C26BF0-E5FE-42B1-B011-B7300847DED6}.Debug|iPhone.Build.0 = Debug|Any CPU
		{39C26BF0-E5FE-42B1-B011-B7300847DED6}.Debug|iPhoneSimulator.ActiveCfg = Debug|Any CPU
		{39C26BF0-E5FE-42B1-B011-B7300847DED6}.Debug|iPhoneSimulator.Build.0 = Debug|Any CPU
		{39C26BF0-E5FE-42B1-B011-B7300847DED6}.Debug|x86.ActiveCfg = Debug|Any CPU
		{39C26BF0-E5FE-42B1-B011-B7300847DED6}.Debug|x86.Build.0 = Debug|Any CPU
		{39C26BF0-E5FE-42B1-B011-B7300847DED6}.Release|Any CPU.ActiveCfg = Release|Any CPU
		{39C26BF0-E5FE-42B1-B011-B7300847DED6}.Release|Any CPU.Build.0 = Release|Any CPU
		{39C26BF0-E5FE-42B1-B011-B7300847DED6}.Release|iPhone.ActiveCfg = Release|Any CPU
		{39C26BF0-E5FE-42B1-B011-B7300847DED6}.Release|iPhone.Build.0 = Release|Any CPU
		{39C26BF0-E5FE-42B1-B011-B7300847DED6}.Release|iPhoneSimulator.ActiveCfg = Release|Any CPU
		{39C26BF0-E5FE-42B1-B011-B7300847DED6}.Release|iPhoneSimulator.Build.0 = Release|Any CPU
		{39C26BF0-E5FE-42B1-B011-B7300847DED6}.Release|x86.ActiveCfg = Release|Any CPU
		{39C26BF0-E5FE-42B1-B011-B7300847DED6}.Release|x86.Build.0 = Release|Any CPU
		{64F63608-1390-41D1-8568-F4E05AE35E75}.Debug|Any CPU.ActiveCfg = Debug|Any CPU
		{64F63608-1390-41D1-8568-F4E05AE35E75}.Debug|Any CPU.Build.0 = Debug|Any CPU
		{64F63608-1390-41D1-8568-F4E05AE35E75}.Debug|iPhone.ActiveCfg = Debug|Any CPU
		{64F63608-1390-41D1-8568-F4E05AE35E75}.Debug|iPhone.Build.0 = Debug|Any CPU
		{64F63608-1390-41D1-8568-F4E05AE35E75}.Debug|iPhoneSimulator.ActiveCfg = Debug|Any CPU
		{64F63608-1390-41D1-8568-F4E05AE35E75}.Debug|iPhoneSimulator.Build.0 = Debug|Any CPU
		{64F63608-1390-41D1-8568-F4E05AE35E75}.Debug|x86.ActiveCfg = Debug|Any CPU
		{64F63608-1390-41D1-8568-F4E05AE35E75}.Debug|x86.Build.0 = Debug|Any CPU
		{64F63608-1390-41D1-8568-F4E05AE35E75}.Release|Any CPU.ActiveCfg = Release|Any CPU
		{64F63608-1390-41D1-8568-F4E05AE35E75}.Release|Any CPU.Build.0 = Release|Any CPU
		{64F63608-1390-41D1-8568-F4E05AE35E75}.Release|iPhone.ActiveCfg = Release|Any CPU
		{64F63608-1390-41D1-8568-F4E05AE35E75}.Release|iPhone.Build.0 = Release|Any CPU
		{64F63608-1390-41D1-8568-F4E05AE35E75}.Release|iPhoneSimulator.ActiveCfg = Release|Any CPU
		{64F63608-1390-41D1-8568-F4E05AE35E75}.Release|iPhoneSimulator.Build.0 = Release|Any CPU
		{64F63608-1390-41D1-8568-F4E05AE35E75}.Release|x86.ActiveCfg = Release|Any CPU
		{64F63608-1390-41D1-8568-F4E05AE35E75}.Release|x86.Build.0 = Release|Any CPU
		{A040865C-FA5F-486A-9CC9-96CF34859FBD}.Debug|Any CPU.ActiveCfg = Debug|Any CPU
		{A040865C-FA5F-486A-9CC9-96CF34859FBD}.Debug|Any CPU.Build.0 = Debug|Any CPU
		{A040865C-FA5F-486A-9CC9-96CF34859FBD}.Debug|iPhone.ActiveCfg = Debug|Any CPU
		{A040865C-FA5F-486A-9CC9-96CF34859FBD}.Debug|iPhone.Build.0 = Debug|Any CPU
		{A040865C-FA5F-486A-9CC9-96CF34859FBD}.Debug|iPhoneSimulator.ActiveCfg = Debug|Any CPU
		{A040865C-FA5F-486A-9CC9-96CF34859FBD}.Debug|iPhoneSimulator.Build.0 = Debug|Any CPU
		{A040865C-FA5F-486A-9CC9-96CF34859FBD}.Debug|x86.ActiveCfg = Debug|Any CPU
		{A040865C-FA5F-486A-9CC9-96CF34859FBD}.Debug|x86.Build.0 = Debug|Any CPU
		{A040865C-FA5F-486A-9CC9-96CF34859FBD}.Release|Any CPU.ActiveCfg = Release|Any CPU
		{A040865C-FA5F-486A-9CC9-96CF34859FBD}.Release|Any CPU.Build.0 = Release|Any CPU
		{A040865C-FA5F-486A-9CC9-96CF34859FBD}.Release|iPhone.ActiveCfg = Release|Any CPU
		{A040865C-FA5F-486A-9CC9-96CF34859FBD}.Release|iPhone.Build.0 = Release|Any CPU
		{A040865C-FA5F-486A-9CC9-96CF34859FBD}.Release|iPhoneSimulator.ActiveCfg = Release|Any CPU
		{A040865C-FA5F-486A-9CC9-96CF34859FBD}.Release|iPhoneSimulator.Build.0 = Release|Any CPU
		{A040865C-FA5F-486A-9CC9-96CF34859FBD}.Release|x86.ActiveCfg = Release|Any CPU
		{A040865C-FA5F-486A-9CC9-96CF34859FBD}.Release|x86.Build.0 = Release|Any CPU
		{1B8B3C1D-8095-44F2-8106-46A69D5ECF94}.Debug|Any CPU.ActiveCfg = Debug|Any CPU
		{1B8B3C1D-8095-44F2-8106-46A69D5ECF94}.Debug|Any CPU.Build.0 = Debug|Any CPU
		{1B8B3C1D-8095-44F2-8106-46A69D5ECF94}.Debug|iPhone.ActiveCfg = Debug|Any CPU
		{1B8B3C1D-8095-44F2-8106-46A69D5ECF94}.Debug|iPhone.Build.0 = Debug|Any CPU
		{1B8B3C1D-8095-44F2-8106-46A69D5ECF94}.Debug|iPhoneSimulator.ActiveCfg = Debug|Any CPU
		{1B8B3C1D-8095-44F2-8106-46A69D5ECF94}.Debug|iPhoneSimulator.Build.0 = Debug|Any CPU
		{1B8B3C1D-8095-44F2-8106-46A69D5ECF94}.Debug|x86.ActiveCfg = Debug|Any CPU
		{1B8B3C1D-8095-44F2-8106-46A69D5ECF94}.Debug|x86.Build.0 = Debug|Any CPU
		{1B8B3C1D-8095-44F2-8106-46A69D5ECF94}.Release|Any CPU.ActiveCfg = Release|Any CPU
		{1B8B3C1D-8095-44F2-8106-46A69D5ECF94}.Release|Any CPU.Build.0 = Release|Any CPU
		{1B8B3C1D-8095-44F2-8106-46A69D5ECF94}.Release|iPhone.ActiveCfg = Release|Any CPU
		{1B8B3C1D-8095-44F2-8106-46A69D5ECF94}.Release|iPhone.Build.0 = Release|Any CPU
		{1B8B3C1D-8095-44F2-8106-46A69D5ECF94}.Release|iPhoneSimulator.ActiveCfg = Release|Any CPU
		{1B8B3C1D-8095-44F2-8106-46A69D5ECF94}.Release|iPhoneSimulator.Build.0 = Release|Any CPU
		{1B8B3C1D-8095-44F2-8106-46A69D5ECF94}.Release|x86.ActiveCfg = Release|Any CPU
		{1B8B3C1D-8095-44F2-8106-46A69D5ECF94}.Release|x86.Build.0 = Release|Any CPU
		{B355E372-27D2-4217-A129-D3355573681F}.Debug|Any CPU.ActiveCfg = Debug|Any CPU
		{B355E372-27D2-4217-A129-D3355573681F}.Debug|Any CPU.Build.0 = Debug|Any CPU
		{B355E372-27D2-4217-A129-D3355573681F}.Debug|Any CPU.Deploy.0 = Debug|Any CPU
		{B355E372-27D2-4217-A129-D3355573681F}.Debug|iPhone.ActiveCfg = Debug|Any CPU
		{B355E372-27D2-4217-A129-D3355573681F}.Debug|iPhone.Build.0 = Debug|Any CPU
		{B355E372-27D2-4217-A129-D3355573681F}.Debug|iPhone.Deploy.0 = Debug|Any CPU
		{B355E372-27D2-4217-A129-D3355573681F}.Debug|iPhoneSimulator.ActiveCfg = Debug|Any CPU
		{B355E372-27D2-4217-A129-D3355573681F}.Debug|iPhoneSimulator.Build.0 = Debug|Any CPU
		{B355E372-27D2-4217-A129-D3355573681F}.Debug|iPhoneSimulator.Deploy.0 = Debug|Any CPU
		{B355E372-27D2-4217-A129-D3355573681F}.Debug|x86.ActiveCfg = Debug|Any CPU
		{B355E372-27D2-4217-A129-D3355573681F}.Debug|x86.Build.0 = Debug|Any CPU
		{B355E372-27D2-4217-A129-D3355573681F}.Debug|x86.Deploy.0 = Debug|Any CPU
		{B355E372-27D2-4217-A129-D3355573681F}.Release|Any CPU.ActiveCfg = Release|Any CPU
		{B355E372-27D2-4217-A129-D3355573681F}.Release|Any CPU.Build.0 = Release|Any CPU
		{B355E372-27D2-4217-A129-D3355573681F}.Release|Any CPU.Deploy.0 = Release|Any CPU
		{B355E372-27D2-4217-A129-D3355573681F}.Release|iPhone.ActiveCfg = Release|Any CPU
		{B355E372-27D2-4217-A129-D3355573681F}.Release|iPhone.Build.0 = Release|Any CPU
		{B355E372-27D2-4217-A129-D3355573681F}.Release|iPhone.Deploy.0 = Release|Any CPU
		{B355E372-27D2-4217-A129-D3355573681F}.Release|iPhoneSimulator.ActiveCfg = Release|Any CPU
		{B355E372-27D2-4217-A129-D3355573681F}.Release|iPhoneSimulator.Build.0 = Release|Any CPU
		{B355E372-27D2-4217-A129-D3355573681F}.Release|iPhoneSimulator.Deploy.0 = Release|Any CPU
		{B355E372-27D2-4217-A129-D3355573681F}.Release|x86.ActiveCfg = Release|Any CPU
		{B355E372-27D2-4217-A129-D3355573681F}.Release|x86.Build.0 = Release|Any CPU
		{B355E372-27D2-4217-A129-D3355573681F}.Release|x86.Deploy.0 = Release|Any CPU
		{AFC828ED-21EE-4FD4-A40D-FEFED5EED4EA}.Debug|Any CPU.ActiveCfg = Debug|iPhoneSimulator
		{AFC828ED-21EE-4FD4-A40D-FEFED5EED4EA}.Debug|iPhone.ActiveCfg = Debug|iPhone
		{AFC828ED-21EE-4FD4-A40D-FEFED5EED4EA}.Debug|iPhone.Build.0 = Debug|iPhone
		{AFC828ED-21EE-4FD4-A40D-FEFED5EED4EA}.Debug|iPhoneSimulator.ActiveCfg = Debug|iPhoneSimulator
		{AFC828ED-21EE-4FD4-A40D-FEFED5EED4EA}.Debug|iPhoneSimulator.Build.0 = Debug|iPhoneSimulator
		{AFC828ED-21EE-4FD4-A40D-FEFED5EED4EA}.Debug|x86.ActiveCfg = Debug|iPhoneSimulator
		{AFC828ED-21EE-4FD4-A40D-FEFED5EED4EA}.Release|Any CPU.ActiveCfg = Release|iPhoneSimulator
		{AFC828ED-21EE-4FD4-A40D-FEFED5EED4EA}.Release|iPhone.ActiveCfg = Release|iPhone
		{AFC828ED-21EE-4FD4-A40D-FEFED5EED4EA}.Release|iPhone.Build.0 = Release|iPhone
		{AFC828ED-21EE-4FD4-A40D-FEFED5EED4EA}.Release|iPhoneSimulator.ActiveCfg = Release|iPhoneSimulator
		{AFC828ED-21EE-4FD4-A40D-FEFED5EED4EA}.Release|iPhoneSimulator.Build.0 = Release|iPhoneSimulator
		{AFC828ED-21EE-4FD4-A40D-FEFED5EED4EA}.Release|x86.ActiveCfg = Release|iPhoneSimulator
	EndGlobalSection
	GlobalSection(SolutionProperties) = preSolution
		HideSolutionNode = FALSE
	EndGlobalSection
	GlobalSection(NestedProjects) = preSolution
		{512B0511-41AB-444D-BAD8-E19B7D3B52CB} = {2D44BDCF-B70C-4C02-BDC8-4F1DD5066A75}
		{8B9F2E93-B31B-4BA7-920D-732695A473E6} = {2D44BDCF-B70C-4C02-BDC8-4F1DD5066A75}
		{E7468FDD-75F7-4B08-BA47-B715BBCFCC11} = {2D44BDCF-B70C-4C02-BDC8-4F1DD5066A75}
		{7C8D906E-426B-49AB-9072-178555370F62} = {2D44BDCF-B70C-4C02-BDC8-4F1DD5066A75}
		{F8F6973C-5831-43D1-89C2-1AD543CE7408} = {2D44BDCF-B70C-4C02-BDC8-4F1DD5066A75}
		{6CD71E14-5036-4A16-8084-4AD108D34FF7} = {B43459A1-709B-4623-9677-AAC2FEE4FBA3}
		{65DE552F-5E62-4E4F-ADCB-F19AD3DB3F78} = {B43459A1-709B-4623-9677-AAC2FEE4FBA3}
		{B9D4C8C7-BF96-417B-A7F8-9A67AE75A38B} = {EBC9DD0C-F7D0-4A00-B263-E69CF4E194F1}
		{0073A08E-6336-4C09-99F9-2E808889D715} = {EBC9DD0C-F7D0-4A00-B263-E69CF4E194F1}
		{AD7B78B0-AE51-4FB7-9B11-4E22A2B538CA} = {EBC9DD0C-F7D0-4A00-B263-E69CF4E194F1}
		{66B7BFD6-6D4D-421B-BA5B-915348E53708} = {B43459A1-709B-4623-9677-AAC2FEE4FBA3}
		{0A624994-B0A9-4F1F-B7D0-97FE2929936B} = {B43459A1-709B-4623-9677-AAC2FEE4FBA3}
		{D1F15D97-802E-4AA3-A4A5-B890ABE32897} = {B43459A1-709B-4623-9677-AAC2FEE4FBA3}
		{4F09B6D1-3F83-45A0-AEC8-0F243E7CD263} = {B43459A1-709B-4623-9677-AAC2FEE4FBA3}
		{D4CF08F5-8EAB-48FB-AAA3-1A221F7B2A82} = {B43459A1-709B-4623-9677-AAC2FEE4FBA3}
		{948C1EA8-12DB-4F8A-A190-8615DFBD9FE4} = {B43459A1-709B-4623-9677-AAC2FEE4FBA3}
		{141532E1-540E-4E50-8723-96936C191281} = {B43459A1-709B-4623-9677-AAC2FEE4FBA3}
		{60530AF8-4790-4A85-BCE2-C5673E9C601B} = {5A7A506C-4DFF-4941-A9A6-B1182C7D5825}
		{5A539932-2EB9-40F6-A4C1-94E5ECAB3B34} = {5A7A506C-4DFF-4941-A9A6-B1182C7D5825}
		{D018C980-17FD-49BB-A95D-EDE3C18BBE0A} = {8EB91F53-1062-4E9B-8E4A-096F35EA688D}
		{6DD9644F-F005-4C19-8ADF-70C303EC5BB8} = {8EB91F53-1062-4E9B-8E4A-096F35EA688D}
		{3C05CED6-7712-40F0-AF17-8DD3F4C0A224} = {8EB91F53-1062-4E9B-8E4A-096F35EA688D}
		{35D60129-6652-4B6E-A04A-9766C3CF1869} = {8EB91F53-1062-4E9B-8E4A-096F35EA688D}
		{CF7C2B80-D393-45EA-A67D-DF46FF17B0F8} = {5A7A506C-4DFF-4941-A9A6-B1182C7D5825}
		{8EDF4429-251A-416D-BB68-93F227191BCF} = {EBC9DD0C-F7D0-4A00-B263-E69CF4E194F1}
		{ABAF70E5-A582-4916-B217-6A660BB31D52} = {5A7A506C-4DFF-4941-A9A6-B1182C7D5825}
		{64F63608-1390-41D1-8568-F4E05AE35E75} = {B43459A1-709B-4623-9677-AAC2FEE4FBA3}
		{A040865C-FA5F-486A-9CC9-96CF34859FBD} = {B43459A1-709B-4623-9677-AAC2FEE4FBA3}
		{1B8B3C1D-8095-44F2-8106-46A69D5ECF94} = {B43459A1-709B-4623-9677-AAC2FEE4FBA3}
	EndGlobalSection
	GlobalSection(ExtensibilityGlobals) = postSolution
		SolutionGuid = {3833E7C5-69BC-4CB3-92CE-A8854AA35D8A}
	EndGlobalSection
EndGlobal
