Microsoft Visual Studio Solution File, Format Version 12.00
# Visual Studio Version 16
VisualStudioVersion = 16.0.31005.135
MinimumVisualStudioVersion = 10.0.40219.1
Project("{9A19103F-16F7-4668-BE54-9A1E7A4F7556}") = "ST.Blazor.BackManage.Server", "src\ST.Blazor.BackManage\Server\ST.Blazor.BackManage.Server.csproj", "{7A8C458A-DF0B-4B20-BCBF-A433B6F6046A}"
EndProject
Project("{9A19103F-16F7-4668-BE54-9A1E7A4F7556}") = "ST.Blazor.BackManage.Client", "src\ST.Blazor.BackManage\Client\ST.Blazor.BackManage.Client.csproj", "{AB1EB396-ABBE-4CEA-A650-950A68440391}"
EndProject
Project("{2150E333-8FDC-42A3-9474-1A3956D46DE8}") = "_Root", "_Root", "{3449FCD6-B7EB-40DF-A76A-6E22A8FB3A2F}"
	ProjectSection(SolutionItems) = preProject
		src\ST.Blazor.BackManage\README.md = src\ST.Blazor.BackManage\README.md
	EndProjectSection
EndProject
Global
	GlobalSection(SolutionConfigurationPlatforms) = preSolution
		Debug|Any CPU = Debug|Any CPU
		Debug|x64 = Debug|x64
		Debug|x86 = Debug|x86
		Release|Any CPU = Release|Any CPU
		Release|x64 = Release|x64
		Release|x86 = Release|x86
	EndGlobalSection
	GlobalSection(ProjectConfigurationPlatforms) = postSolution
		{7A8C458A-DF0B-4B20-BCBF-A433B6F6046A}.Debug|Any CPU.ActiveCfg = Debug|Any CPU
		{7A8C458A-DF0B-4B20-BCBF-A433B6F6046A}.Debug|Any CPU.Build.0 = Debug|Any CPU
		{7A8C458A-DF0B-4B20-BCBF-A433B6F6046A}.Debug|x64.ActiveCfg = Debug|Any CPU
		{7A8C458A-DF0B-4B20-BCBF-A433B6F6046A}.Debug|x64.Build.0 = Debug|Any CPU
		{7A8C458A-DF0B-4B20-BCBF-A433B6F6046A}.Debug|x86.ActiveCfg = Debug|Any CPU
		{7A8C458A-DF0B-4B20-BCBF-A433B6F6046A}.Debug|x86.Build.0 = Debug|Any CPU
		{7A8C458A-DF0B-4B20-BCBF-A433B6F6046A}.Release|Any CPU.ActiveCfg = Release|Any CPU
		{7A8C458A-DF0B-4B20-BCBF-A433B6F6046A}.Release|Any CPU.Build.0 = Release|Any CPU
		{7A8C458A-DF0B-4B20-BCBF-A433B6F6046A}.Release|x64.ActiveCfg = Release|Any CPU
		{7A8C458A-DF0B-4B20-BCBF-A433B6F6046A}.Release|x64.Build.0 = Release|Any CPU
		{7A8C458A-DF0B-4B20-BCBF-A433B6F6046A}.Release|x86.ActiveCfg = Release|Any CPU
		{7A8C458A-DF0B-4B20-BCBF-A433B6F6046A}.Release|x86.Build.0 = Release|Any CPU
		{AB1EB396-ABBE-4CEA-A650-950A68440391}.Debug|Any CPU.ActiveCfg = Debug|Any CPU
		{AB1EB396-ABBE-4CEA-A650-950A68440391}.Debug|Any CPU.Build.0 = Debug|Any CPU
		{AB1EB396-ABBE-4CEA-A650-950A68440391}.Debug|x64.ActiveCfg = Debug|Any CPU
		{AB1EB396-ABBE-4CEA-A650-950A68440391}.Debug|x64.Build.0 = Debug|Any CPU
		{AB1EB396-ABBE-4CEA-A650-950A68440391}.Debug|x86.ActiveCfg = Debug|Any CPU
		{AB1EB396-ABBE-4CEA-A650-950A68440391}.Debug|x86.Build.0 = Debug|Any CPU
		{AB1EB396-ABBE-4CEA-A650-950A68440391}.Release|Any CPU.ActiveCfg = Release|Any CPU
		{AB1EB396-ABBE-4CEA-A650-950A68440391}.Release|Any CPU.Build.0 = Release|Any CPU
		{AB1EB396-ABBE-4CEA-A650-950A68440391}.Release|x64.ActiveCfg = Release|Any CPU
		{AB1EB396-ABBE-4CEA-A650-950A68440391}.Release|x64.Build.0 = Release|Any CPU
		{AB1EB396-ABBE-4CEA-A650-950A68440391}.Release|x86.ActiveCfg = Release|Any CPU
		{AB1EB396-ABBE-4CEA-A650-950A68440391}.Release|x86.Build.0 = Release|Any CPU
	EndGlobalSection
	GlobalSection(SolutionProperties) = preSolution
		HideSolutionNode = FALSE
	EndGlobalSection
	GlobalSection(ExtensibilityGlobals) = postSolution
		SolutionGuid = {10D95A49-D583-49CD-8224-15A402FBEE1D}
	EndGlobalSection
EndGlobal
