
Microsoft Visual Studio Solution File, Format Version 12.00
# Visual Studio Version 16
VisualStudioVersion = 16.0.30114.105
MinimumVisualStudioVersion = 10.0.40219.1
Project("{2150E333-8FDC-42A3-9474-1A3956D46DE8}") = "UI", "UI", "{45E5B6B2-0A6D-4D57-804B-7B8313145B62}"
EndProject
Project("{2150E333-8FDC-42A3-9474-1A3956D46DE8}") = "Core", "Core", "{350F425C-AF5A-4ED2-BDDC-B905A4E63A14}"
EndProject
Project("{9A19103F-16F7-4668-BE54-9A1E7A4F7556}") = "SteamTool.Proxy", "SteamTool.Proxy\SteamTool.Proxy.csproj", "{A70C148D-042C-48DA-9963-0B777FC60215}"
EndProject
Project("{2150E333-8FDC-42A3-9474-1A3956D46DE8}") = "Composition", "Composition", "{F62E508E-B374-4149-B9AC-0A8090AA6CD1}"
EndProject
Project("{9A19103F-16F7-4668-BE54-9A1E7A4F7556}") = "SteamTool.Steam.Service", "SteamTools.Steam.Service\SteamTool.Steam.Service.csproj", "{2A155A7B-3DFD-4F16-929D-9693D2411B83}"
EndProject
Project("{9A19103F-16F7-4668-BE54-9A1E7A4F7556}") = "SteamTool.Core", "SteamTool.Core\SteamTool.Core.csproj", "{23E26040-19A5-4623-8863-B9ED539403B0}"
EndProject
Project("{9A19103F-16F7-4668-BE54-9A1E7A4F7556}") = "SteamTools", "SteamTools\SteamTools.csproj", "{0663899A-2EC5-4929-868C-9D9620FEA4FE}"
EndProject
Project("{9A19103F-16F7-4668-BE54-9A1E7A4F7556}") = "SteamTool.Steam4NET.Test", "SteamTool.Steam4NET.Test\SteamTool.Steam4NET.Test.csproj", "{790D22D4-94B0-4575-8E2D-C451EC520407}"
EndProject
Project("{9A19103F-16F7-4668-BE54-9A1E7A4F7556}") = "SteamTool.Steam4NET", "SteamTool.Steam4NET\SteamTool.Steam4NET.csproj", "{D4157059-D31A-4A21-AF4C-2D458F768041}"
EndProject
Project("{2150E333-8FDC-42A3-9474-1A3956D46DE8}") = "Test", "Test", "{D245A82C-66B2-4CD5-881C-3ED4332FC91D}"
EndProject
Project("{9A19103F-16F7-4668-BE54-9A1E7A4F7556}") = "SteamTool.Steamworks.Test", "SteamTool.Steamworks.Test\SteamTool.Steamworks.Test.csproj", "{C03E4CF5-D68F-4CAC-B002-3A6799ED9E15}"
EndProject
Project("{2150E333-8FDC-42A3-9474-1A3956D46DE8}") = "lib", "lib", "{868B3B33-14B3-49AF-AE01-28D85FD98C1F}"
	ProjectSection(SolutionItems) = preProject
		Lib\MetroRadiance.Chrome.dll = Lib\MetroRadiance.Chrome.dll
		Lib\MetroRadiance.Core.dll = Lib\MetroRadiance.Core.dll
		Lib\MetroRadiance.dll = Lib\MetroRadiance.dll
		C:\Users\Dark\Desktop\Titanium-Web-Proxy-master\Titanium-Web-Proxy-master\src\Titanium.Web.Proxy\obj\Debug\netstandard2.0\Titanium.Web.Proxy.dll = C:\Users\Dark\Desktop\Titanium-Web-Proxy-master\Titanium-Web-Proxy-master\src\Titanium.Web.Proxy\obj\Debug\netstandard2.0\Titanium.Web.Proxy.dll
	EndProjectSection
EndProject
Project("{9A19103F-16F7-4668-BE54-9A1E7A4F7556}") = "SteamTool.Proxy.Test", "SteamTool.Proxy.Test\SteamTool.Proxy.Test.csproj", "{4C441E34-FA65-4425-8242-4EB767BA9B95}"
EndProject
Project("{9A19103F-16F7-4668-BE54-9A1E7A4F7556}") = "SteamTool.Model", "SteamTool.Model\SteamTool.Model.csproj", "{BDBACE3A-0138-4930-95F6-82562EA03F7A}"
EndProject
Project("{9A19103F-16F7-4668-BE54-9A1E7A4F7556}") = "SteamTool.SteamAPI", "SteamTool.SteamAPI\SteamTool.SteamAPI.csproj", "{4E66F4F4-7771-4FFA-A907-3F99A95C6A7F}"
EndProject
Project("{9A19103F-16F7-4668-BE54-9A1E7A4F7556}") = "SteamTool.Authenticator", "SteamTool.Authenticator\SteamTool.Authenticator.csproj", "{86F6CF23-35C4-45AD-BC0D-6BD50C03F666}"
EndProject
Project("{C7167F0D-BC9F-4E6E-AFE1-012C56B48DB5}") = "SteamTools.UWP", "SteamTools.UWP\SteamTools.UWP.wapproj", "{2E755C75-E472-44E0-8AC4-F40209A60172}"
EndProject
Global
	GlobalSection(SolutionConfigurationPlatforms) = preSolution
		Debug|Any CPU = Debug|Any CPU
		Debug|ARM = Debug|ARM
		Debug|ARM64 = Debug|ARM64
		Debug|x64 = Debug|x64
		Debug|x86 = Debug|x86
		Release|Any CPU = Release|Any CPU
		Release|ARM = Release|ARM
		Release|ARM64 = Release|ARM64
		Release|x64 = Release|x64
		Release|x86 = Release|x86
		发布|Any CPU = 发布|Any CPU
		发布|ARM = 发布|ARM
		发布|ARM64 = 发布|ARM64
		发布|x64 = 发布|x64
		发布|x86 = 发布|x86
	EndGlobalSection
	GlobalSection(ProjectConfigurationPlatforms) = postSolution
		{A70C148D-042C-48DA-9963-0B777FC60215}.Debug|Any CPU.ActiveCfg = Debug|Any CPU
		{A70C148D-042C-48DA-9963-0B777FC60215}.Debug|Any CPU.Build.0 = Debug|Any CPU
		{A70C148D-042C-48DA-9963-0B777FC60215}.Debug|ARM.ActiveCfg = Debug|Any CPU
		{A70C148D-042C-48DA-9963-0B777FC60215}.Debug|ARM.Build.0 = Debug|Any CPU
		{A70C148D-042C-48DA-9963-0B777FC60215}.Debug|ARM64.ActiveCfg = Debug|Any CPU
		{A70C148D-042C-48DA-9963-0B777FC60215}.Debug|ARM64.Build.0 = Debug|Any CPU
		{A70C148D-042C-48DA-9963-0B777FC60215}.Debug|x64.ActiveCfg = Debug|Any CPU
		{A70C148D-042C-48DA-9963-0B777FC60215}.Debug|x64.Build.0 = Debug|Any CPU
		{A70C148D-042C-48DA-9963-0B777FC60215}.Debug|x86.ActiveCfg = Debug|x86
		{A70C148D-042C-48DA-9963-0B777FC60215}.Debug|x86.Build.0 = Debug|x86
		{A70C148D-042C-48DA-9963-0B777FC60215}.Release|Any CPU.ActiveCfg = Release|Any CPU
		{A70C148D-042C-48DA-9963-0B777FC60215}.Release|Any CPU.Build.0 = Release|Any CPU
		{A70C148D-042C-48DA-9963-0B777FC60215}.Release|ARM.ActiveCfg = Release|Any CPU
		{A70C148D-042C-48DA-9963-0B777FC60215}.Release|ARM.Build.0 = Release|Any CPU
		{A70C148D-042C-48DA-9963-0B777FC60215}.Release|ARM64.ActiveCfg = Release|Any CPU
		{A70C148D-042C-48DA-9963-0B777FC60215}.Release|ARM64.Build.0 = Release|Any CPU
		{A70C148D-042C-48DA-9963-0B777FC60215}.Release|x64.ActiveCfg = Release|Any CPU
		{A70C148D-042C-48DA-9963-0B777FC60215}.Release|x64.Build.0 = Release|Any CPU
		{A70C148D-042C-48DA-9963-0B777FC60215}.Release|x86.ActiveCfg = Release|x86
		{A70C148D-042C-48DA-9963-0B777FC60215}.Release|x86.Build.0 = Release|x86
		{A70C148D-042C-48DA-9963-0B777FC60215}.发布|Any CPU.ActiveCfg = 发布|Any CPU
		{A70C148D-042C-48DA-9963-0B777FC60215}.发布|Any CPU.Build.0 = 发布|Any CPU
		{A70C148D-042C-48DA-9963-0B777FC60215}.发布|ARM.ActiveCfg = 发布|Any CPU
		{A70C148D-042C-48DA-9963-0B777FC60215}.发布|ARM.Build.0 = 发布|Any CPU
		{A70C148D-042C-48DA-9963-0B777FC60215}.发布|ARM64.ActiveCfg = 发布|Any CPU
		{A70C148D-042C-48DA-9963-0B777FC60215}.发布|ARM64.Build.0 = 发布|Any CPU
		{A70C148D-042C-48DA-9963-0B777FC60215}.发布|x64.ActiveCfg = 发布|Any CPU
		{A70C148D-042C-48DA-9963-0B777FC60215}.发布|x64.Build.0 = 发布|Any CPU
		{A70C148D-042C-48DA-9963-0B777FC60215}.发布|x86.ActiveCfg = 发布|x86
		{A70C148D-042C-48DA-9963-0B777FC60215}.发布|x86.Build.0 = 发布|x86
		{2A155A7B-3DFD-4F16-929D-9693D2411B83}.Debug|Any CPU.ActiveCfg = Debug|Any CPU
		{2A155A7B-3DFD-4F16-929D-9693D2411B83}.Debug|Any CPU.Build.0 = Debug|Any CPU
		{2A155A7B-3DFD-4F16-929D-9693D2411B83}.Debug|ARM.ActiveCfg = Debug|Any CPU
		{2A155A7B-3DFD-4F16-929D-9693D2411B83}.Debug|ARM.Build.0 = Debug|Any CPU
		{2A155A7B-3DFD-4F16-929D-9693D2411B83}.Debug|ARM64.ActiveCfg = Debug|Any CPU
		{2A155A7B-3DFD-4F16-929D-9693D2411B83}.Debug|ARM64.Build.0 = Debug|Any CPU
		{2A155A7B-3DFD-4F16-929D-9693D2411B83}.Debug|x64.ActiveCfg = Debug|Any CPU
		{2A155A7B-3DFD-4F16-929D-9693D2411B83}.Debug|x64.Build.0 = Debug|Any CPU
		{2A155A7B-3DFD-4F16-929D-9693D2411B83}.Debug|x86.ActiveCfg = Debug|x86
		{2A155A7B-3DFD-4F16-929D-9693D2411B83}.Debug|x86.Build.0 = Debug|x86
		{2A155A7B-3DFD-4F16-929D-9693D2411B83}.Release|Any CPU.ActiveCfg = Release|Any CPU
		{2A155A7B-3DFD-4F16-929D-9693D2411B83}.Release|Any CPU.Build.0 = Release|Any CPU
		{2A155A7B-3DFD-4F16-929D-9693D2411B83}.Release|ARM.ActiveCfg = Release|Any CPU
		{2A155A7B-3DFD-4F16-929D-9693D2411B83}.Release|ARM.Build.0 = Release|Any CPU
		{2A155A7B-3DFD-4F16-929D-9693D2411B83}.Release|ARM64.ActiveCfg = Release|Any CPU
		{2A155A7B-3DFD-4F16-929D-9693D2411B83}.Release|ARM64.Build.0 = Release|Any CPU
		{2A155A7B-3DFD-4F16-929D-9693D2411B83}.Release|x64.ActiveCfg = Release|Any CPU
		{2A155A7B-3DFD-4F16-929D-9693D2411B83}.Release|x64.Build.0 = Release|Any CPU
		{2A155A7B-3DFD-4F16-929D-9693D2411B83}.Release|x86.ActiveCfg = Release|x86
		{2A155A7B-3DFD-4F16-929D-9693D2411B83}.Release|x86.Build.0 = Release|x86
		{2A155A7B-3DFD-4F16-929D-9693D2411B83}.发布|Any CPU.ActiveCfg = 发布|Any CPU
		{2A155A7B-3DFD-4F16-929D-9693D2411B83}.发布|Any CPU.Build.0 = 发布|Any CPU
		{2A155A7B-3DFD-4F16-929D-9693D2411B83}.发布|ARM.ActiveCfg = 发布|Any CPU
		{2A155A7B-3DFD-4F16-929D-9693D2411B83}.发布|ARM.Build.0 = 发布|Any CPU
		{2A155A7B-3DFD-4F16-929D-9693D2411B83}.发布|ARM64.ActiveCfg = 发布|Any CPU
		{2A155A7B-3DFD-4F16-929D-9693D2411B83}.发布|ARM64.Build.0 = 发布|Any CPU
		{2A155A7B-3DFD-4F16-929D-9693D2411B83}.发布|x64.ActiveCfg = 发布|Any CPU
		{2A155A7B-3DFD-4F16-929D-9693D2411B83}.发布|x64.Build.0 = 发布|Any CPU
		{2A155A7B-3DFD-4F16-929D-9693D2411B83}.发布|x86.ActiveCfg = 发布|x86
		{2A155A7B-3DFD-4F16-929D-9693D2411B83}.发布|x86.Build.0 = 发布|x86
		{23E26040-19A5-4623-8863-B9ED539403B0}.Debug|Any CPU.ActiveCfg = Debug|Any CPU
		{23E26040-19A5-4623-8863-B9ED539403B0}.Debug|Any CPU.Build.0 = Debug|Any CPU
		{23E26040-19A5-4623-8863-B9ED539403B0}.Debug|ARM.ActiveCfg = Debug|Any CPU
		{23E26040-19A5-4623-8863-B9ED539403B0}.Debug|ARM.Build.0 = Debug|Any CPU
		{23E26040-19A5-4623-8863-B9ED539403B0}.Debug|ARM64.ActiveCfg = Debug|Any CPU
		{23E26040-19A5-4623-8863-B9ED539403B0}.Debug|ARM64.Build.0 = Debug|Any CPU
		{23E26040-19A5-4623-8863-B9ED539403B0}.Debug|x64.ActiveCfg = Debug|Any CPU
		{23E26040-19A5-4623-8863-B9ED539403B0}.Debug|x64.Build.0 = Debug|Any CPU
		{23E26040-19A5-4623-8863-B9ED539403B0}.Debug|x86.ActiveCfg = Debug|x86
		{23E26040-19A5-4623-8863-B9ED539403B0}.Debug|x86.Build.0 = Debug|x86
		{23E26040-19A5-4623-8863-B9ED539403B0}.Release|Any CPU.ActiveCfg = Release|Any CPU
		{23E26040-19A5-4623-8863-B9ED539403B0}.Release|Any CPU.Build.0 = Release|Any CPU
		{23E26040-19A5-4623-8863-B9ED539403B0}.Release|ARM.ActiveCfg = Release|Any CPU
		{23E26040-19A5-4623-8863-B9ED539403B0}.Release|ARM.Build.0 = Release|Any CPU
		{23E26040-19A5-4623-8863-B9ED539403B0}.Release|ARM64.ActiveCfg = Release|Any CPU
		{23E26040-19A5-4623-8863-B9ED539403B0}.Release|ARM64.Build.0 = Release|Any CPU
		{23E26040-19A5-4623-8863-B9ED539403B0}.Release|x64.ActiveCfg = Release|Any CPU
		{23E26040-19A5-4623-8863-B9ED539403B0}.Release|x64.Build.0 = Release|Any CPU
		{23E26040-19A5-4623-8863-B9ED539403B0}.Release|x86.ActiveCfg = Release|x86
		{23E26040-19A5-4623-8863-B9ED539403B0}.Release|x86.Build.0 = Release|x86
		{23E26040-19A5-4623-8863-B9ED539403B0}.发布|Any CPU.ActiveCfg = Release|Any CPU
		{23E26040-19A5-4623-8863-B9ED539403B0}.发布|Any CPU.Build.0 = Release|Any CPU
		{23E26040-19A5-4623-8863-B9ED539403B0}.发布|ARM.ActiveCfg = Release|Any CPU
		{23E26040-19A5-4623-8863-B9ED539403B0}.发布|ARM.Build.0 = Release|Any CPU
		{23E26040-19A5-4623-8863-B9ED539403B0}.发布|ARM64.ActiveCfg = Release|Any CPU
		{23E26040-19A5-4623-8863-B9ED539403B0}.发布|ARM64.Build.0 = Release|Any CPU
		{23E26040-19A5-4623-8863-B9ED539403B0}.发布|x64.ActiveCfg = Release|Any CPU
		{23E26040-19A5-4623-8863-B9ED539403B0}.发布|x64.Build.0 = Release|Any CPU
		{23E26040-19A5-4623-8863-B9ED539403B0}.发布|x86.ActiveCfg = Debug|x86
		{23E26040-19A5-4623-8863-B9ED539403B0}.发布|x86.Build.0 = Debug|x86
		{0663899A-2EC5-4929-868C-9D9620FEA4FE}.Debug|Any CPU.ActiveCfg = Debug|Any CPU
		{0663899A-2EC5-4929-868C-9D9620FEA4FE}.Debug|Any CPU.Build.0 = Debug|Any CPU
		{0663899A-2EC5-4929-868C-9D9620FEA4FE}.Debug|ARM.ActiveCfg = Debug|Any CPU
		{0663899A-2EC5-4929-868C-9D9620FEA4FE}.Debug|ARM.Build.0 = Debug|Any CPU
		{0663899A-2EC5-4929-868C-9D9620FEA4FE}.Debug|ARM64.ActiveCfg = Debug|Any CPU
		{0663899A-2EC5-4929-868C-9D9620FEA4FE}.Debug|ARM64.Build.0 = Debug|Any CPU
		{0663899A-2EC5-4929-868C-9D9620FEA4FE}.Debug|x64.ActiveCfg = Debug|Any CPU
		{0663899A-2EC5-4929-868C-9D9620FEA4FE}.Debug|x64.Build.0 = Debug|Any CPU
		{0663899A-2EC5-4929-868C-9D9620FEA4FE}.Debug|x86.ActiveCfg = Debug|x86
		{0663899A-2EC5-4929-868C-9D9620FEA4FE}.Debug|x86.Build.0 = Debug|x86
		{0663899A-2EC5-4929-868C-9D9620FEA4FE}.Release|Any CPU.ActiveCfg = Release|Any CPU
		{0663899A-2EC5-4929-868C-9D9620FEA4FE}.Release|Any CPU.Build.0 = Release|Any CPU
		{0663899A-2EC5-4929-868C-9D9620FEA4FE}.Release|ARM.ActiveCfg = Release|Any CPU
		{0663899A-2EC5-4929-868C-9D9620FEA4FE}.Release|ARM.Build.0 = Release|Any CPU
		{0663899A-2EC5-4929-868C-9D9620FEA4FE}.Release|ARM64.ActiveCfg = Release|Any CPU
		{0663899A-2EC5-4929-868C-9D9620FEA4FE}.Release|ARM64.Build.0 = Release|Any CPU
		{0663899A-2EC5-4929-868C-9D9620FEA4FE}.Release|x64.ActiveCfg = Release|Any CPU
		{0663899A-2EC5-4929-868C-9D9620FEA4FE}.Release|x64.Build.0 = Release|Any CPU
		{0663899A-2EC5-4929-868C-9D9620FEA4FE}.Release|x86.ActiveCfg = Release|x86
		{0663899A-2EC5-4929-868C-9D9620FEA4FE}.Release|x86.Build.0 = Release|x86
		{0663899A-2EC5-4929-868C-9D9620FEA4FE}.发布|Any CPU.ActiveCfg = Release|Any CPU
		{0663899A-2EC5-4929-868C-9D9620FEA4FE}.发布|Any CPU.Build.0 = Release|Any CPU
		{0663899A-2EC5-4929-868C-9D9620FEA4FE}.发布|ARM.ActiveCfg = Release|Any CPU
		{0663899A-2EC5-4929-868C-9D9620FEA4FE}.发布|ARM.Build.0 = Release|Any CPU
		{0663899A-2EC5-4929-868C-9D9620FEA4FE}.发布|ARM64.ActiveCfg = Release|Any CPU
		{0663899A-2EC5-4929-868C-9D9620FEA4FE}.发布|ARM64.Build.0 = Release|Any CPU
		{0663899A-2EC5-4929-868C-9D9620FEA4FE}.发布|x64.ActiveCfg = Release|Any CPU
		{0663899A-2EC5-4929-868C-9D9620FEA4FE}.发布|x64.Build.0 = Release|Any CPU
		{0663899A-2EC5-4929-868C-9D9620FEA4FE}.发布|x86.ActiveCfg = Debug|x86
		{0663899A-2EC5-4929-868C-9D9620FEA4FE}.发布|x86.Build.0 = Debug|x86
		{790D22D4-94B0-4575-8E2D-C451EC520407}.Debug|Any CPU.ActiveCfg = Debug|Any CPU
		{790D22D4-94B0-4575-8E2D-C451EC520407}.Debug|Any CPU.Build.0 = Debug|Any CPU
		{790D22D4-94B0-4575-8E2D-C451EC520407}.Debug|ARM.ActiveCfg = Debug|Any CPU
		{790D22D4-94B0-4575-8E2D-C451EC520407}.Debug|ARM64.ActiveCfg = Debug|Any CPU
		{790D22D4-94B0-4575-8E2D-C451EC520407}.Debug|x64.ActiveCfg = Debug|Any CPU
		{790D22D4-94B0-4575-8E2D-C451EC520407}.Debug|x86.ActiveCfg = Debug|x86
		{790D22D4-94B0-4575-8E2D-C451EC520407}.Debug|x86.Build.0 = Debug|x86
		{790D22D4-94B0-4575-8E2D-C451EC520407}.Release|Any CPU.ActiveCfg = Release|Any CPU
		{790D22D4-94B0-4575-8E2D-C451EC520407}.Release|Any CPU.Build.0 = Release|Any CPU
		{790D22D4-94B0-4575-8E2D-C451EC520407}.Release|ARM.ActiveCfg = Release|Any CPU
		{790D22D4-94B0-4575-8E2D-C451EC520407}.Release|ARM64.ActiveCfg = Release|Any CPU
		{790D22D4-94B0-4575-8E2D-C451EC520407}.Release|x64.ActiveCfg = Release|Any CPU
		{790D22D4-94B0-4575-8E2D-C451EC520407}.Release|x86.ActiveCfg = Release|x86
		{790D22D4-94B0-4575-8E2D-C451EC520407}.Release|x86.Build.0 = Release|x86
		{790D22D4-94B0-4575-8E2D-C451EC520407}.发布|Any CPU.ActiveCfg = Release|Any CPU
		{790D22D4-94B0-4575-8E2D-C451EC520407}.发布|Any CPU.Build.0 = Release|Any CPU
		{790D22D4-94B0-4575-8E2D-C451EC520407}.发布|ARM.ActiveCfg = Release|Any CPU
		{790D22D4-94B0-4575-8E2D-C451EC520407}.发布|ARM64.ActiveCfg = Release|Any CPU
		{790D22D4-94B0-4575-8E2D-C451EC520407}.发布|x64.ActiveCfg = Release|Any CPU
		{790D22D4-94B0-4575-8E2D-C451EC520407}.发布|x86.ActiveCfg = Debug|x86
		{790D22D4-94B0-4575-8E2D-C451EC520407}.发布|x86.Build.0 = Debug|x86
		{D4157059-D31A-4A21-AF4C-2D458F768041}.Debug|Any CPU.ActiveCfg = Debug|Any CPU
		{D4157059-D31A-4A21-AF4C-2D458F768041}.Debug|Any CPU.Build.0 = Debug|Any CPU
		{D4157059-D31A-4A21-AF4C-2D458F768041}.Debug|ARM.ActiveCfg = Debug|Any CPU
		{D4157059-D31A-4A21-AF4C-2D458F768041}.Debug|ARM.Build.0 = Debug|Any CPU
		{D4157059-D31A-4A21-AF4C-2D458F768041}.Debug|ARM64.ActiveCfg = Debug|Any CPU
		{D4157059-D31A-4A21-AF4C-2D458F768041}.Debug|ARM64.Build.0 = Debug|Any CPU
		{D4157059-D31A-4A21-AF4C-2D458F768041}.Debug|x64.ActiveCfg = Debug|Any CPU
		{D4157059-D31A-4A21-AF4C-2D458F768041}.Debug|x64.Build.0 = Debug|Any CPU
		{D4157059-D31A-4A21-AF4C-2D458F768041}.Debug|x86.ActiveCfg = Debug|x86
		{D4157059-D31A-4A21-AF4C-2D458F768041}.Debug|x86.Build.0 = Debug|x86
		{D4157059-D31A-4A21-AF4C-2D458F768041}.Release|Any CPU.ActiveCfg = Release|Any CPU
		{D4157059-D31A-4A21-AF4C-2D458F768041}.Release|Any CPU.Build.0 = Release|Any CPU
		{D4157059-D31A-4A21-AF4C-2D458F768041}.Release|ARM.ActiveCfg = Release|Any CPU
		{D4157059-D31A-4A21-AF4C-2D458F768041}.Release|ARM.Build.0 = Release|Any CPU
		{D4157059-D31A-4A21-AF4C-2D458F768041}.Release|ARM64.ActiveCfg = Release|Any CPU
		{D4157059-D31A-4A21-AF4C-2D458F768041}.Release|ARM64.Build.0 = Release|Any CPU
		{D4157059-D31A-4A21-AF4C-2D458F768041}.Release|x64.ActiveCfg = Release|Any CPU
		{D4157059-D31A-4A21-AF4C-2D458F768041}.Release|x64.Build.0 = Release|Any CPU
		{D4157059-D31A-4A21-AF4C-2D458F768041}.Release|x86.ActiveCfg = Release|x86
		{D4157059-D31A-4A21-AF4C-2D458F768041}.Release|x86.Build.0 = Release|x86
		{D4157059-D31A-4A21-AF4C-2D458F768041}.发布|Any CPU.ActiveCfg = Release|Any CPU
		{D4157059-D31A-4A21-AF4C-2D458F768041}.发布|Any CPU.Build.0 = Release|Any CPU
		{D4157059-D31A-4A21-AF4C-2D458F768041}.发布|ARM.ActiveCfg = Release|Any CPU
		{D4157059-D31A-4A21-AF4C-2D458F768041}.发布|ARM.Build.0 = Release|Any CPU
		{D4157059-D31A-4A21-AF4C-2D458F768041}.发布|ARM64.ActiveCfg = Release|Any CPU
		{D4157059-D31A-4A21-AF4C-2D458F768041}.发布|ARM64.Build.0 = Release|Any CPU
		{D4157059-D31A-4A21-AF4C-2D458F768041}.发布|x64.ActiveCfg = Release|Any CPU
		{D4157059-D31A-4A21-AF4C-2D458F768041}.发布|x64.Build.0 = Release|Any CPU
		{D4157059-D31A-4A21-AF4C-2D458F768041}.发布|x86.ActiveCfg = Debug|x86
		{D4157059-D31A-4A21-AF4C-2D458F768041}.发布|x86.Build.0 = Debug|x86
		{C03E4CF5-D68F-4CAC-B002-3A6799ED9E15}.Debug|Any CPU.ActiveCfg = Debug|Any CPU
		{C03E4CF5-D68F-4CAC-B002-3A6799ED9E15}.Debug|Any CPU.Build.0 = Debug|Any CPU
		{C03E4CF5-D68F-4CAC-B002-3A6799ED9E15}.Debug|ARM.ActiveCfg = Debug|Any CPU
		{C03E4CF5-D68F-4CAC-B002-3A6799ED9E15}.Debug|ARM64.ActiveCfg = Debug|Any CPU
		{C03E4CF5-D68F-4CAC-B002-3A6799ED9E15}.Debug|x64.ActiveCfg = Debug|Any CPU
		{C03E4CF5-D68F-4CAC-B002-3A6799ED9E15}.Debug|x86.ActiveCfg = Debug|x86
		{C03E4CF5-D68F-4CAC-B002-3A6799ED9E15}.Debug|x86.Build.0 = Debug|x86
		{C03E4CF5-D68F-4CAC-B002-3A6799ED9E15}.Release|Any CPU.ActiveCfg = Release|Any CPU
		{C03E4CF5-D68F-4CAC-B002-3A6799ED9E15}.Release|Any CPU.Build.0 = Release|Any CPU
		{C03E4CF5-D68F-4CAC-B002-3A6799ED9E15}.Release|ARM.ActiveCfg = Release|Any CPU
		{C03E4CF5-D68F-4CAC-B002-3A6799ED9E15}.Release|ARM64.ActiveCfg = Release|Any CPU
		{C03E4CF5-D68F-4CAC-B002-3A6799ED9E15}.Release|x64.ActiveCfg = Release|Any CPU
		{C03E4CF5-D68F-4CAC-B002-3A6799ED9E15}.Release|x86.ActiveCfg = Release|x86
		{C03E4CF5-D68F-4CAC-B002-3A6799ED9E15}.Release|x86.Build.0 = Release|x86
		{C03E4CF5-D68F-4CAC-B002-3A6799ED9E15}.发布|Any CPU.ActiveCfg = Release|Any CPU
		{C03E4CF5-D68F-4CAC-B002-3A6799ED9E15}.发布|Any CPU.Build.0 = Release|Any CPU
		{C03E4CF5-D68F-4CAC-B002-3A6799ED9E15}.发布|ARM.ActiveCfg = Release|Any CPU
		{C03E4CF5-D68F-4CAC-B002-3A6799ED9E15}.发布|ARM64.ActiveCfg = Release|Any CPU
		{C03E4CF5-D68F-4CAC-B002-3A6799ED9E15}.发布|x64.ActiveCfg = Release|Any CPU
		{C03E4CF5-D68F-4CAC-B002-3A6799ED9E15}.发布|x86.ActiveCfg = Debug|x86
		{C03E4CF5-D68F-4CAC-B002-3A6799ED9E15}.发布|x86.Build.0 = Debug|x86
		{4C441E34-FA65-4425-8242-4EB767BA9B95}.Debug|Any CPU.ActiveCfg = Debug|Any CPU
		{4C441E34-FA65-4425-8242-4EB767BA9B95}.Debug|Any CPU.Build.0 = Debug|Any CPU
		{4C441E34-FA65-4425-8242-4EB767BA9B95}.Debug|ARM.ActiveCfg = Debug|Any CPU
		{4C441E34-FA65-4425-8242-4EB767BA9B95}.Debug|ARM.Build.0 = Debug|Any CPU
		{4C441E34-FA65-4425-8242-4EB767BA9B95}.Debug|ARM64.ActiveCfg = Debug|Any CPU
		{4C441E34-FA65-4425-8242-4EB767BA9B95}.Debug|ARM64.Build.0 = Debug|Any CPU
		{4C441E34-FA65-4425-8242-4EB767BA9B95}.Debug|x64.ActiveCfg = Debug|Any CPU
		{4C441E34-FA65-4425-8242-4EB767BA9B95}.Debug|x64.Build.0 = Debug|Any CPU
		{4C441E34-FA65-4425-8242-4EB767BA9B95}.Debug|x86.ActiveCfg = Debug|x86
		{4C441E34-FA65-4425-8242-4EB767BA9B95}.Debug|x86.Build.0 = Debug|x86
		{4C441E34-FA65-4425-8242-4EB767BA9B95}.Release|Any CPU.ActiveCfg = Release|Any CPU
		{4C441E34-FA65-4425-8242-4EB767BA9B95}.Release|Any CPU.Build.0 = Release|Any CPU
		{4C441E34-FA65-4425-8242-4EB767BA9B95}.Release|ARM.ActiveCfg = Release|Any CPU
		{4C441E34-FA65-4425-8242-4EB767BA9B95}.Release|ARM.Build.0 = Release|Any CPU
		{4C441E34-FA65-4425-8242-4EB767BA9B95}.Release|ARM64.ActiveCfg = Release|Any CPU
		{4C441E34-FA65-4425-8242-4EB767BA9B95}.Release|ARM64.Build.0 = Release|Any CPU
		{4C441E34-FA65-4425-8242-4EB767BA9B95}.Release|x64.ActiveCfg = Release|Any CPU
		{4C441E34-FA65-4425-8242-4EB767BA9B95}.Release|x64.Build.0 = Release|Any CPU
		{4C441E34-FA65-4425-8242-4EB767BA9B95}.Release|x86.ActiveCfg = Release|x86
		{4C441E34-FA65-4425-8242-4EB767BA9B95}.Release|x86.Build.0 = Release|x86
		{4C441E34-FA65-4425-8242-4EB767BA9B95}.发布|Any CPU.ActiveCfg = Release|Any CPU
		{4C441E34-FA65-4425-8242-4EB767BA9B95}.发布|Any CPU.Build.0 = Release|Any CPU
		{4C441E34-FA65-4425-8242-4EB767BA9B95}.发布|ARM.ActiveCfg = Release|Any CPU
		{4C441E34-FA65-4425-8242-4EB767BA9B95}.发布|ARM.Build.0 = Release|Any CPU
		{4C441E34-FA65-4425-8242-4EB767BA9B95}.发布|ARM64.ActiveCfg = Release|Any CPU
		{4C441E34-FA65-4425-8242-4EB767BA9B95}.发布|ARM64.Build.0 = Release|Any CPU
		{4C441E34-FA65-4425-8242-4EB767BA9B95}.发布|x64.ActiveCfg = Release|Any CPU
		{4C441E34-FA65-4425-8242-4EB767BA9B95}.发布|x64.Build.0 = Release|Any CPU
		{4C441E34-FA65-4425-8242-4EB767BA9B95}.发布|x86.ActiveCfg = Debug|x86
		{4C441E34-FA65-4425-8242-4EB767BA9B95}.发布|x86.Build.0 = Debug|x86
		{BDBACE3A-0138-4930-95F6-82562EA03F7A}.Debug|Any CPU.ActiveCfg = Debug|Any CPU
		{BDBACE3A-0138-4930-95F6-82562EA03F7A}.Debug|Any CPU.Build.0 = Debug|Any CPU
		{BDBACE3A-0138-4930-95F6-82562EA03F7A}.Debug|ARM.ActiveCfg = Debug|Any CPU
		{BDBACE3A-0138-4930-95F6-82562EA03F7A}.Debug|ARM.Build.0 = Debug|Any CPU
		{BDBACE3A-0138-4930-95F6-82562EA03F7A}.Debug|ARM64.ActiveCfg = Debug|Any CPU
		{BDBACE3A-0138-4930-95F6-82562EA03F7A}.Debug|ARM64.Build.0 = Debug|Any CPU
		{BDBACE3A-0138-4930-95F6-82562EA03F7A}.Debug|x64.ActiveCfg = Debug|Any CPU
		{BDBACE3A-0138-4930-95F6-82562EA03F7A}.Debug|x64.Build.0 = Debug|Any CPU
		{BDBACE3A-0138-4930-95F6-82562EA03F7A}.Debug|x86.ActiveCfg = Debug|x86
		{BDBACE3A-0138-4930-95F6-82562EA03F7A}.Debug|x86.Build.0 = Debug|x86
		{BDBACE3A-0138-4930-95F6-82562EA03F7A}.Release|Any CPU.ActiveCfg = Release|Any CPU
		{BDBACE3A-0138-4930-95F6-82562EA03F7A}.Release|Any CPU.Build.0 = Release|Any CPU
		{BDBACE3A-0138-4930-95F6-82562EA03F7A}.Release|ARM.ActiveCfg = Release|Any CPU
		{BDBACE3A-0138-4930-95F6-82562EA03F7A}.Release|ARM.Build.0 = Release|Any CPU
		{BDBACE3A-0138-4930-95F6-82562EA03F7A}.Release|ARM64.ActiveCfg = Release|Any CPU
		{BDBACE3A-0138-4930-95F6-82562EA03F7A}.Release|ARM64.Build.0 = Release|Any CPU
		{BDBACE3A-0138-4930-95F6-82562EA03F7A}.Release|x64.ActiveCfg = Release|Any CPU
		{BDBACE3A-0138-4930-95F6-82562EA03F7A}.Release|x64.Build.0 = Release|Any CPU
		{BDBACE3A-0138-4930-95F6-82562EA03F7A}.Release|x86.ActiveCfg = Release|x86
		{BDBACE3A-0138-4930-95F6-82562EA03F7A}.Release|x86.Build.0 = Release|x86
		{BDBACE3A-0138-4930-95F6-82562EA03F7A}.发布|Any CPU.ActiveCfg = Release|Any CPU
		{BDBACE3A-0138-4930-95F6-82562EA03F7A}.发布|Any CPU.Build.0 = Release|Any CPU
		{BDBACE3A-0138-4930-95F6-82562EA03F7A}.发布|ARM.ActiveCfg = Release|Any CPU
		{BDBACE3A-0138-4930-95F6-82562EA03F7A}.发布|ARM.Build.0 = Release|Any CPU
		{BDBACE3A-0138-4930-95F6-82562EA03F7A}.发布|ARM64.ActiveCfg = Release|Any CPU
		{BDBACE3A-0138-4930-95F6-82562EA03F7A}.发布|ARM64.Build.0 = Release|Any CPU
		{BDBACE3A-0138-4930-95F6-82562EA03F7A}.发布|x64.ActiveCfg = Release|Any CPU
		{BDBACE3A-0138-4930-95F6-82562EA03F7A}.发布|x64.Build.0 = Release|Any CPU
		{BDBACE3A-0138-4930-95F6-82562EA03F7A}.发布|x86.ActiveCfg = Debug|x86
		{BDBACE3A-0138-4930-95F6-82562EA03F7A}.发布|x86.Build.0 = Debug|x86
		{4E66F4F4-7771-4FFA-A907-3F99A95C6A7F}.Debug|Any CPU.ActiveCfg = Debug|Any CPU
		{4E66F4F4-7771-4FFA-A907-3F99A95C6A7F}.Debug|Any CPU.Build.0 = Debug|Any CPU
		{4E66F4F4-7771-4FFA-A907-3F99A95C6A7F}.Debug|ARM.ActiveCfg = Debug|Any CPU
		{4E66F4F4-7771-4FFA-A907-3F99A95C6A7F}.Debug|ARM.Build.0 = Debug|Any CPU
		{4E66F4F4-7771-4FFA-A907-3F99A95C6A7F}.Debug|ARM64.ActiveCfg = Debug|Any CPU
		{4E66F4F4-7771-4FFA-A907-3F99A95C6A7F}.Debug|ARM64.Build.0 = Debug|Any CPU
		{4E66F4F4-7771-4FFA-A907-3F99A95C6A7F}.Debug|x64.ActiveCfg = Debug|Any CPU
		{4E66F4F4-7771-4FFA-A907-3F99A95C6A7F}.Debug|x64.Build.0 = Debug|Any CPU
		{4E66F4F4-7771-4FFA-A907-3F99A95C6A7F}.Debug|x86.ActiveCfg = Debug|x86
		{4E66F4F4-7771-4FFA-A907-3F99A95C6A7F}.Debug|x86.Build.0 = Debug|x86
		{4E66F4F4-7771-4FFA-A907-3F99A95C6A7F}.Release|Any CPU.ActiveCfg = Release|Any CPU
		{4E66F4F4-7771-4FFA-A907-3F99A95C6A7F}.Release|Any CPU.Build.0 = Release|Any CPU
		{4E66F4F4-7771-4FFA-A907-3F99A95C6A7F}.Release|ARM.ActiveCfg = Release|Any CPU
		{4E66F4F4-7771-4FFA-A907-3F99A95C6A7F}.Release|ARM.Build.0 = Release|Any CPU
		{4E66F4F4-7771-4FFA-A907-3F99A95C6A7F}.Release|ARM64.ActiveCfg = Release|Any CPU
		{4E66F4F4-7771-4FFA-A907-3F99A95C6A7F}.Release|ARM64.Build.0 = Release|Any CPU
		{4E66F4F4-7771-4FFA-A907-3F99A95C6A7F}.Release|x64.ActiveCfg = Release|Any CPU
		{4E66F4F4-7771-4FFA-A907-3F99A95C6A7F}.Release|x64.Build.0 = Release|Any CPU
		{4E66F4F4-7771-4FFA-A907-3F99A95C6A7F}.Release|x86.ActiveCfg = Release|x86
		{4E66F4F4-7771-4FFA-A907-3F99A95C6A7F}.Release|x86.Build.0 = Release|x86
		{4E66F4F4-7771-4FFA-A907-3F99A95C6A7F}.发布|Any CPU.ActiveCfg = Debug|Any CPU
		{4E66F4F4-7771-4FFA-A907-3F99A95C6A7F}.发布|Any CPU.Build.0 = Debug|Any CPU
		{4E66F4F4-7771-4FFA-A907-3F99A95C6A7F}.发布|ARM.ActiveCfg = Release|Any CPU
		{4E66F4F4-7771-4FFA-A907-3F99A95C6A7F}.发布|ARM.Build.0 = Release|Any CPU
		{4E66F4F4-7771-4FFA-A907-3F99A95C6A7F}.发布|ARM64.ActiveCfg = Release|Any CPU
		{4E66F4F4-7771-4FFA-A907-3F99A95C6A7F}.发布|ARM64.Build.0 = Release|Any CPU
		{4E66F4F4-7771-4FFA-A907-3F99A95C6A7F}.发布|x64.ActiveCfg = Release|Any CPU
		{4E66F4F4-7771-4FFA-A907-3F99A95C6A7F}.发布|x64.Build.0 = Release|Any CPU
		{4E66F4F4-7771-4FFA-A907-3F99A95C6A7F}.发布|x86.ActiveCfg = Debug|x86
		{4E66F4F4-7771-4FFA-A907-3F99A95C6A7F}.发布|x86.Build.0 = Debug|x86
		{86F6CF23-35C4-45AD-BC0D-6BD50C03F666}.Debug|Any CPU.ActiveCfg = Debug|Any CPU
		{86F6CF23-35C4-45AD-BC0D-6BD50C03F666}.Debug|Any CPU.Build.0 = Debug|Any CPU
		{86F6CF23-35C4-45AD-BC0D-6BD50C03F666}.Debug|ARM.ActiveCfg = Debug|Any CPU
		{86F6CF23-35C4-45AD-BC0D-6BD50C03F666}.Debug|ARM.Build.0 = Debug|Any CPU
		{86F6CF23-35C4-45AD-BC0D-6BD50C03F666}.Debug|ARM64.ActiveCfg = Debug|Any CPU
		{86F6CF23-35C4-45AD-BC0D-6BD50C03F666}.Debug|ARM64.Build.0 = Debug|Any CPU
		{86F6CF23-35C4-45AD-BC0D-6BD50C03F666}.Debug|x64.ActiveCfg = Debug|Any CPU
		{86F6CF23-35C4-45AD-BC0D-6BD50C03F666}.Debug|x64.Build.0 = Debug|Any CPU
		{86F6CF23-35C4-45AD-BC0D-6BD50C03F666}.Debug|x86.ActiveCfg = Debug|x86
		{86F6CF23-35C4-45AD-BC0D-6BD50C03F666}.Debug|x86.Build.0 = Debug|x86
		{86F6CF23-35C4-45AD-BC0D-6BD50C03F666}.Release|Any CPU.ActiveCfg = Release|Any CPU
		{86F6CF23-35C4-45AD-BC0D-6BD50C03F666}.Release|Any CPU.Build.0 = Release|Any CPU
		{86F6CF23-35C4-45AD-BC0D-6BD50C03F666}.Release|ARM.ActiveCfg = Release|Any CPU
		{86F6CF23-35C4-45AD-BC0D-6BD50C03F666}.Release|ARM.Build.0 = Release|Any CPU
		{86F6CF23-35C4-45AD-BC0D-6BD50C03F666}.Release|ARM64.ActiveCfg = Release|Any CPU
		{86F6CF23-35C4-45AD-BC0D-6BD50C03F666}.Release|ARM64.Build.0 = Release|Any CPU
		{86F6CF23-35C4-45AD-BC0D-6BD50C03F666}.Release|x64.ActiveCfg = Release|Any CPU
		{86F6CF23-35C4-45AD-BC0D-6BD50C03F666}.Release|x64.Build.0 = Release|Any CPU
		{86F6CF23-35C4-45AD-BC0D-6BD50C03F666}.Release|x86.ActiveCfg = Release|Any CPU
		{86F6CF23-35C4-45AD-BC0D-6BD50C03F666}.Release|x86.Build.0 = Release|Any CPU
		{86F6CF23-35C4-45AD-BC0D-6BD50C03F666}.发布|Any CPU.ActiveCfg = Debug|Any CPU
		{86F6CF23-35C4-45AD-BC0D-6BD50C03F666}.发布|Any CPU.Build.0 = Debug|Any CPU
		{86F6CF23-35C4-45AD-BC0D-6BD50C03F666}.发布|ARM.ActiveCfg = Release|Any CPU
		{86F6CF23-35C4-45AD-BC0D-6BD50C03F666}.发布|ARM.Build.0 = Release|Any CPU
		{86F6CF23-35C4-45AD-BC0D-6BD50C03F666}.发布|ARM64.ActiveCfg = Release|Any CPU
		{86F6CF23-35C4-45AD-BC0D-6BD50C03F666}.发布|ARM64.Build.0 = Release|Any CPU
		{86F6CF23-35C4-45AD-BC0D-6BD50C03F666}.发布|x64.ActiveCfg = Release|Any CPU
		{86F6CF23-35C4-45AD-BC0D-6BD50C03F666}.发布|x64.Build.0 = Release|Any CPU
		{86F6CF23-35C4-45AD-BC0D-6BD50C03F666}.发布|x86.ActiveCfg = Debug|Any CPU
		{86F6CF23-35C4-45AD-BC0D-6BD50C03F666}.发布|x86.Build.0 = Debug|Any CPU
		{2E755C75-E472-44E0-8AC4-F40209A60172}.Debug|Any CPU.ActiveCfg = Debug|Any CPU
		{2E755C75-E472-44E0-8AC4-F40209A60172}.Debug|Any CPU.Build.0 = Debug|Any CPU
		{2E755C75-E472-44E0-8AC4-F40209A60172}.Debug|Any CPU.Deploy.0 = Debug|Any CPU
		{2E755C75-E472-44E0-8AC4-F40209A60172}.Debug|ARM.ActiveCfg = Debug|ARM
		{2E755C75-E472-44E0-8AC4-F40209A60172}.Debug|ARM.Build.0 = Debug|ARM
		{2E755C75-E472-44E0-8AC4-F40209A60172}.Debug|ARM.Deploy.0 = Debug|ARM
		{2E755C75-E472-44E0-8AC4-F40209A60172}.Debug|ARM64.ActiveCfg = Debug|ARM64
		{2E755C75-E472-44E0-8AC4-F40209A60172}.Debug|ARM64.Build.0 = Debug|ARM64
		{2E755C75-E472-44E0-8AC4-F40209A60172}.Debug|ARM64.Deploy.0 = Debug|ARM64
		{2E755C75-E472-44E0-8AC4-F40209A60172}.Debug|x64.ActiveCfg = Debug|x64
		{2E755C75-E472-44E0-8AC4-F40209A60172}.Debug|x64.Build.0 = Debug|x64
		{2E755C75-E472-44E0-8AC4-F40209A60172}.Debug|x64.Deploy.0 = Debug|x64
		{2E755C75-E472-44E0-8AC4-F40209A60172}.Debug|x86.ActiveCfg = Debug|x86
		{2E755C75-E472-44E0-8AC4-F40209A60172}.Debug|x86.Build.0 = Debug|x86
		{2E755C75-E472-44E0-8AC4-F40209A60172}.Debug|x86.Deploy.0 = Debug|x86
		{2E755C75-E472-44E0-8AC4-F40209A60172}.Release|Any CPU.ActiveCfg = Release|Any CPU
		{2E755C75-E472-44E0-8AC4-F40209A60172}.Release|Any CPU.Build.0 = Release|Any CPU
		{2E755C75-E472-44E0-8AC4-F40209A60172}.Release|Any CPU.Deploy.0 = Release|Any CPU
		{2E755C75-E472-44E0-8AC4-F40209A60172}.Release|ARM.ActiveCfg = Release|ARM
		{2E755C75-E472-44E0-8AC4-F40209A60172}.Release|ARM.Build.0 = Release|ARM
		{2E755C75-E472-44E0-8AC4-F40209A60172}.Release|ARM.Deploy.0 = Release|ARM
		{2E755C75-E472-44E0-8AC4-F40209A60172}.Release|ARM64.ActiveCfg = Release|ARM64
		{2E755C75-E472-44E0-8AC4-F40209A60172}.Release|ARM64.Build.0 = Release|ARM64
		{2E755C75-E472-44E0-8AC4-F40209A60172}.Release|ARM64.Deploy.0 = Release|ARM64
		{2E755C75-E472-44E0-8AC4-F40209A60172}.Release|x64.ActiveCfg = Release|x64
		{2E755C75-E472-44E0-8AC4-F40209A60172}.Release|x64.Build.0 = Release|x64
		{2E755C75-E472-44E0-8AC4-F40209A60172}.Release|x64.Deploy.0 = Release|x64
		{2E755C75-E472-44E0-8AC4-F40209A60172}.Release|x86.ActiveCfg = Release|x86
		{2E755C75-E472-44E0-8AC4-F40209A60172}.Release|x86.Build.0 = Release|x86
		{2E755C75-E472-44E0-8AC4-F40209A60172}.Release|x86.Deploy.0 = Release|x86
		{2E755C75-E472-44E0-8AC4-F40209A60172}.发布|Any CPU.ActiveCfg = Release|Any CPU
		{2E755C75-E472-44E0-8AC4-F40209A60172}.发布|Any CPU.Build.0 = Release|Any CPU
		{2E755C75-E472-44E0-8AC4-F40209A60172}.发布|Any CPU.Deploy.0 = Release|Any CPU
		{2E755C75-E472-44E0-8AC4-F40209A60172}.发布|ARM.ActiveCfg = Debug|ARM
		{2E755C75-E472-44E0-8AC4-F40209A60172}.发布|ARM.Build.0 = Debug|ARM
		{2E755C75-E472-44E0-8AC4-F40209A60172}.发布|ARM.Deploy.0 = Debug|ARM
		{2E755C75-E472-44E0-8AC4-F40209A60172}.发布|ARM64.ActiveCfg = Debug|ARM64
		{2E755C75-E472-44E0-8AC4-F40209A60172}.发布|ARM64.Build.0 = Debug|ARM64
		{2E755C75-E472-44E0-8AC4-F40209A60172}.发布|ARM64.Deploy.0 = Debug|ARM64
		{2E755C75-E472-44E0-8AC4-F40209A60172}.发布|x64.ActiveCfg = Debug|x64
		{2E755C75-E472-44E0-8AC4-F40209A60172}.发布|x64.Build.0 = Debug|x64
		{2E755C75-E472-44E0-8AC4-F40209A60172}.发布|x64.Deploy.0 = Debug|x64
		{2E755C75-E472-44E0-8AC4-F40209A60172}.发布|x86.ActiveCfg = Debug|x86
		{2E755C75-E472-44E0-8AC4-F40209A60172}.发布|x86.Build.0 = Debug|x86
		{2E755C75-E472-44E0-8AC4-F40209A60172}.发布|x86.Deploy.0 = Debug|x86
	EndGlobalSection
	GlobalSection(SolutionProperties) = preSolution
		HideSolutionNode = FALSE
	EndGlobalSection
	GlobalSection(NestedProjects) = preSolution
		{A70C148D-042C-48DA-9963-0B777FC60215} = {350F425C-AF5A-4ED2-BDDC-B905A4E63A14}
		{2A155A7B-3DFD-4F16-929D-9693D2411B83} = {350F425C-AF5A-4ED2-BDDC-B905A4E63A14}
		{23E26040-19A5-4623-8863-B9ED539403B0} = {350F425C-AF5A-4ED2-BDDC-B905A4E63A14}
		{0663899A-2EC5-4929-868C-9D9620FEA4FE} = {45E5B6B2-0A6D-4D57-804B-7B8313145B62}
		{790D22D4-94B0-4575-8E2D-C451EC520407} = {D245A82C-66B2-4CD5-881C-3ED4332FC91D}
		{D4157059-D31A-4A21-AF4C-2D458F768041} = {F62E508E-B374-4149-B9AC-0A8090AA6CD1}
		{C03E4CF5-D68F-4CAC-B002-3A6799ED9E15} = {D245A82C-66B2-4CD5-881C-3ED4332FC91D}
		{4C441E34-FA65-4425-8242-4EB767BA9B95} = {D245A82C-66B2-4CD5-881C-3ED4332FC91D}
		{BDBACE3A-0138-4930-95F6-82562EA03F7A} = {350F425C-AF5A-4ED2-BDDC-B905A4E63A14}
		{4E66F4F4-7771-4FFA-A907-3F99A95C6A7F} = {F62E508E-B374-4149-B9AC-0A8090AA6CD1}
		{86F6CF23-35C4-45AD-BC0D-6BD50C03F666} = {F62E508E-B374-4149-B9AC-0A8090AA6CD1}
		{2E755C75-E472-44E0-8AC4-F40209A60172} = {45E5B6B2-0A6D-4D57-804B-7B8313145B62}
	EndGlobalSection
	GlobalSection(ExtensibilityGlobals) = postSolution
		SolutionGuid = {5214732D-5A99-44C5-9F02-56348CC457EF}
	EndGlobalSection
EndGlobal
