
Microsoft Visual Studio Solution File, Format Version 12.00
# Visual Studio Version 16
VisualStudioVersion = 16.0.31005.135
MinimumVisualStudioVersion = 10.0.40219.1
Project("{9A19103F-16F7-4668-BE54-9A1E7A4F7556}") = "System.Application.Repositories.sqlite-net-pcl", "System.Application.Repositories.sqlite-net-pcl\System.Application.Repositories.sqlite-net-pcl.csproj", "{512B0511-41AB-444D-BAD8-E19B7D3B52CB}"
EndProject
Project("{9A19103F-16F7-4668-BE54-9A1E7A4F7556}") = "System.Common.ClientLib", "System.Common.ClientLib\System.Common.ClientLib.csproj", "{8B9F2E93-B31B-4BA7-920D-732695A473E6}"
EndProject
Project("{9A19103F-16F7-4668-BE54-9A1E7A4F7556}") = "System.Common.CoreLib", "System.Common.CoreLib\System.Common.CoreLib.csproj", "{E7468FDD-75F7-4B08-BA47-B715BBCFCC11}"
EndProject
Project("{9A19103F-16F7-4668-BE54-9A1E7A4F7556}") = "System.Common.ClientLib.Droid", "System.Common.ClientLib.Droid\System.Common.ClientLib.Droid.csproj", "{7C8D906E-426B-49AB-9072-178555370F62}"
EndProject
Project("{9A19103F-16F7-4668-BE54-9A1E7A4F7556}") = "System.Common.ClientLib.iOS", "System.Common.ClientLib.iOS\System.Common.ClientLib.iOS.csproj", "{F8F6973C-5831-43D1-89C2-1AD543CE7408}"
EndProject
Project("{2150E333-8FDC-42A3-9474-1A3956D46DE8}") = "0_Common", "0_Common", "{2D44BDCF-B70C-4C02-BDC8-4F1DD5066A75}"
EndProject
Project("{2150E333-8FDC-42A3-9474-1A3956D46DE8}") = "0_Shared", "0_Shared", "{D40853F1-B3C5-418A-B1D3-E0FB70B2F394}"
EndProject
Project("{2150E333-8FDC-42A3-9474-1A3956D46DE8}") = "2_Client", "2_Client", "{9AF522B5-8923-41E6-8A0A-FAE8E8F83439}"
EndProject
Project("{2150E333-8FDC-42A3-9474-1A3956D46DE8}") = "4_Repositories.Implementation", "4_Repositories.Implementation", "{DA8EFCA8-5396-48C7-8DC0-CB28A09488D9}"
EndProject
Project("{2150E333-8FDC-42A3-9474-1A3956D46DE8}") = "1_SteamTools", "1_SteamTools", "{B43459A1-709B-4623-9677-AAC2FEE4FBA3}"
EndProject
Project("{9A19103F-16F7-4668-BE54-9A1E7A4F7556}") = "System.Application.SteamTools.Services.CloudService.Models", "System.Application.SteamTools.Services.CloudService.Models\System.Application.SteamTools.Services.CloudService.Models.csproj", "{6CD71E14-5036-4A16-8084-4AD108D34FF7}"
EndProject
Project("{9A19103F-16F7-4668-BE54-9A1E7A4F7556}") = "System.Application.SteamTools.Services.CloudService", "System.Application.SteamTools.Services.CloudService\System.Application.SteamTools.Services.CloudService.csproj", "{65DE552F-5E62-4E4F-ADCB-F19AD3DB3F78}"
EndProject
Project("{2150E333-8FDC-42A3-9474-1A3956D46DE8}") = "1_ServerApiClient", "1_ServerApiClient", "{F7AFD002-B231-4A5E-B320-56EFC3210E2C}"
EndProject
Project("{2150E333-8FDC-42A3-9474-1A3956D46DE8}") = "0_Launch", "0_Launch", "{1460800B-D9ED-4147-B1E7-ABF502BEF59A}"
EndProject
Project("{2150E333-8FDC-42A3-9474-1A3956D46DE8}") = "3_Test", "3_Test", "{EBC9DD0C-F7D0-4A00-B263-E69CF4E194F1}"
EndProject
Project("{9A19103F-16F7-4668-BE54-9A1E7A4F7556}") = "System.Common.UnitTest", "System.Common.UnitTest\System.Common.UnitTest.csproj", "{B9D4C8C7-BF96-417B-A7F8-9A67AE75A38B}"
EndProject
Project("{9A19103F-16F7-4668-BE54-9A1E7A4F7556}") = "System.Common.UnitTest.Droid", "System.Common.UnitTest.Droid\System.Common.UnitTest.Droid.csproj", "{0073A08E-6336-4C09-99F9-2E808889D715}"
EndProject
Project("{FAE04EC0-301F-11D3-BF4B-00C04F79EFBC}") = "System.Common.UnitTest.Droid.App", "System.Common.UnitTest.Droid.App\System.Common.UnitTest.Droid.App.csproj", "{AD7B78B0-AE51-4FB7-9B11-4E22A2B538CA}"
EndProject
Project("{9A19103F-16F7-4668-BE54-9A1E7A4F7556}") = "System.Application.SteamTools", "System.Application.SteamTools\System.Application.SteamTools.csproj", "{66B7BFD6-6D4D-421B-BA5B-915348E53708}"
EndProject
Project("{9A19103F-16F7-4668-BE54-9A1E7A4F7556}") = "System.Application.SteamTools.Client", "System.Application.SteamTools.Client\System.Application.SteamTools.Client.csproj", "{0A624994-B0A9-4F1F-B7D0-97FE2929936B}"
EndProject
Project("{9A19103F-16F7-4668-BE54-9A1E7A4F7556}") = "System.Application.SteamTools.Client.Desktop", "System.Application.SteamTools.Client.Desktop\System.Application.SteamTools.Client.Desktop.csproj", "{D1F15D97-802E-4AA3-A4A5-B890ABE32897}"
EndProject
Project("{9A19103F-16F7-4668-BE54-9A1E7A4F7556}") = "System.Application.SteamTools.Client.Desktop.Avalonia.App", "System.Application.SteamTools.Client.Desktop.Avalonia.App\System.Application.SteamTools.Client.Desktop.Avalonia.App.csproj", "{2FFA5BCE-B3C3-46EA-8830-838C938BF814}"
EndProject
Project("{2150E333-8FDC-42A3-9474-1A3956D46DE8}") = "Solution Items", "Solution Items", "{B4B548C1-9AFE-4EBB-96E4-990B57C0A953}"
	ProjectSection(SolutionItems) = preProject
		.gitignore = .gitignore
		Directory.Build.props = Directory.Build.props
		global.json = global.json
		README.md = README.md
	EndProjectSection
EndProject
Project("{9A19103F-16F7-4668-BE54-9A1E7A4F7556}") = "System.Application.SteamTools.Client.Desktop.Avalonia", "System.Application.SteamTools.Client.Desktop.Avalonia\System.Application.SteamTools.Client.Desktop.Avalonia.csproj", "{4F09B6D1-3F83-45A0-AEC8-0F243E7CD263}"
EndProject
Project("{9A19103F-16F7-4668-BE54-9A1E7A4F7556}") = "System.Application.SteamTools.Client.Desktop.Linux", "System.Application.SteamTools.Client.Desktop.Linux\System.Application.SteamTools.Client.Desktop.Linux.csproj", "{D4CF08F5-8EAB-48FB-AAA3-1A221F7B2A82}"
EndProject
Project("{9A19103F-16F7-4668-BE54-9A1E7A4F7556}") = "System.Application.SteamTools.Client.Desktop.Mac", "System.Application.SteamTools.Client.Desktop.Mac\System.Application.SteamTools.Client.Desktop.Mac.csproj", "{948C1EA8-12DB-4F8A-A190-8615DFBD9FE4}"
EndProject
Project("{9A19103F-16F7-4668-BE54-9A1E7A4F7556}") = "System.Application.SteamTools.Client.Desktop.Windows", "System.Application.SteamTools.Client.Desktop.Windows\System.Application.SteamTools.Client.Desktop.Windows.csproj", "{141532E1-540E-4E50-8723-96936C191281}"
EndProject
Project("{9A19103F-16F7-4668-BE54-9A1E7A4F7556}") = "System.Application.SteamTools.Tools.Win7Troubleshoot", "System.Application.SteamTools.Tools.Win7Troubleshoot\System.Application.SteamTools.Tools.Win7Troubleshoot.csproj", "{60530AF8-4790-4A85-BCE2-C5673E9C601B}"
EndProject
Project("{9A19103F-16F7-4668-BE54-9A1E7A4F7556}") = "System.Application.SteamTools.Tools.Packager", "System.Application.SteamTools.Tools.Packager\System.Application.SteamTools.Tools.Packager.csproj", "{5A539932-2EB9-40F6-A4C1-94E5ECAB3B34}"
EndProject
Project("{2150E333-8FDC-42A3-9474-1A3956D46DE8}") = "Tools", "Tools", "{CC6FF77A-6E6B-4D42-B12B-0177745E9D22}"
EndProject
Project("{2150E333-8FDC-42A3-9474-1A3956D46DE8}") = "2_Reference", "2_Reference", "{8EB91F53-1062-4E9B-8E4A-096F35EA688D}"
EndProject
Project("{9A19103F-16F7-4668-BE54-9A1E7A4F7556}") = "Authenticator", "references\WinAuth\Authenticator\Authenticator.csproj", "{D018C980-17FD-49BB-A95D-EDE3C18BBE0A}"
EndProject
Project("{9A19103F-16F7-4668-BE54-9A1E7A4F7556}") = "SAM.API", "references\SteamAchievementManager\SAM.API\SAM.API.csproj", "{6DD9644F-F005-4C19-8ADF-70C303EC5BB8}"
EndProject
Project("{9A19103F-16F7-4668-BE54-9A1E7A4F7556}") = "Steam4NET", "references\Steam4NET\Steam4NET\Steam4NET.csproj", "{3C05CED6-7712-40F0-AF17-8DD3F4C0A224}"
EndProject
Project("{9A19103F-16F7-4668-BE54-9A1E7A4F7556}") = "Titanium.Web.Proxy", "references\Titanium-Web-Proxy\src\Titanium.Web.Proxy\Titanium.Web.Proxy.csproj", "{35D60129-6652-4B6E-A04A-9766C3CF1869}"
EndProject
Global
	GlobalSection(SolutionConfigurationPlatforms) = preSolution
		Debug|Any CPU = Debug|Any CPU
		Debug|x86 = Debug|x86
		Release|Any CPU = Release|Any CPU
		Release|x86 = Release|x86
	EndGlobalSection
	GlobalSection(ProjectConfigurationPlatforms) = postSolution
		{512B0511-41AB-444D-BAD8-E19B7D3B52CB}.Debug|Any CPU.ActiveCfg = Debug|Any CPU
		{512B0511-41AB-444D-BAD8-E19B7D3B52CB}.Debug|Any CPU.Build.0 = Debug|Any CPU
		{512B0511-41AB-444D-BAD8-E19B7D3B52CB}.Debug|x86.ActiveCfg = Debug|Any CPU
		{512B0511-41AB-444D-BAD8-E19B7D3B52CB}.Debug|x86.Build.0 = Debug|Any CPU
		{512B0511-41AB-444D-BAD8-E19B7D3B52CB}.Release|Any CPU.ActiveCfg = Release|Any CPU
		{512B0511-41AB-444D-BAD8-E19B7D3B52CB}.Release|Any CPU.Build.0 = Release|Any CPU
		{512B0511-41AB-444D-BAD8-E19B7D3B52CB}.Release|x86.ActiveCfg = Release|Any CPU
		{512B0511-41AB-444D-BAD8-E19B7D3B52CB}.Release|x86.Build.0 = Release|Any CPU
		{8B9F2E93-B31B-4BA7-920D-732695A473E6}.Debug|Any CPU.ActiveCfg = Debug|Any CPU
		{8B9F2E93-B31B-4BA7-920D-732695A473E6}.Debug|Any CPU.Build.0 = Debug|Any CPU
		{8B9F2E93-B31B-4BA7-920D-732695A473E6}.Debug|x86.ActiveCfg = Debug|Any CPU
		{8B9F2E93-B31B-4BA7-920D-732695A473E6}.Debug|x86.Build.0 = Debug|Any CPU
		{8B9F2E93-B31B-4BA7-920D-732695A473E6}.Release|Any CPU.ActiveCfg = Release|Any CPU
		{8B9F2E93-B31B-4BA7-920D-732695A473E6}.Release|Any CPU.Build.0 = Release|Any CPU
		{8B9F2E93-B31B-4BA7-920D-732695A473E6}.Release|x86.ActiveCfg = Release|Any CPU
		{8B9F2E93-B31B-4BA7-920D-732695A473E6}.Release|x86.Build.0 = Release|Any CPU
		{E7468FDD-75F7-4B08-BA47-B715BBCFCC11}.Debug|Any CPU.ActiveCfg = Debug|Any CPU
		{E7468FDD-75F7-4B08-BA47-B715BBCFCC11}.Debug|Any CPU.Build.0 = Debug|Any CPU
		{E7468FDD-75F7-4B08-BA47-B715BBCFCC11}.Debug|x86.ActiveCfg = Debug|Any CPU
		{E7468FDD-75F7-4B08-BA47-B715BBCFCC11}.Debug|x86.Build.0 = Debug|Any CPU
		{E7468FDD-75F7-4B08-BA47-B715BBCFCC11}.Release|Any CPU.ActiveCfg = Release|Any CPU
		{E7468FDD-75F7-4B08-BA47-B715BBCFCC11}.Release|Any CPU.Build.0 = Release|Any CPU
		{E7468FDD-75F7-4B08-BA47-B715BBCFCC11}.Release|x86.ActiveCfg = Release|Any CPU
		{E7468FDD-75F7-4B08-BA47-B715BBCFCC11}.Release|x86.Build.0 = Release|Any CPU
		{7C8D906E-426B-49AB-9072-178555370F62}.Debug|Any CPU.ActiveCfg = Debug|Any CPU
		{7C8D906E-426B-49AB-9072-178555370F62}.Debug|Any CPU.Build.0 = Debug|Any CPU
		{7C8D906E-426B-49AB-9072-178555370F62}.Debug|x86.ActiveCfg = Debug|Any CPU
		{7C8D906E-426B-49AB-9072-178555370F62}.Debug|x86.Build.0 = Debug|Any CPU
		{7C8D906E-426B-49AB-9072-178555370F62}.Release|Any CPU.ActiveCfg = Release|Any CPU
		{7C8D906E-426B-49AB-9072-178555370F62}.Release|Any CPU.Build.0 = Release|Any CPU
		{7C8D906E-426B-49AB-9072-178555370F62}.Release|x86.ActiveCfg = Release|Any CPU
		{7C8D906E-426B-49AB-9072-178555370F62}.Release|x86.Build.0 = Release|Any CPU
		{F8F6973C-5831-43D1-89C2-1AD543CE7408}.Debug|Any CPU.ActiveCfg = Debug|Any CPU
		{F8F6973C-5831-43D1-89C2-1AD543CE7408}.Debug|Any CPU.Build.0 = Debug|Any CPU
		{F8F6973C-5831-43D1-89C2-1AD543CE7408}.Debug|x86.ActiveCfg = Debug|Any CPU
		{F8F6973C-5831-43D1-89C2-1AD543CE7408}.Debug|x86.Build.0 = Debug|Any CPU
		{F8F6973C-5831-43D1-89C2-1AD543CE7408}.Release|Any CPU.ActiveCfg = Release|Any CPU
		{F8F6973C-5831-43D1-89C2-1AD543CE7408}.Release|Any CPU.Build.0 = Release|Any CPU
		{F8F6973C-5831-43D1-89C2-1AD543CE7408}.Release|x86.ActiveCfg = Release|Any CPU
		{F8F6973C-5831-43D1-89C2-1AD543CE7408}.Release|x86.Build.0 = Release|Any CPU
		{6CD71E14-5036-4A16-8084-4AD108D34FF7}.Debug|Any CPU.ActiveCfg = Debug|Any CPU
		{6CD71E14-5036-4A16-8084-4AD108D34FF7}.Debug|Any CPU.Build.0 = Debug|Any CPU
		{6CD71E14-5036-4A16-8084-4AD108D34FF7}.Debug|x86.ActiveCfg = Debug|Any CPU
		{6CD71E14-5036-4A16-8084-4AD108D34FF7}.Debug|x86.Build.0 = Debug|Any CPU
		{6CD71E14-5036-4A16-8084-4AD108D34FF7}.Release|Any CPU.ActiveCfg = Release|Any CPU
		{6CD71E14-5036-4A16-8084-4AD108D34FF7}.Release|Any CPU.Build.0 = Release|Any CPU
		{6CD71E14-5036-4A16-8084-4AD108D34FF7}.Release|x86.ActiveCfg = Release|Any CPU
		{6CD71E14-5036-4A16-8084-4AD108D34FF7}.Release|x86.Build.0 = Release|Any CPU
		{65DE552F-5E62-4E4F-ADCB-F19AD3DB3F78}.Debug|Any CPU.ActiveCfg = Debug|Any CPU
		{65DE552F-5E62-4E4F-ADCB-F19AD3DB3F78}.Debug|Any CPU.Build.0 = Debug|Any CPU
		{65DE552F-5E62-4E4F-ADCB-F19AD3DB3F78}.Debug|x86.ActiveCfg = Debug|Any CPU
		{65DE552F-5E62-4E4F-ADCB-F19AD3DB3F78}.Debug|x86.Build.0 = Debug|Any CPU
		{65DE552F-5E62-4E4F-ADCB-F19AD3DB3F78}.Release|Any CPU.ActiveCfg = Release|Any CPU
		{65DE552F-5E62-4E4F-ADCB-F19AD3DB3F78}.Release|Any CPU.Build.0 = Release|Any CPU
		{65DE552F-5E62-4E4F-ADCB-F19AD3DB3F78}.Release|x86.ActiveCfg = Release|Any CPU
		{65DE552F-5E62-4E4F-ADCB-F19AD3DB3F78}.Release|x86.Build.0 = Release|Any CPU
		{B9D4C8C7-BF96-417B-A7F8-9A67AE75A38B}.Debug|Any CPU.ActiveCfg = Debug|Any CPU
		{B9D4C8C7-BF96-417B-A7F8-9A67AE75A38B}.Debug|Any CPU.Build.0 = Debug|Any CPU
		{B9D4C8C7-BF96-417B-A7F8-9A67AE75A38B}.Debug|x86.ActiveCfg = Debug|Any CPU
		{B9D4C8C7-BF96-417B-A7F8-9A67AE75A38B}.Debug|x86.Build.0 = Debug|Any CPU
		{B9D4C8C7-BF96-417B-A7F8-9A67AE75A38B}.Release|Any CPU.ActiveCfg = Release|Any CPU
		{B9D4C8C7-BF96-417B-A7F8-9A67AE75A38B}.Release|Any CPU.Build.0 = Release|Any CPU
		{B9D4C8C7-BF96-417B-A7F8-9A67AE75A38B}.Release|x86.ActiveCfg = Release|Any CPU
		{B9D4C8C7-BF96-417B-A7F8-9A67AE75A38B}.Release|x86.Build.0 = Release|Any CPU
		{0073A08E-6336-4C09-99F9-2E808889D715}.Debug|Any CPU.ActiveCfg = Debug|Any CPU
		{0073A08E-6336-4C09-99F9-2E808889D715}.Debug|Any CPU.Build.0 = Debug|Any CPU
		{0073A08E-6336-4C09-99F9-2E808889D715}.Debug|x86.ActiveCfg = Debug|Any CPU
		{0073A08E-6336-4C09-99F9-2E808889D715}.Debug|x86.Build.0 = Debug|Any CPU
		{0073A08E-6336-4C09-99F9-2E808889D715}.Release|Any CPU.ActiveCfg = Release|Any CPU
		{0073A08E-6336-4C09-99F9-2E808889D715}.Release|Any CPU.Build.0 = Release|Any CPU
		{0073A08E-6336-4C09-99F9-2E808889D715}.Release|x86.ActiveCfg = Release|Any CPU
		{0073A08E-6336-4C09-99F9-2E808889D715}.Release|x86.Build.0 = Release|Any CPU
		{AD7B78B0-AE51-4FB7-9B11-4E22A2B538CA}.Debug|Any CPU.ActiveCfg = Debug|Any CPU
		{AD7B78B0-AE51-4FB7-9B11-4E22A2B538CA}.Debug|Any CPU.Build.0 = Debug|Any CPU
		{AD7B78B0-AE51-4FB7-9B11-4E22A2B538CA}.Debug|Any CPU.Deploy.0 = Debug|Any CPU
		{AD7B78B0-AE51-4FB7-9B11-4E22A2B538CA}.Debug|x86.ActiveCfg = Debug|Any CPU
		{AD7B78B0-AE51-4FB7-9B11-4E22A2B538CA}.Debug|x86.Build.0 = Debug|Any CPU
		{AD7B78B0-AE51-4FB7-9B11-4E22A2B538CA}.Debug|x86.Deploy.0 = Debug|Any CPU
		{AD7B78B0-AE51-4FB7-9B11-4E22A2B538CA}.Release|Any CPU.ActiveCfg = Release|Any CPU
		{AD7B78B0-AE51-4FB7-9B11-4E22A2B538CA}.Release|Any CPU.Build.0 = Release|Any CPU
		{AD7B78B0-AE51-4FB7-9B11-4E22A2B538CA}.Release|Any CPU.Deploy.0 = Release|Any CPU
		{AD7B78B0-AE51-4FB7-9B11-4E22A2B538CA}.Release|x86.ActiveCfg = Release|Any CPU
		{AD7B78B0-AE51-4FB7-9B11-4E22A2B538CA}.Release|x86.Build.0 = Release|Any CPU
		{AD7B78B0-AE51-4FB7-9B11-4E22A2B538CA}.Release|x86.Deploy.0 = Release|Any CPU
		{66B7BFD6-6D4D-421B-BA5B-915348E53708}.Debug|Any CPU.ActiveCfg = Debug|Any CPU
		{66B7BFD6-6D4D-421B-BA5B-915348E53708}.Debug|Any CPU.Build.0 = Debug|Any CPU
		{66B7BFD6-6D4D-421B-BA5B-915348E53708}.Debug|x86.ActiveCfg = Debug|Any CPU
		{66B7BFD6-6D4D-421B-BA5B-915348E53708}.Debug|x86.Build.0 = Debug|Any CPU
		{66B7BFD6-6D4D-421B-BA5B-915348E53708}.Release|Any CPU.ActiveCfg = Release|Any CPU
		{66B7BFD6-6D4D-421B-BA5B-915348E53708}.Release|Any CPU.Build.0 = Release|Any CPU
		{66B7BFD6-6D4D-421B-BA5B-915348E53708}.Release|x86.ActiveCfg = Release|Any CPU
		{66B7BFD6-6D4D-421B-BA5B-915348E53708}.Release|x86.Build.0 = Release|Any CPU
		{0A624994-B0A9-4F1F-B7D0-97FE2929936B}.Debug|Any CPU.ActiveCfg = Debug|Any CPU
		{0A624994-B0A9-4F1F-B7D0-97FE2929936B}.Debug|Any CPU.Build.0 = Debug|Any CPU
		{0A624994-B0A9-4F1F-B7D0-97FE2929936B}.Debug|x86.ActiveCfg = Debug|Any CPU
		{0A624994-B0A9-4F1F-B7D0-97FE2929936B}.Debug|x86.Build.0 = Debug|Any CPU
		{0A624994-B0A9-4F1F-B7D0-97FE2929936B}.Release|Any CPU.ActiveCfg = Release|Any CPU
		{0A624994-B0A9-4F1F-B7D0-97FE2929936B}.Release|Any CPU.Build.0 = Release|Any CPU
		{0A624994-B0A9-4F1F-B7D0-97FE2929936B}.Release|x86.ActiveCfg = Release|Any CPU
		{0A624994-B0A9-4F1F-B7D0-97FE2929936B}.Release|x86.Build.0 = Release|Any CPU
		{D1F15D97-802E-4AA3-A4A5-B890ABE32897}.Debug|Any CPU.ActiveCfg = Debug|Any CPU
		{D1F15D97-802E-4AA3-A4A5-B890ABE32897}.Debug|Any CPU.Build.0 = Debug|Any CPU
		{D1F15D97-802E-4AA3-A4A5-B890ABE32897}.Debug|x86.ActiveCfg = Debug|Any CPU
		{D1F15D97-802E-4AA3-A4A5-B890ABE32897}.Debug|x86.Build.0 = Debug|Any CPU
		{D1F15D97-802E-4AA3-A4A5-B890ABE32897}.Release|Any CPU.ActiveCfg = Release|Any CPU
		{D1F15D97-802E-4AA3-A4A5-B890ABE32897}.Release|Any CPU.Build.0 = Release|Any CPU
		{D1F15D97-802E-4AA3-A4A5-B890ABE32897}.Release|x86.ActiveCfg = Release|Any CPU
		{D1F15D97-802E-4AA3-A4A5-B890ABE32897}.Release|x86.Build.0 = Release|Any CPU
		{2FFA5BCE-B3C3-46EA-8830-838C938BF814}.Debug|Any CPU.ActiveCfg = Debug|Any CPU
		{2FFA5BCE-B3C3-46EA-8830-838C938BF814}.Debug|Any CPU.Build.0 = Debug|Any CPU
		{2FFA5BCE-B3C3-46EA-8830-838C938BF814}.Debug|x86.ActiveCfg = Debug|Any CPU
		{2FFA5BCE-B3C3-46EA-8830-838C938BF814}.Debug|x86.Build.0 = Debug|Any CPU
		{2FFA5BCE-B3C3-46EA-8830-838C938BF814}.Release|Any CPU.ActiveCfg = Release|Any CPU
		{2FFA5BCE-B3C3-46EA-8830-838C938BF814}.Release|Any CPU.Build.0 = Release|Any CPU
		{2FFA5BCE-B3C3-46EA-8830-838C938BF814}.Release|x86.ActiveCfg = Release|Any CPU
		{2FFA5BCE-B3C3-46EA-8830-838C938BF814}.Release|x86.Build.0 = Release|Any CPU
		{4F09B6D1-3F83-45A0-AEC8-0F243E7CD263}.Debug|Any CPU.ActiveCfg = Debug|Any CPU
		{4F09B6D1-3F83-45A0-AEC8-0F243E7CD263}.Debug|Any CPU.Build.0 = Debug|Any CPU
		{4F09B6D1-3F83-45A0-AEC8-0F243E7CD263}.Debug|x86.ActiveCfg = Debug|Any CPU
		{4F09B6D1-3F83-45A0-AEC8-0F243E7CD263}.Debug|x86.Build.0 = Debug|Any CPU
		{4F09B6D1-3F83-45A0-AEC8-0F243E7CD263}.Release|Any CPU.ActiveCfg = Release|Any CPU
		{4F09B6D1-3F83-45A0-AEC8-0F243E7CD263}.Release|Any CPU.Build.0 = Release|Any CPU
		{4F09B6D1-3F83-45A0-AEC8-0F243E7CD263}.Release|x86.ActiveCfg = Release|Any CPU
		{4F09B6D1-3F83-45A0-AEC8-0F243E7CD263}.Release|x86.Build.0 = Release|Any CPU
		{D4CF08F5-8EAB-48FB-AAA3-1A221F7B2A82}.Debug|Any CPU.ActiveCfg = Debug|Any CPU
		{D4CF08F5-8EAB-48FB-AAA3-1A221F7B2A82}.Debug|Any CPU.Build.0 = Debug|Any CPU
		{D4CF08F5-8EAB-48FB-AAA3-1A221F7B2A82}.Debug|x86.ActiveCfg = Debug|Any CPU
		{D4CF08F5-8EAB-48FB-AAA3-1A221F7B2A82}.Debug|x86.Build.0 = Debug|Any CPU
		{D4CF08F5-8EAB-48FB-AAA3-1A221F7B2A82}.Release|Any CPU.ActiveCfg = Release|Any CPU
		{D4CF08F5-8EAB-48FB-AAA3-1A221F7B2A82}.Release|Any CPU.Build.0 = Release|Any CPU
		{D4CF08F5-8EAB-48FB-AAA3-1A221F7B2A82}.Release|x86.ActiveCfg = Release|Any CPU
		{D4CF08F5-8EAB-48FB-AAA3-1A221F7B2A82}.Release|x86.Build.0 = Release|Any CPU
		{948C1EA8-12DB-4F8A-A190-8615DFBD9FE4}.Debug|Any CPU.ActiveCfg = Debug|Any CPU
		{948C1EA8-12DB-4F8A-A190-8615DFBD9FE4}.Debug|Any CPU.Build.0 = Debug|Any CPU
		{948C1EA8-12DB-4F8A-A190-8615DFBD9FE4}.Debug|x86.ActiveCfg = Debug|Any CPU
		{948C1EA8-12DB-4F8A-A190-8615DFBD9FE4}.Debug|x86.Build.0 = Debug|Any CPU
		{948C1EA8-12DB-4F8A-A190-8615DFBD9FE4}.Release|Any CPU.ActiveCfg = Release|Any CPU
		{948C1EA8-12DB-4F8A-A190-8615DFBD9FE4}.Release|Any CPU.Build.0 = Release|Any CPU
		{948C1EA8-12DB-4F8A-A190-8615DFBD9FE4}.Release|x86.ActiveCfg = Release|Any CPU
		{948C1EA8-12DB-4F8A-A190-8615DFBD9FE4}.Release|x86.Build.0 = Release|Any CPU
		{141532E1-540E-4E50-8723-96936C191281}.Debug|Any CPU.ActiveCfg = Debug|Any CPU
		{141532E1-540E-4E50-8723-96936C191281}.Debug|Any CPU.Build.0 = Debug|Any CPU
		{141532E1-540E-4E50-8723-96936C191281}.Debug|x86.ActiveCfg = Debug|Any CPU
		{141532E1-540E-4E50-8723-96936C191281}.Debug|x86.Build.0 = Debug|Any CPU
		{141532E1-540E-4E50-8723-96936C191281}.Release|Any CPU.ActiveCfg = Release|Any CPU
		{141532E1-540E-4E50-8723-96936C191281}.Release|Any CPU.Build.0 = Release|Any CPU
		{141532E1-540E-4E50-8723-96936C191281}.Release|x86.ActiveCfg = Release|Any CPU
		{141532E1-540E-4E50-8723-96936C191281}.Release|x86.Build.0 = Release|Any CPU
		{60530AF8-4790-4A85-BCE2-C5673E9C601B}.Debug|Any CPU.ActiveCfg = Debug|Any CPU
		{60530AF8-4790-4A85-BCE2-C5673E9C601B}.Debug|Any CPU.Build.0 = Debug|Any CPU
		{60530AF8-4790-4A85-BCE2-C5673E9C601B}.Debug|x86.ActiveCfg = Debug|Any CPU
		{60530AF8-4790-4A85-BCE2-C5673E9C601B}.Debug|x86.Build.0 = Debug|Any CPU
		{60530AF8-4790-4A85-BCE2-C5673E9C601B}.Release|Any CPU.ActiveCfg = Release|Any CPU
		{60530AF8-4790-4A85-BCE2-C5673E9C601B}.Release|Any CPU.Build.0 = Release|Any CPU
		{60530AF8-4790-4A85-BCE2-C5673E9C601B}.Release|x86.ActiveCfg = Release|Any CPU
		{60530AF8-4790-4A85-BCE2-C5673E9C601B}.Release|x86.Build.0 = Release|Any CPU
		{5A539932-2EB9-40F6-A4C1-94E5ECAB3B34}.Debug|Any CPU.ActiveCfg = Debug|Any CPU
		{5A539932-2EB9-40F6-A4C1-94E5ECAB3B34}.Debug|Any CPU.Build.0 = Debug|Any CPU
		{5A539932-2EB9-40F6-A4C1-94E5ECAB3B34}.Debug|x86.ActiveCfg = Debug|Any CPU
		{5A539932-2EB9-40F6-A4C1-94E5ECAB3B34}.Debug|x86.Build.0 = Debug|Any CPU
		{5A539932-2EB9-40F6-A4C1-94E5ECAB3B34}.Release|Any CPU.ActiveCfg = Release|Any CPU
		{5A539932-2EB9-40F6-A4C1-94E5ECAB3B34}.Release|Any CPU.Build.0 = Release|Any CPU
		{5A539932-2EB9-40F6-A4C1-94E5ECAB3B34}.Release|x86.ActiveCfg = Release|Any CPU
		{5A539932-2EB9-40F6-A4C1-94E5ECAB3B34}.Release|x86.Build.0 = Release|Any CPU
		{D018C980-17FD-49BB-A95D-EDE3C18BBE0A}.Debug|Any CPU.ActiveCfg = Debug|Any CPU
		{D018C980-17FD-49BB-A95D-EDE3C18BBE0A}.Debug|Any CPU.Build.0 = Debug|Any CPU
		{D018C980-17FD-49BB-A95D-EDE3C18BBE0A}.Debug|x86.ActiveCfg = Debug|Any CPU
		{D018C980-17FD-49BB-A95D-EDE3C18BBE0A}.Debug|x86.Build.0 = Debug|Any CPU
		{D018C980-17FD-49BB-A95D-EDE3C18BBE0A}.Release|Any CPU.ActiveCfg = Release|Any CPU
		{D018C980-17FD-49BB-A95D-EDE3C18BBE0A}.Release|Any CPU.Build.0 = Release|Any CPU
		{D018C980-17FD-49BB-A95D-EDE3C18BBE0A}.Release|x86.ActiveCfg = Release|Any CPU
		{D018C980-17FD-49BB-A95D-EDE3C18BBE0A}.Release|x86.Build.0 = Release|Any CPU
		{6DD9644F-F005-4C19-8ADF-70C303EC5BB8}.Debug|Any CPU.ActiveCfg = Debug|x86
		{6DD9644F-F005-4C19-8ADF-70C303EC5BB8}.Debug|x86.ActiveCfg = Debug|x86
		{6DD9644F-F005-4C19-8ADF-70C303EC5BB8}.Debug|x86.Build.0 = Debug|x86
		{6DD9644F-F005-4C19-8ADF-70C303EC5BB8}.Release|Any CPU.ActiveCfg = Release|x86
		{6DD9644F-F005-4C19-8ADF-70C303EC5BB8}.Release|x86.ActiveCfg = Release|x86
		{6DD9644F-F005-4C19-8ADF-70C303EC5BB8}.Release|x86.Build.0 = Release|x86
		{3C05CED6-7712-40F0-AF17-8DD3F4C0A224}.Debug|Any CPU.ActiveCfg = Debug|x86
		{3C05CED6-7712-40F0-AF17-8DD3F4C0A224}.Debug|x86.ActiveCfg = Debug|x86
		{3C05CED6-7712-40F0-AF17-8DD3F4C0A224}.Debug|x86.Build.0 = Debug|x86
		{3C05CED6-7712-40F0-AF17-8DD3F4C0A224}.Release|Any CPU.ActiveCfg = Release|x86
		{3C05CED6-7712-40F0-AF17-8DD3F4C0A224}.Release|x86.ActiveCfg = Release|x86
		{3C05CED6-7712-40F0-AF17-8DD3F4C0A224}.Release|x86.Build.0 = Release|x86
		{35D60129-6652-4B6E-A04A-9766C3CF1869}.Debug|Any CPU.ActiveCfg = Debug|Any CPU
		{35D60129-6652-4B6E-A04A-9766C3CF1869}.Debug|Any CPU.Build.0 = Debug|Any CPU
		{35D60129-6652-4B6E-A04A-9766C3CF1869}.Debug|x86.ActiveCfg = Debug|Any CPU
		{35D60129-6652-4B6E-A04A-9766C3CF1869}.Debug|x86.Build.0 = Debug|Any CPU
		{35D60129-6652-4B6E-A04A-9766C3CF1869}.Release|Any CPU.ActiveCfg = Release|Any CPU
		{35D60129-6652-4B6E-A04A-9766C3CF1869}.Release|Any CPU.Build.0 = Release|Any CPU
		{35D60129-6652-4B6E-A04A-9766C3CF1869}.Release|x86.ActiveCfg = Release|Any CPU
		{35D60129-6652-4B6E-A04A-9766C3CF1869}.Release|x86.Build.0 = Release|Any CPU
	EndGlobalSection
	GlobalSection(SolutionProperties) = preSolution
		HideSolutionNode = FALSE
	EndGlobalSection
	GlobalSection(NestedProjects) = preSolution
		{512B0511-41AB-444D-BAD8-E19B7D3B52CB} = {DA8EFCA8-5396-48C7-8DC0-CB28A09488D9}
		{8B9F2E93-B31B-4BA7-920D-732695A473E6} = {9AF522B5-8923-41E6-8A0A-FAE8E8F83439}
		{E7468FDD-75F7-4B08-BA47-B715BBCFCC11} = {D40853F1-B3C5-418A-B1D3-E0FB70B2F394}
		{7C8D906E-426B-49AB-9072-178555370F62} = {9AF522B5-8923-41E6-8A0A-FAE8E8F83439}
		{F8F6973C-5831-43D1-89C2-1AD543CE7408} = {9AF522B5-8923-41E6-8A0A-FAE8E8F83439}
		{D40853F1-B3C5-418A-B1D3-E0FB70B2F394} = {2D44BDCF-B70C-4C02-BDC8-4F1DD5066A75}
		{9AF522B5-8923-41E6-8A0A-FAE8E8F83439} = {2D44BDCF-B70C-4C02-BDC8-4F1DD5066A75}
		{DA8EFCA8-5396-48C7-8DC0-CB28A09488D9} = {2D44BDCF-B70C-4C02-BDC8-4F1DD5066A75}
		{6CD71E14-5036-4A16-8084-4AD108D34FF7} = {F7AFD002-B231-4A5E-B320-56EFC3210E2C}
		{65DE552F-5E62-4E4F-ADCB-F19AD3DB3F78} = {F7AFD002-B231-4A5E-B320-56EFC3210E2C}
		{F7AFD002-B231-4A5E-B320-56EFC3210E2C} = {B43459A1-709B-4623-9677-AAC2FEE4FBA3}
		{1460800B-D9ED-4147-B1E7-ABF502BEF59A} = {B43459A1-709B-4623-9677-AAC2FEE4FBA3}
		{EBC9DD0C-F7D0-4A00-B263-E69CF4E194F1} = {2D44BDCF-B70C-4C02-BDC8-4F1DD5066A75}
		{B9D4C8C7-BF96-417B-A7F8-9A67AE75A38B} = {EBC9DD0C-F7D0-4A00-B263-E69CF4E194F1}
		{0073A08E-6336-4C09-99F9-2E808889D715} = {EBC9DD0C-F7D0-4A00-B263-E69CF4E194F1}
		{AD7B78B0-AE51-4FB7-9B11-4E22A2B538CA} = {EBC9DD0C-F7D0-4A00-B263-E69CF4E194F1}
		{66B7BFD6-6D4D-421B-BA5B-915348E53708} = {B43459A1-709B-4623-9677-AAC2FEE4FBA3}
		{0A624994-B0A9-4F1F-B7D0-97FE2929936B} = {B43459A1-709B-4623-9677-AAC2FEE4FBA3}
		{D1F15D97-802E-4AA3-A4A5-B890ABE32897} = {B43459A1-709B-4623-9677-AAC2FEE4FBA3}
		{2FFA5BCE-B3C3-46EA-8830-838C938BF814} = {1460800B-D9ED-4147-B1E7-ABF502BEF59A}
		{4F09B6D1-3F83-45A0-AEC8-0F243E7CD263} = {B43459A1-709B-4623-9677-AAC2FEE4FBA3}
		{D4CF08F5-8EAB-48FB-AAA3-1A221F7B2A82} = {B43459A1-709B-4623-9677-AAC2FEE4FBA3}
		{948C1EA8-12DB-4F8A-A190-8615DFBD9FE4} = {B43459A1-709B-4623-9677-AAC2FEE4FBA3}
		{141532E1-540E-4E50-8723-96936C191281} = {B43459A1-709B-4623-9677-AAC2FEE4FBA3}
		{60530AF8-4790-4A85-BCE2-C5673E9C601B} = {CC6FF77A-6E6B-4D42-B12B-0177745E9D22}
		{5A539932-2EB9-40F6-A4C1-94E5ECAB3B34} = {CC6FF77A-6E6B-4D42-B12B-0177745E9D22}
		{CC6FF77A-6E6B-4D42-B12B-0177745E9D22} = {1460800B-D9ED-4147-B1E7-ABF502BEF59A}
		{8EB91F53-1062-4E9B-8E4A-096F35EA688D} = {B43459A1-709B-4623-9677-AAC2FEE4FBA3}
		{D018C980-17FD-49BB-A95D-EDE3C18BBE0A} = {8EB91F53-1062-4E9B-8E4A-096F35EA688D}
		{6DD9644F-F005-4C19-8ADF-70C303EC5BB8} = {8EB91F53-1062-4E9B-8E4A-096F35EA688D}
		{3C05CED6-7712-40F0-AF17-8DD3F4C0A224} = {8EB91F53-1062-4E9B-8E4A-096F35EA688D}
		{35D60129-6652-4B6E-A04A-9766C3CF1869} = {8EB91F53-1062-4E9B-8E4A-096F35EA688D}
	EndGlobalSection
	GlobalSection(ExtensibilityGlobals) = postSolution
		SolutionGuid = {3833E7C5-69BC-4CB3-92CE-A8854AA35D8A}
	EndGlobalSection
EndGlobal
