
Microsoft Visual Studio Solution File, Format Version 12.00
# Visual Studio Version 16
VisualStudioVersion = 16.0.30114.105
MinimumVisualStudioVersion = 10.0.40219.1
Project("{2150E333-8FDC-42A3-9474-1A3956D46DE8}") = "UI", "UI", "{45E5B6B2-0A6D-4D57-804B-7B8313145B62}"
EndProject
Project("{2150E333-8FDC-42A3-9474-1A3956D46DE8}") = "Core", "Core", "{350F425C-AF5A-4ED2-BDDC-B905A4E63A14}"
EndProject
Project("{9A19103F-16F7-4668-BE54-9A1E7A4F7556}") = "SteamTool.Proxy", "SteamTool.Proxy\SteamTool.Proxy.csproj", "{A70C148D-042C-48DA-9963-0B777FC60215}"
EndProject
Project("{2150E333-8FDC-42A3-9474-1A3956D46DE8}") = "Composition", "Composition", "{F62E508E-B374-4149-B9AC-0A8090AA6CD1}"
EndProject
Project("{9A19103F-16F7-4668-BE54-9A1E7A4F7556}") = "SteamTool.Composition", "SteamTools.Composition\SteamTool.Composition.csproj", "{0B596E92-4CAD-4734-B364-EF69393D3751}"
EndProject
Project("{9A19103F-16F7-4668-BE54-9A1E7A4F7556}") = "SteamTool.Steam.Service", "SteamTools.Steam.Service\SteamTool.Steam.Service.csproj", "{2A155A7B-3DFD-4F16-929D-9693D2411B83}"
EndProject
Project("{9A19103F-16F7-4668-BE54-9A1E7A4F7556}") = "SteamTool.Core", "SteamTool.Core\SteamTool.Core.csproj", "{23E26040-19A5-4623-8863-B9ED539403B0}"
EndProject
Project("{9A19103F-16F7-4668-BE54-9A1E7A4F7556}") = "SteamTools", "SteamTools\SteamTools.csproj", "{0663899A-2EC5-4929-868C-9D9620FEA4FE}"
EndProject
Project("{9A19103F-16F7-4668-BE54-9A1E7A4F7556}") = "SteamTool.Steam4NET.Test", "SteamTool.Steam4NET.Test\SteamTool.Steam4NET.Test.csproj", "{790D22D4-94B0-4575-8E2D-C451EC520407}"
EndProject
Project("{9A19103F-16F7-4668-BE54-9A1E7A4F7556}") = "SteamTool.Steam4NET", "SteamTool.Steam4NET\SteamTool.Steam4NET.csproj", "{D4157059-D31A-4A21-AF4C-2D458F768041}"
EndProject
Project("{2150E333-8FDC-42A3-9474-1A3956D46DE8}") = "Test", "Test", "{D245A82C-66B2-4CD5-881C-3ED4332FC91D}"
EndProject
Project("{9A19103F-16F7-4668-BE54-9A1E7A4F7556}") = "SteamTool.WebApi.Service", "SteamTool.WebApi.Service\SteamTool.WebApi.Service.csproj", "{89C01C37-797E-4350-BEB8-90023C18E1BA}"
EndProject
Project("{9A19103F-16F7-4668-BE54-9A1E7A4F7556}") = "SteamTool.Steamworks.Test", "SteamTool.Steamworks.Test\SteamTool.Steamworks.Test.csproj", "{C03E4CF5-D68F-4CAC-B002-3A6799ED9E15}"
EndProject
Project("{2150E333-8FDC-42A3-9474-1A3956D46DE8}") = "lib", "lib", "{868B3B33-14B3-49AF-AE01-28D85FD98C1F}"
	ProjectSection(SolutionItems) = preProject
		Lib\MetroRadiance.Chrome.dll = Lib\MetroRadiance.Chrome.dll
		Lib\MetroRadiance.Chrome.Externals.dll = Lib\MetroRadiance.Chrome.Externals.dll
		Lib\MetroRadiance.Core.dll = Lib\MetroRadiance.Core.dll
		Lib\MetroRadiance.dll = Lib\MetroRadiance.dll
		C:\Users\Dark\Desktop\Titanium-Web-Proxy-master\Titanium-Web-Proxy-master\src\Titanium.Web.Proxy\obj\Debug\netstandard2.0\Titanium.Web.Proxy.dll = C:\Users\Dark\Desktop\Titanium-Web-Proxy-master\Titanium-Web-Proxy-master\src\Titanium.Web.Proxy\obj\Debug\netstandard2.0\Titanium.Web.Proxy.dll
	EndProjectSection
EndProject
Project("{9A19103F-16F7-4668-BE54-9A1E7A4F7556}") = "SteamTool.Proxy.Test", "SteamTool.Proxy.Test\SteamTool.Proxy.Test.csproj", "{4C441E34-FA65-4425-8242-4EB767BA9B95}"
EndProject
Global
	GlobalSection(SolutionConfigurationPlatforms) = preSolution
		Debug|Any CPU = Debug|Any CPU
		Release|Any CPU = Release|Any CPU
		发布|Any CPU = 发布|Any CPU
	EndGlobalSection
	GlobalSection(ProjectConfigurationPlatforms) = postSolution
		{A70C148D-042C-48DA-9963-0B777FC60215}.Debug|Any CPU.ActiveCfg = Debug|Any CPU
		{A70C148D-042C-48DA-9963-0B777FC60215}.Debug|Any CPU.Build.0 = Debug|Any CPU
		{A70C148D-042C-48DA-9963-0B777FC60215}.Release|Any CPU.ActiveCfg = Release|Any CPU
		{A70C148D-042C-48DA-9963-0B777FC60215}.Release|Any CPU.Build.0 = Release|Any CPU
		{A70C148D-042C-48DA-9963-0B777FC60215}.发布|Any CPU.ActiveCfg = 发布|Any CPU
		{A70C148D-042C-48DA-9963-0B777FC60215}.发布|Any CPU.Build.0 = 发布|Any CPU
		{0B596E92-4CAD-4734-B364-EF69393D3751}.Debug|Any CPU.ActiveCfg = Debug|Any CPU
		{0B596E92-4CAD-4734-B364-EF69393D3751}.Debug|Any CPU.Build.0 = Debug|Any CPU
		{0B596E92-4CAD-4734-B364-EF69393D3751}.Release|Any CPU.ActiveCfg = Release|Any CPU
		{0B596E92-4CAD-4734-B364-EF69393D3751}.Release|Any CPU.Build.0 = Release|Any CPU
		{0B596E92-4CAD-4734-B364-EF69393D3751}.发布|Any CPU.ActiveCfg = 发布|Any CPU
		{0B596E92-4CAD-4734-B364-EF69393D3751}.发布|Any CPU.Build.0 = 发布|Any CPU
		{2A155A7B-3DFD-4F16-929D-9693D2411B83}.Debug|Any CPU.ActiveCfg = Debug|Any CPU
		{2A155A7B-3DFD-4F16-929D-9693D2411B83}.Debug|Any CPU.Build.0 = Debug|Any CPU
		{2A155A7B-3DFD-4F16-929D-9693D2411B83}.Release|Any CPU.ActiveCfg = Release|Any CPU
		{2A155A7B-3DFD-4F16-929D-9693D2411B83}.Release|Any CPU.Build.0 = Release|Any CPU
		{2A155A7B-3DFD-4F16-929D-9693D2411B83}.发布|Any CPU.ActiveCfg = 发布|Any CPU
		{2A155A7B-3DFD-4F16-929D-9693D2411B83}.发布|Any CPU.Build.0 = 发布|Any CPU
		{23E26040-19A5-4623-8863-B9ED539403B0}.Debug|Any CPU.ActiveCfg = Debug|Any CPU
		{23E26040-19A5-4623-8863-B9ED539403B0}.Debug|Any CPU.Build.0 = Debug|Any CPU
		{23E26040-19A5-4623-8863-B9ED539403B0}.Release|Any CPU.ActiveCfg = Release|Any CPU
		{23E26040-19A5-4623-8863-B9ED539403B0}.Release|Any CPU.Build.0 = Release|Any CPU
		{23E26040-19A5-4623-8863-B9ED539403B0}.发布|Any CPU.ActiveCfg = Release|Any CPU
		{23E26040-19A5-4623-8863-B9ED539403B0}.发布|Any CPU.Build.0 = Release|Any CPU
		{0663899A-2EC5-4929-868C-9D9620FEA4FE}.Debug|Any CPU.ActiveCfg = Debug|Any CPU
		{0663899A-2EC5-4929-868C-9D9620FEA4FE}.Debug|Any CPU.Build.0 = Debug|Any CPU
		{0663899A-2EC5-4929-868C-9D9620FEA4FE}.Release|Any CPU.ActiveCfg = Release|Any CPU
		{0663899A-2EC5-4929-868C-9D9620FEA4FE}.Release|Any CPU.Build.0 = Release|Any CPU
		{0663899A-2EC5-4929-868C-9D9620FEA4FE}.发布|Any CPU.ActiveCfg = Release|Any CPU
		{0663899A-2EC5-4929-868C-9D9620FEA4FE}.发布|Any CPU.Build.0 = Release|Any CPU
		{790D22D4-94B0-4575-8E2D-C451EC520407}.Debug|Any CPU.ActiveCfg = Debug|Any CPU
		{790D22D4-94B0-4575-8E2D-C451EC520407}.Debug|Any CPU.Build.0 = Debug|Any CPU
		{790D22D4-94B0-4575-8E2D-C451EC520407}.Release|Any CPU.ActiveCfg = Release|Any CPU
		{790D22D4-94B0-4575-8E2D-C451EC520407}.Release|Any CPU.Build.0 = Release|Any CPU
		{790D22D4-94B0-4575-8E2D-C451EC520407}.发布|Any CPU.ActiveCfg = Release|Any CPU
		{790D22D4-94B0-4575-8E2D-C451EC520407}.发布|Any CPU.Build.0 = Release|Any CPU
		{D4157059-D31A-4A21-AF4C-2D458F768041}.Debug|Any CPU.ActiveCfg = Debug|Any CPU
		{D4157059-D31A-4A21-AF4C-2D458F768041}.Debug|Any CPU.Build.0 = Debug|Any CPU
		{D4157059-D31A-4A21-AF4C-2D458F768041}.Release|Any CPU.ActiveCfg = Release|Any CPU
		{D4157059-D31A-4A21-AF4C-2D458F768041}.Release|Any CPU.Build.0 = Release|Any CPU
		{D4157059-D31A-4A21-AF4C-2D458F768041}.发布|Any CPU.ActiveCfg = Release|Any CPU
		{D4157059-D31A-4A21-AF4C-2D458F768041}.发布|Any CPU.Build.0 = Release|Any CPU
		{89C01C37-797E-4350-BEB8-90023C18E1BA}.Debug|Any CPU.ActiveCfg = Debug|Any CPU
		{89C01C37-797E-4350-BEB8-90023C18E1BA}.Debug|Any CPU.Build.0 = Debug|Any CPU
		{89C01C37-797E-4350-BEB8-90023C18E1BA}.Release|Any CPU.ActiveCfg = Release|Any CPU
		{89C01C37-797E-4350-BEB8-90023C18E1BA}.Release|Any CPU.Build.0 = Release|Any CPU
		{89C01C37-797E-4350-BEB8-90023C18E1BA}.发布|Any CPU.ActiveCfg = 发布|Any CPU
		{89C01C37-797E-4350-BEB8-90023C18E1BA}.发布|Any CPU.Build.0 = 发布|Any CPU
		{C03E4CF5-D68F-4CAC-B002-3A6799ED9E15}.Debug|Any CPU.ActiveCfg = Debug|Any CPU
		{C03E4CF5-D68F-4CAC-B002-3A6799ED9E15}.Debug|Any CPU.Build.0 = Debug|Any CPU
		{C03E4CF5-D68F-4CAC-B002-3A6799ED9E15}.Release|Any CPU.ActiveCfg = Release|Any CPU
		{C03E4CF5-D68F-4CAC-B002-3A6799ED9E15}.Release|Any CPU.Build.0 = Release|Any CPU
		{C03E4CF5-D68F-4CAC-B002-3A6799ED9E15}.发布|Any CPU.ActiveCfg = Release|Any CPU
		{C03E4CF5-D68F-4CAC-B002-3A6799ED9E15}.发布|Any CPU.Build.0 = Release|Any CPU
		{4C441E34-FA65-4425-8242-4EB767BA9B95}.Debug|Any CPU.ActiveCfg = Debug|Any CPU
		{4C441E34-FA65-4425-8242-4EB767BA9B95}.Debug|Any CPU.Build.0 = Debug|Any CPU
		{4C441E34-FA65-4425-8242-4EB767BA9B95}.Release|Any CPU.ActiveCfg = Release|Any CPU
		{4C441E34-FA65-4425-8242-4EB767BA9B95}.Release|Any CPU.Build.0 = Release|Any CPU
		{4C441E34-FA65-4425-8242-4EB767BA9B95}.发布|Any CPU.ActiveCfg = Release|Any CPU
		{4C441E34-FA65-4425-8242-4EB767BA9B95}.发布|Any CPU.Build.0 = Release|Any CPU
	EndGlobalSection
	GlobalSection(SolutionProperties) = preSolution
		HideSolutionNode = FALSE
	EndGlobalSection
	GlobalSection(NestedProjects) = preSolution
		{A70C148D-042C-48DA-9963-0B777FC60215} = {350F425C-AF5A-4ED2-BDDC-B905A4E63A14}
		{0B596E92-4CAD-4734-B364-EF69393D3751} = {F62E508E-B374-4149-B9AC-0A8090AA6CD1}
		{2A155A7B-3DFD-4F16-929D-9693D2411B83} = {350F425C-AF5A-4ED2-BDDC-B905A4E63A14}
		{23E26040-19A5-4623-8863-B9ED539403B0} = {350F425C-AF5A-4ED2-BDDC-B905A4E63A14}
		{0663899A-2EC5-4929-868C-9D9620FEA4FE} = {45E5B6B2-0A6D-4D57-804B-7B8313145B62}
		{790D22D4-94B0-4575-8E2D-C451EC520407} = {D245A82C-66B2-4CD5-881C-3ED4332FC91D}
		{D4157059-D31A-4A21-AF4C-2D458F768041} = {F62E508E-B374-4149-B9AC-0A8090AA6CD1}
		{89C01C37-797E-4350-BEB8-90023C18E1BA} = {350F425C-AF5A-4ED2-BDDC-B905A4E63A14}
		{C03E4CF5-D68F-4CAC-B002-3A6799ED9E15} = {D245A82C-66B2-4CD5-881C-3ED4332FC91D}
		{4C441E34-FA65-4425-8242-4EB767BA9B95} = {D245A82C-66B2-4CD5-881C-3ED4332FC91D}
	EndGlobalSection
	GlobalSection(ExtensibilityGlobals) = postSolution
		SolutionGuid = {5214732D-5A99-44C5-9F02-56348CC457EF}
	EndGlobalSection
EndGlobal
