
Microsoft Visual Studio Solution File, Format Version 12.00
# Visual Studio Version 16
VisualStudioVersion = 16.0.31019.35
MinimumVisualStudioVersion = 10.0.40219.1
Project("{9A19103F-16F7-4668-BE54-9A1E7A4F7556}") = "Authenticator", "Authenticator\Authenticator.csproj", "{3A299D80-D745-481F-88B8-8F22FFBBB77F}"
EndProject
Global
	GlobalSection(SolutionConfigurationPlatforms) = preSolution
		Debug|Any CPU = Debug|Any CPU
		Release|Any CPU = Release|Any CPU
	EndGlobalSection
	GlobalSection(ProjectConfigurationPlatforms) = postSolution
		{3A299D80-D745-481F-88B8-8F22FFBBB77F}.Debug|Any CPU.ActiveCfg = Debug|Any CPU
		{3A299D80-D745-481F-88B8-8F22FFBBB77F}.Debug|Any CPU.Build.0 = Debug|Any CPU
		{3A299D80-D745-481F-88B8-8F22FFBBB77F}.Release|Any CPU.ActiveCfg = Release|Any CPU
		{3A299D80-D745-481F-88B8-8F22FFBBB77F}.Release|Any CPU.Build.0 = Release|Any CPU
	EndGlobalSection
	GlobalSection(SolutionProperties) = preSolution
		HideSolutionNode = FALSE
	EndGlobalSection
	GlobalSection(ExtensibilityGlobals) = postSolution
		SolutionGuid = {6B642048-5921-466F-967B-8764F732E85C}
	EndGlobalSection
EndGlobal
