
Microsoft Visual Studio Solution File, Format Version 12.00
# Visual Studio Version 16
VisualStudioVersion = 16.0.29102.190
MinimumVisualStudioVersion = 10.0.40219.1
Project("{2150E333-8FDC-42A3-9474-1A3956D46DE8}") = "Examples", "Examples", "{B6DBABDC-C985-4872-9C38-B4E5079CBC4B}"
EndProject
Project("{2150E333-8FDC-42A3-9474-1A3956D46DE8}") = "Documentation", "Documentation", "{38EA62D0-D2CB-465D-AF4F-407C5B4D4A1E}"
	ProjectSection(SolutionItems) = preProject
		..\LICENSE = ..\LICENSE
		..\PULL_REQUEST_TEMPLATE.md = ..\PULL_REQUEST_TEMPLATE.md
		..\README.md = ..\README.md
	EndProjectSection
EndProject
Project("{2150E333-8FDC-42A3-9474-1A3956D46DE8}") = "Build", "Build", "{AC9AE37A-3059-4FDB-9A5C-363AD86F2EEF}"
	ProjectSection(SolutionItems) = preProject
		..\.build\build.ps1 = ..\.build\build.ps1
		..\.build\docfx.json = ..\.build\docfx.json
		..\.build\setup.ps1 = ..\.build\setup.ps1
	EndProjectSection
EndProject
Project("{2150E333-8FDC-42A3-9474-1A3956D46DE8}") = "Tests", "Tests", "{BC1E0789-D348-49CF-8B67-5E99D50EDF64}"
EndProject
Project("{9A19103F-16F7-4668-BE54-9A1E7A4F7556}") = "Titanium.Web.Proxy", "Titanium.Web.Proxy\Titanium.Web.Proxy.csproj", "{91018B6D-A7A9-45BE-9CB3-79CBB8B169A6}"
EndProject
Project("{9A19103F-16F7-4668-BE54-9A1E7A4F7556}") = "Titanium.Web.Proxy.UnitTests", "..\tests\Titanium.Web.Proxy.UnitTests\Titanium.Web.Proxy.UnitTests.csproj", "{B517E3D0-D03B-436F-AB03-34BA0D5321AF}"
EndProject
Project("{9A19103F-16F7-4668-BE54-9A1E7A4F7556}") = "Titanium.Web.Proxy.Examples.Basic", "..\examples\Titanium.Web.Proxy.Examples.Basic\Titanium.Web.Proxy.Examples.Basic.csproj", "{1FAC4205-4445-4F2B-BB8F-618E8A0C15FD}"
EndProject
Project("{9A19103F-16F7-4668-BE54-9A1E7A4F7556}") = "Titanium.Web.Proxy.Examples.Wpf", "..\examples\Titanium.Web.Proxy.Examples.Wpf\Titanium.Web.Proxy.Examples.Wpf.csproj", "{4406CE17-9A39-4F28-8363-6169A4F799C1}"
EndProject
Project("{9A19103F-16F7-4668-BE54-9A1E7A4F7556}") = "Titanium.Web.Proxy.IntegrationTests", "..\tests\Titanium.Web.Proxy.IntegrationTests\Titanium.Web.Proxy.IntegrationTests.csproj", "{1D053D72-DCB4-4517-ACDD-D35ADC186950}"
EndProject
Project("{FAE04EC0-301F-11D3-BF4B-00C04F79EFBC}") = "Titanium.Web.Proxy.Examples.WindowsService", "..\examples\Titanium.Web.Proxy.Examples.WindowsService\Titanium.Web.Proxy.Examples.WindowsService.csproj", "{63635F50-7D6F-4A93-84C6-04CF9D2754C5}"
EndProject
Global
	GlobalSection(SolutionConfigurationPlatforms) = preSolution
		Debug|Any CPU = Debug|Any CPU
		Debug|x64 = Debug|x64
		Release|Any CPU = Release|Any CPU
		Release|x64 = Release|x64
	EndGlobalSection
	GlobalSection(ProjectConfigurationPlatforms) = postSolution
		{91018B6D-A7A9-45BE-9CB3-79CBB8B169A6}.Debug|Any CPU.ActiveCfg = Debug|Any CPU
		{91018B6D-A7A9-45BE-9CB3-79CBB8B169A6}.Debug|Any CPU.Build.0 = Debug|Any CPU
		{91018B6D-A7A9-45BE-9CB3-79CBB8B169A6}.Debug|x64.ActiveCfg = Debug|Any CPU
		{91018B6D-A7A9-45BE-9CB3-79CBB8B169A6}.Debug|x64.Build.0 = Debug|Any CPU
		{91018B6D-A7A9-45BE-9CB3-79CBB8B169A6}.Release|Any CPU.ActiveCfg = Release|Any CPU
		{91018B6D-A7A9-45BE-9CB3-79CBB8B169A6}.Release|Any CPU.Build.0 = Release|Any CPU
		{91018B6D-A7A9-45BE-9CB3-79CBB8B169A6}.Release|x64.ActiveCfg = Release|Any CPU
		{91018B6D-A7A9-45BE-9CB3-79CBB8B169A6}.Release|x64.Build.0 = Release|Any CPU
		{B517E3D0-D03B-436F-AB03-34BA0D5321AF}.Debug|Any CPU.ActiveCfg = Debug|Any CPU
		{B517E3D0-D03B-436F-AB03-34BA0D5321AF}.Debug|Any CPU.Build.0 = Debug|Any CPU
		{B517E3D0-D03B-436F-AB03-34BA0D5321AF}.Debug|x64.ActiveCfg = Debug|Any CPU
		{B517E3D0-D03B-436F-AB03-34BA0D5321AF}.Debug|x64.Build.0 = Debug|Any CPU
		{B517E3D0-D03B-436F-AB03-34BA0D5321AF}.Release|Any CPU.ActiveCfg = Release|Any CPU
		{B517E3D0-D03B-436F-AB03-34BA0D5321AF}.Release|Any CPU.Build.0 = Release|Any CPU
		{B517E3D0-D03B-436F-AB03-34BA0D5321AF}.Release|x64.ActiveCfg = Release|Any CPU
		{B517E3D0-D03B-436F-AB03-34BA0D5321AF}.Release|x64.Build.0 = Release|Any CPU
		{1FAC4205-4445-4F2B-BB8F-618E8A0C15FD}.Debug|Any CPU.ActiveCfg = Debug|Any CPU
		{1FAC4205-4445-4F2B-BB8F-618E8A0C15FD}.Debug|Any CPU.Build.0 = Debug|Any CPU
		{1FAC4205-4445-4F2B-BB8F-618E8A0C15FD}.Debug|x64.ActiveCfg = Debug|Any CPU
		{1FAC4205-4445-4F2B-BB8F-618E8A0C15FD}.Debug|x64.Build.0 = Debug|Any CPU
		{1FAC4205-4445-4F2B-BB8F-618E8A0C15FD}.Release|Any CPU.ActiveCfg = Release|Any CPU
		{1FAC4205-4445-4F2B-BB8F-618E8A0C15FD}.Release|Any CPU.Build.0 = Release|Any CPU
		{1FAC4205-4445-4F2B-BB8F-618E8A0C15FD}.Release|x64.ActiveCfg = Release|Any CPU
		{1FAC4205-4445-4F2B-BB8F-618E8A0C15FD}.Release|x64.Build.0 = Release|Any CPU
		{4406CE17-9A39-4F28-8363-6169A4F799C1}.Debug|Any CPU.ActiveCfg = Debug|Any CPU
		{4406CE17-9A39-4F28-8363-6169A4F799C1}.Debug|Any CPU.Build.0 = Debug|Any CPU
		{4406CE17-9A39-4F28-8363-6169A4F799C1}.Debug|x64.ActiveCfg = Debug|Any CPU
		{4406CE17-9A39-4F28-8363-6169A4F799C1}.Debug|x64.Build.0 = Debug|Any CPU
		{4406CE17-9A39-4F28-8363-6169A4F799C1}.Release|Any CPU.ActiveCfg = Release|Any CPU
		{4406CE17-9A39-4F28-8363-6169A4F799C1}.Release|Any CPU.Build.0 = Release|Any CPU
		{4406CE17-9A39-4F28-8363-6169A4F799C1}.Release|x64.ActiveCfg = Release|Any CPU
		{4406CE17-9A39-4F28-8363-6169A4F799C1}.Release|x64.Build.0 = Release|Any CPU
		{1D053D72-DCB4-4517-ACDD-D35ADC186950}.Debug|Any CPU.ActiveCfg = Debug|Any CPU
		{1D053D72-DCB4-4517-ACDD-D35ADC186950}.Debug|Any CPU.Build.0 = Debug|Any CPU
		{1D053D72-DCB4-4517-ACDD-D35ADC186950}.Debug|x64.ActiveCfg = Debug|Any CPU
		{1D053D72-DCB4-4517-ACDD-D35ADC186950}.Debug|x64.Build.0 = Debug|Any CPU
		{1D053D72-DCB4-4517-ACDD-D35ADC186950}.Release|Any CPU.ActiveCfg = Release|Any CPU
		{1D053D72-DCB4-4517-ACDD-D35ADC186950}.Release|Any CPU.Build.0 = Release|Any CPU
		{1D053D72-DCB4-4517-ACDD-D35ADC186950}.Release|x64.ActiveCfg = Release|Any CPU
		{1D053D72-DCB4-4517-ACDD-D35ADC186950}.Release|x64.Build.0 = Release|Any CPU
		{63635F50-7D6F-4A93-84C6-04CF9D2754C5}.Debug|Any CPU.ActiveCfg = Debug|Any CPU
		{63635F50-7D6F-4A93-84C6-04CF9D2754C5}.Debug|Any CPU.Build.0 = Debug|Any CPU
		{63635F50-7D6F-4A93-84C6-04CF9D2754C5}.Debug|x64.ActiveCfg = Debug|Any CPU
		{63635F50-7D6F-4A93-84C6-04CF9D2754C5}.Debug|x64.Build.0 = Debug|Any CPU
		{63635F50-7D6F-4A93-84C6-04CF9D2754C5}.Release|Any CPU.ActiveCfg = Release|Any CPU
		{63635F50-7D6F-4A93-84C6-04CF9D2754C5}.Release|Any CPU.Build.0 = Release|Any CPU
		{63635F50-7D6F-4A93-84C6-04CF9D2754C5}.Release|x64.ActiveCfg = Release|Any CPU
		{63635F50-7D6F-4A93-84C6-04CF9D2754C5}.Release|x64.Build.0 = Release|Any CPU
	EndGlobalSection
	GlobalSection(SolutionProperties) = preSolution
		HideSolutionNode = FALSE
	EndGlobalSection
	GlobalSection(NestedProjects) = preSolution
		{B517E3D0-D03B-436F-AB03-34BA0D5321AF} = {BC1E0789-D348-49CF-8B67-5E99D50EDF64}
		{1FAC4205-4445-4F2B-BB8F-618E8A0C15FD} = {B6DBABDC-C985-4872-9C38-B4E5079CBC4B}
		{4406CE17-9A39-4F28-8363-6169A4F799C1} = {B6DBABDC-C985-4872-9C38-B4E5079CBC4B}
		{1D053D72-DCB4-4517-ACDD-D35ADC186950} = {BC1E0789-D348-49CF-8B67-5E99D50EDF64}
		{63635F50-7D6F-4A93-84C6-04CF9D2754C5} = {B6DBABDC-C985-4872-9C38-B4E5079CBC4B}
	EndGlobalSection
	GlobalSection(ExtensibilityGlobals) = postSolution
		SolutionGuid = {625C1EB5-44CF-47DE-A85A-B4C8C40ED90A}
		EnterpriseLibraryConfigurationToolBinariesPath = .1.505.2\lib\NET35
	EndGlobalSection
EndGlobal
