
Microsoft Visual Studio Solution File, Format Version 12.00
# Visual Studio Version 16
VisualStudioVersion = 16.0.29102.190
MinimumVisualStudioVersion = 10.0.40219.1
Project("{9A19103F-16F7-4668-BE54-9A1E7A4F7556}") = "Titanium.Web.Proxy", "Titanium.Web.Proxy\Titanium.Web.Proxy.csproj", "{91018B6D-A7A9-45BE-9CB3-79CBB8B169A6}"
EndProject
Global
	GlobalSection(SolutionConfigurationPlatforms) = preSolution
		Debug|Any CPU = Debug|Any CPU
		Debug|x64 = Debug|x64
		Release|Any CPU = Release|Any CPU
		Release|x64 = Release|x64
	EndGlobalSection
	GlobalSection(ProjectConfigurationPlatforms) = postSolution
		{91018B6D-A7A9-45BE-9CB3-79CBB8B169A6}.Debug|Any CPU.ActiveCfg = Debug|Any CPU
		{91018B6D-A7A9-45BE-9CB3-79CBB8B169A6}.Debug|Any CPU.Build.0 = Debug|Any CPU
		{91018B6D-A7A9-45BE-9CB3-79CBB8B169A6}.Debug|x64.ActiveCfg = Debug|Any CPU
		{91018B6D-A7A9-45BE-9CB3-79CBB8B169A6}.Debug|x64.Build.0 = Debug|Any CPU
		{91018B6D-A7A9-45BE-9CB3-79CBB8B169A6}.Release|Any CPU.ActiveCfg = Release|Any CPU
		{91018B6D-A7A9-45BE-9CB3-79CBB8B169A6}.Release|Any CPU.Build.0 = Release|Any CPU
		{91018B6D-A7A9-45BE-9CB3-79CBB8B169A6}.Release|x64.ActiveCfg = Release|Any CPU
		{91018B6D-A7A9-45BE-9CB3-79CBB8B169A6}.Release|x64.Build.0 = Release|Any CPU
	EndGlobalSection
	GlobalSection(SolutionProperties) = preSolution
		HideSolutionNode = FALSE
	EndGlobalSection
	GlobalSection(ExtensibilityGlobals) = postSolution
		EnterpriseLibraryConfigurationToolBinariesPath = .1.505.2\lib\NET35
		SolutionGuid = {625C1EB5-44CF-47DE-A85A-B4C8C40ED90A}
	EndGlobalSection
EndGlobal
